
Microsoft Visual Studio Solution File, Format Version 12.00
# Visual Studio 15
VisualStudioVersion = 15.0.28307.168
MinimumVisualStudioVersion = 10.0.40219.1
Project("{8BC9CEB8-8B4A-11D0-8D11-00A0C91BC942}") = "tolua++Win", "tolua++Win\tolua++Win.vcxproj", "{EAEC475B-30BC-4E6A-8DE7-14A9BAE86D79}"
EndProject
Global
	GlobalSection(SolutionConfigurationPlatforms) = preSolution
		Debug|x64 = Debug|x64
		Debug|x86 = Debug|x86
		Release|x64 = Release|x64
		Release|x86 = Release|x86
	EndGlobalSection
	GlobalSection(ProjectConfigurationPlatforms) = postSolution
		{EAEC475B-30BC-4E6A-8DE7-14A9BAE86D79}.Debug|x64.ActiveCfg = Debug|x64
		{EAEC475B-30BC-4E6A-8DE7-14A9BAE86D79}.Debug|x64.Build.0 = Debug|x64
		{EAEC475B-30BC-4E6A-8DE7-14A9BAE86D79}.Debug|x86.ActiveCfg = Debug|Win32
		{EAEC475B-30BC-4E6A-8DE7-14A9BAE86D79}.Debug|x86.Build.0 = Debug|Win32
		{EAEC475B-30BC-4E6A-8DE7-14A9BAE86D79}.Release|x64.ActiveCfg = Release|x64
		{EAEC475B-30BC-4E6A-8DE7-14A9BAE86D79}.Release|x64.Build.0 = Release|x64
		{EAEC475B-30BC-4E6A-8DE7-14A9BAE86D79}.Release|x86.ActiveCfg = Release|Win32
		{EAEC475B-30BC-4E6A-8DE7-14A9BAE86D79}.Release|x86.Build.0 = Release|Win32
	EndGlobalSection
	GlobalSection(SolutionProperties) = preSolution
		HideSolutionNode = FALSE
	EndGlobalSection
	GlobalSection(ExtensibilityGlobals) = postSolution
		SolutionGuid = {09F8E043-F0C1-4796-A937-C7A79EFEE4E9}
	EndGlobalSection
EndGlobal
