<?xml version="1.0" encoding="utf-8"?>
<Project ToolsVersion="4.0" xmlns="http://schemas.microsoft.com/developer/msbuild/2003">
  <ItemGroup>
    <Filter Include="Basic">
      <UniqueIdentifier>{7e412dfc-d970-4102-8df1-ea9c1fcc4564}</UniqueIdentifier>
    </Filter>
    <Filter Include="Common">
      <UniqueIdentifier>{a66627dd-27c0-4d88-9074-aa9314579f62}</UniqueIdentifier>
    </Filter>
    <Filter Include="Const">
      <UniqueIdentifier>{bf255db1-a6de-41a1-9658-306936ac8c55}</UniqueIdentifier>
    </Filter>
    <Filter Include="Lua">
      <UniqueIdentifier>{5ea049b6-5bb0-4a28-a7e1-bcc3705b7ad0}</UniqueIdentifier>
    </Filter>
    <Filter Include="3rdParty">
      <UniqueIdentifier>{164271c1-5a03-4f56-ab29-4b899af981af}</UniqueIdentifier>
    </Filter>
    <Filter Include="3rdParty\silly">
      <UniqueIdentifier>{d3d5ca95-9734-4684-8f81-8cd17fbdb6dd}</UniqueIdentifier>
    </Filter>
    <Filter Include="3rdParty\FileSystem">
      <UniqueIdentifier>{d6cfce9a-f6d0-44ec-9576-0b9ff9c321d2}</UniqueIdentifier>
    </Filter>
    <Filter Include="3rdParty\Zip">
      <UniqueIdentifier>{c5c729d4-c12c-4299-bc2f-ad1309722d81}</UniqueIdentifier>
    </Filter>
    <Filter Include="3rdParty\Zip\Support">
      <UniqueIdentifier>{d1511dd1-faf5-49b1-b057-d66d058bb6e2}</UniqueIdentifier>
    </Filter>
    <Filter Include="3rdParty\Lua">
      <UniqueIdentifier>{b778508f-d7cd-45bd-9891-0fe5c526fa3a}</UniqueIdentifier>
    </Filter>
    <Filter Include="Event">
      <UniqueIdentifier>{7f70ed61-7367-4bcf-9c84-fe0283bce4be}</UniqueIdentifier>
    </Filter>
    <Filter Include="Lua\ToLua">
      <UniqueIdentifier>{ec6d2c9a-2629-49b5-ab13-61aeebe8eaa5}</UniqueIdentifier>
    </Filter>
    <Filter Include="Node">
      <UniqueIdentifier>{1c47b2cc-37f8-4db4-9351-ffef75ba037a}</UniqueIdentifier>
    </Filter>
    <Filter Include="Support">
      <UniqueIdentifier>{da89bd03-e4d8-4c9e-aa63-f0e5e41cb1f7}</UniqueIdentifier>
    </Filter>
    <Filter Include="Cache">
      <UniqueIdentifier>{e0778c45-31d9-491a-8d4c-1be11101a327}</UniqueIdentifier>
    </Filter>
    <Filter Include="3rdParty\lodepng">
      <UniqueIdentifier>{e02d705b-c0ec-468c-bae9-b4f62a446794}</UniqueIdentifier>
    </Filter>
    <Filter Include="Effect">
      <UniqueIdentifier>{d10b80ca-8eae-4068-8d2a-14ee1d2dbbd9}</UniqueIdentifier>
    </Filter>
    <Filter Include="Input">
      <UniqueIdentifier>{0d438360-861d-4264-b4b1-0f9051f65f34}</UniqueIdentifier>
    </Filter>
    <Filter Include="3rdParty\imgui">
      <UniqueIdentifier>{1bb3a45b-b849-4232-bf4f-37cbdcd84363}</UniqueIdentifier>
    </Filter>
    <Filter Include="GUI">
      <UniqueIdentifier>{daee0542-3318-43b6-97cf-7e4ec67f625e}</UniqueIdentifier>
    </Filter>
    <Filter Include="3rdParty\Other">
      <UniqueIdentifier>{35572a68-51e5-44af-bd7d-cf56c3a5c2cf}</UniqueIdentifier>
    </Filter>
    <Filter Include="3rdParty\font">
      <UniqueIdentifier>{ec689630-09a4-4fac-9508-7a5f2c8b6772}</UniqueIdentifier>
    </Filter>
    <Filter Include="3rdParty\fmt">
      <UniqueIdentifier>{f188fd82-326e-413e-9cd2-2efc7d44bd9e}</UniqueIdentifier>
    </Filter>
    <Filter Include="Animation">
      <UniqueIdentifier>{1dba13c2-e330-4933-a1af-6aebd198edda}</UniqueIdentifier>
    </Filter>
    <Filter Include="3rdParty\Box2D">
      <UniqueIdentifier>{f97dfc77-a757-4740-b402-2be8ff2bd1fb}</UniqueIdentifier>
    </Filter>
    <Filter Include="3rdParty\Box2D\Common">
      <UniqueIdentifier>{9d70b8fb-9265-417f-82f7-aacb5c9d4060}</UniqueIdentifier>
    </Filter>
    <Filter Include="3rdParty\Box2D\Collision">
      <UniqueIdentifier>{e4e713c1-e07d-4c27-975a-253f34babd6d}</UniqueIdentifier>
    </Filter>
    <Filter Include="3rdParty\Box2D\Rope">
      <UniqueIdentifier>{4eb0aba4-a92b-41d7-aa13-5afea1b1c067}</UniqueIdentifier>
    </Filter>
    <Filter Include="3rdParty\Box2D\Dynamics">
      <UniqueIdentifier>{0500a0bd-4970-48b4-9d92-0be4a78d3f6a}</UniqueIdentifier>
    </Filter>
    <Filter Include="3rdParty\Box2D\Dynamics\Contacts">
      <UniqueIdentifier>{0de2814d-15ba-4809-9120-c2b19a6e32e7}</UniqueIdentifier>
    </Filter>
    <Filter Include="3rdParty\Box2D\Dynamics\Joints">
      <UniqueIdentifier>{824788c8-a7a5-4994-b975-277d5a6c8f7d}</UniqueIdentifier>
    </Filter>
    <Filter Include="3rdParty\Box2D\Collision\Shapes">
      <UniqueIdentifier>{d37185b3-456c-4c98-8326-d722698a96bc}</UniqueIdentifier>
    </Filter>
    <Filter Include="Physics">
      <UniqueIdentifier>{a5a17125-74ff-474d-8c30-58f487461740}</UniqueIdentifier>
    </Filter>
    <Filter Include="3rdParty\lpeg">
      <UniqueIdentifier>{39517c25-9ae2-444e-a178-2174c1d955fa}</UniqueIdentifier>
    </Filter>
    <Filter Include="Audio">
      <UniqueIdentifier>{770ca085-abd0-4bd9-82c8-9b9d24a2a975}</UniqueIdentifier>
    </Filter>
    <Filter Include="3rdParty\tinyxml2">
      <UniqueIdentifier>{ef6899f5-5974-4507-a964-d9b6857bd509}</UniqueIdentifier>
    </Filter>
    <Filter Include="Entity">
      <UniqueIdentifier>{3339519c-7d32-4a52-a6be-f331261d6beb}</UniqueIdentifier>
    </Filter>
    <Filter Include="3rdParty\stb">
      <UniqueIdentifier>{3df686e8-d734-4651-bf64-d476c784c6b4}</UniqueIdentifier>
    </Filter>
    <Filter Include="Shader">
      <UniqueIdentifier>{f8799809-de75-4622-bdcb-2387ebc5ee83}</UniqueIdentifier>
    </Filter>
  </ItemGroup>
  <ItemGroup>
    <ClCompile Include="..\..\..\Source\3rdParty\Zip\Support\ioapi.cpp">
      <Filter>3rdParty\Zip\Support</Filter>
    </ClCompile>
    <ClCompile Include="..\..\..\Source\3rdParty\Zip\Support\unzip.cpp">
      <Filter>3rdParty\Zip\Support</Filter>
    </ClCompile>
    <ClCompile Include="..\..\..\Source\3rdParty\Zip\Support\zip.cpp">
      <Filter>3rdParty\Zip\Support</Filter>
    </ClCompile>
    <ClCompile Include="..\..\..\Source\3rdParty\Zip\Support\ZipUtils.cpp">
      <Filter>3rdParty\Zip\Support</Filter>
    </ClCompile>
    <ClCompile Include="..\..\..\Source\3rdParty\silly\Slice.cpp">
      <Filter>3rdParty\silly</Filter>
    </ClCompile>
    <ClCompile Include="..\..\..\Source\Basic\Application.cpp">
      <Filter>Basic</Filter>
    </ClCompile>
    <ClCompile Include="..\..\..\Source\Basic\AutoreleasePool.cpp">
      <Filter>Basic</Filter>
    </ClCompile>
    <ClCompile Include="..\..\..\Source\Basic\Content.cpp">
      <Filter>Basic</Filter>
    </ClCompile>
    <ClCompile Include="..\..\..\Source\Basic\Director.cpp">
      <Filter>Basic</Filter>
    </ClCompile>
    <ClCompile Include="..\..\..\Source\Basic\Object.cpp">
      <Filter>Basic</Filter>
    </ClCompile>
    <ClCompile Include="..\..\..\Source\Event\Event.cpp">
      <Filter>Event</Filter>
    </ClCompile>
    <ClCompile Include="..\..\..\Source\Event\EventQueue.cpp">
      <Filter>Event</Filter>
    </ClCompile>
    <ClCompile Include="..\..\..\Source\Event\EventType.cpp">
      <Filter>Event</Filter>
    </ClCompile>
    <ClCompile Include="..\..\..\Source\Event\Listener.cpp">
      <Filter>Event</Filter>
    </ClCompile>
    <ClCompile Include="..\..\..\Source\Lua\LuaBinding.cpp">
      <Filter>Lua</Filter>
    </ClCompile>
    <ClCompile Include="..\..\..\Source\Lua\LuaCode.cpp">
      <Filter>Lua</Filter>
    </ClCompile>
    <ClCompile Include="..\..\..\Source\Lua\LuaEngine.cpp">
      <Filter>Lua</Filter>
    </ClCompile>
    <ClCompile Include="..\..\..\Source\Lua\LuaManual.cpp">
      <Filter>Lua</Filter>
    </ClCompile>
    <ClCompile Include="..\..\..\Source\Basic\Scheduler.cpp">
      <Filter>Basic</Filter>
    </ClCompile>
    <ClCompile Include="..\..\..\Source\Common\Async.cpp">
      <Filter>Common</Filter>
    </ClCompile>
    <ClCompile Include="..\..\..\Source\Lua\ToLua\tolua_event.cpp">
      <Filter>Lua\ToLua</Filter>
    </ClCompile>
    <ClCompile Include="..\..\..\Source\Lua\ToLua\tolua_fix.cpp">
      <Filter>Lua\ToLua</Filter>
    </ClCompile>
    <ClCompile Include="..\..\..\Source\Lua\ToLua\tolua_is.cpp">
      <Filter>Lua\ToLua</Filter>
    </ClCompile>
    <ClCompile Include="..\..\..\Source\Lua\ToLua\tolua_map.cpp">
      <Filter>Lua\ToLua</Filter>
    </ClCompile>
    <ClCompile Include="..\..\..\Source\Lua\ToLua\tolua_push.cpp">
      <Filter>Lua\ToLua</Filter>
    </ClCompile>
    <ClCompile Include="..\..\..\Source\Lua\ToLua\tolua_to.cpp">
      <Filter>Lua\ToLua</Filter>
    </ClCompile>
    <ClCompile Include="..\..\..\Source\Node\Node.cpp">
      <Filter>Node</Filter>
    </ClCompile>
    <ClCompile Include="..\..\..\Source\Lua\LuaHandler.cpp">
      <Filter>Lua</Filter>
    </ClCompile>
    <ClCompile Include="..\..\..\Source\Support\Array.cpp">
      <Filter>Support</Filter>
    </ClCompile>
    <ClCompile Include="..\..\..\Source\Support\Geometry.cpp">
      <Filter>Support</Filter>
    </ClCompile>
    <ClCompile Include="..\..\..\Source\Common\Utils.cpp">
      <Filter>Common</Filter>
    </ClCompile>
    <ClCompile Include="..\..\..\Source\Node\Sprite.cpp">
      <Filter>Node</Filter>
    </ClCompile>
    <ClCompile Include="..\..\..\Source\Basic\View.cpp">
      <Filter>Basic</Filter>
    </ClCompile>
    <ClCompile Include="..\..\..\Source\Cache\TextureCache.cpp">
      <Filter>Cache</Filter>
    </ClCompile>
    <ClCompile Include="..\..\..\Source\3rdParty\lodepng\lodepng.cpp">
      <Filter>3rdParty\lodepng</Filter>
    </ClCompile>
    <ClCompile Include="..\..\..\Source\Basic\Camera.cpp">
      <Filter>Basic</Filter>
    </ClCompile>
    <ClCompile Include="..\..\..\Source\Cache\ShaderCache.cpp">
      <Filter>Cache</Filter>
    </ClCompile>
    <ClCompile Include="..\..\..\Source\Support\Common.cpp">
      <Filter>Support</Filter>
    </ClCompile>
    <ClCompile Include="..\..\..\Source\Effect\Effect.cpp">
      <Filter>Effect</Filter>
    </ClCompile>
    <ClCompile Include="..\..\..\Source\Input\TouchDispather.cpp">
      <Filter>Input</Filter>
    </ClCompile>
    <ClCompile Include="..\..\..\Source\3rdParty\imgui\imgui.cpp">
      <Filter>3rdParty\imgui</Filter>
    </ClCompile>
    <ClCompile Include="..\..\..\Source\3rdParty\imgui\imgui_demo.cpp">
      <Filter>3rdParty\imgui</Filter>
    </ClCompile>
    <ClCompile Include="..\..\..\Source\3rdParty\imgui\imgui_draw.cpp">
      <Filter>3rdParty\imgui</Filter>
    </ClCompile>
    <ClCompile Include="..\..\..\Source\3rdParty\Other\utf8.cpp">
      <Filter>3rdParty\Other</Filter>
    </ClCompile>
    <ClCompile Include="..\..\..\Source\3rdParty\font\font_manager.cpp">
      <Filter>3rdParty\font</Filter>
    </ClCompile>
    <ClCompile Include="..\..\..\Source\3rdParty\Other\atlas.cpp">
      <Filter>3rdParty\Other</Filter>
    </ClCompile>
    <ClCompile Include="..\..\..\Source\Node\Label.cpp">
      <Filter>Node</Filter>
    </ClCompile>
    <ClCompile Include="..\..\..\Source\Common\Singleton.cpp">
      <Filter>Common</Filter>
    </ClCompile>
    <ClCompile Include="..\..\..\Source\Common\Debug.cpp">
      <Filter>Common</Filter>
    </ClCompile>
    <ClCompile Include="..\..\..\Source\Const\Header.cpp">
      <Filter>Const</Filter>
    </ClCompile>
    <ClCompile Include="..\..\..\Source\Node\Particle.cpp">
      <Filter>Node</Filter>
    </ClCompile>
    <ClCompile Include="..\..\..\Source\Basic\Renderer.cpp">
      <Filter>Basic</Filter>
    </ClCompile>
    <ClCompile Include="..\..\..\Source\Node\RenderTarget.cpp">
      <Filter>Node</Filter>
    </ClCompile>
    <ClCompile Include="..\..\..\Source\Node\ClipNode.cpp">
      <Filter>Node</Filter>
    </ClCompile>
    <ClCompile Include="..\..\..\Source\Node\DrawNode.cpp">
      <Filter>Node</Filter>
    </ClCompile>
    <ClCompile Include="..\..\..\Source\Support\Value.cpp">
      <Filter>Support</Filter>
    </ClCompile>
    <ClCompile Include="..\..\..\Source\Animation\Action.cpp">
      <Filter>Animation</Filter>
    </ClCompile>
    <ClCompile Include="..\..\..\Source\Animation\Animation.cpp">
      <Filter>Animation</Filter>
    </ClCompile>
    <ClCompile Include="..\..\..\Source\Animation\ModelDef.cpp">
      <Filter>Animation</Filter>
    </ClCompile>
    <ClCompile Include="..\..\..\Source\Cache\ClipCache.cpp">
      <Filter>Cache</Filter>
    </ClCompile>
    <ClCompile Include="..\..\..\Source\Cache\FrameCache.cpp">
      <Filter>Cache</Filter>
    </ClCompile>
    <ClCompile Include="..\..\..\Source\Cache\ModelCache.cpp">
      <Filter>Cache</Filter>
    </ClCompile>
    <ClCompile Include="..\..\..\Source\3rdParty\Box2D\Dynamics\b2Body.cpp">
      <Filter>3rdParty\Box2D\Dynamics</Filter>
    </ClCompile>
    <ClCompile Include="..\..\..\Source\3rdParty\Box2D\Dynamics\b2ContactManager.cpp">
      <Filter>3rdParty\Box2D\Dynamics</Filter>
    </ClCompile>
    <ClCompile Include="..\..\..\Source\3rdParty\Box2D\Dynamics\b2Fixture.cpp">
      <Filter>3rdParty\Box2D\Dynamics</Filter>
    </ClCompile>
    <ClCompile Include="..\..\..\Source\3rdParty\Box2D\Dynamics\b2Island.cpp">
      <Filter>3rdParty\Box2D\Dynamics</Filter>
    </ClCompile>
    <ClCompile Include="..\..\..\Source\3rdParty\Box2D\Dynamics\b2World.cpp">
      <Filter>3rdParty\Box2D\Dynamics</Filter>
    </ClCompile>
    <ClCompile Include="..\..\..\Source\3rdParty\Box2D\Dynamics\b2WorldCallbacks.cpp">
      <Filter>3rdParty\Box2D\Dynamics</Filter>
    </ClCompile>
    <ClCompile Include="..\..\..\Source\3rdParty\Box2D\Dynamics\Contacts\b2ChainAndCircleContact.cpp">
      <Filter>3rdParty\Box2D\Dynamics\Contacts</Filter>
    </ClCompile>
    <ClCompile Include="..\..\..\Source\3rdParty\Box2D\Dynamics\Contacts\b2ChainAndPolygonContact.cpp">
      <Filter>3rdParty\Box2D\Dynamics\Contacts</Filter>
    </ClCompile>
    <ClCompile Include="..\..\..\Source\3rdParty\Box2D\Dynamics\Contacts\b2CircleContact.cpp">
      <Filter>3rdParty\Box2D\Dynamics\Contacts</Filter>
    </ClCompile>
    <ClCompile Include="..\..\..\Source\3rdParty\Box2D\Dynamics\Contacts\b2Contact.cpp">
      <Filter>3rdParty\Box2D\Dynamics\Contacts</Filter>
    </ClCompile>
    <ClCompile Include="..\..\..\Source\3rdParty\Box2D\Dynamics\Contacts\b2ContactSolver.cpp">
      <Filter>3rdParty\Box2D\Dynamics\Contacts</Filter>
    </ClCompile>
    <ClCompile Include="..\..\..\Source\3rdParty\Box2D\Dynamics\Contacts\b2EdgeAndCircleContact.cpp">
      <Filter>3rdParty\Box2D\Dynamics\Contacts</Filter>
    </ClCompile>
    <ClCompile Include="..\..\..\Source\3rdParty\Box2D\Dynamics\Contacts\b2EdgeAndPolygonContact.cpp">
      <Filter>3rdParty\Box2D\Dynamics\Contacts</Filter>
    </ClCompile>
    <ClCompile Include="..\..\..\Source\3rdParty\Box2D\Dynamics\Contacts\b2PolygonAndCircleContact.cpp">
      <Filter>3rdParty\Box2D\Dynamics\Contacts</Filter>
    </ClCompile>
    <ClCompile Include="..\..\..\Source\3rdParty\Box2D\Dynamics\Contacts\b2PolygonContact.cpp">
      <Filter>3rdParty\Box2D\Dynamics\Contacts</Filter>
    </ClCompile>
    <ClCompile Include="..\..\..\Source\3rdParty\Box2D\Dynamics\Joints\b2DistanceJoint.cpp">
      <Filter>3rdParty\Box2D\Dynamics\Joints</Filter>
    </ClCompile>
    <ClCompile Include="..\..\..\Source\3rdParty\Box2D\Dynamics\Joints\b2FrictionJoint.cpp">
      <Filter>3rdParty\Box2D\Dynamics\Joints</Filter>
    </ClCompile>
    <ClCompile Include="..\..\..\Source\3rdParty\Box2D\Dynamics\Joints\b2GearJoint.cpp">
      <Filter>3rdParty\Box2D\Dynamics\Joints</Filter>
    </ClCompile>
    <ClCompile Include="..\..\..\Source\3rdParty\Box2D\Dynamics\Joints\b2Joint.cpp">
      <Filter>3rdParty\Box2D\Dynamics\Joints</Filter>
    </ClCompile>
    <ClCompile Include="..\..\..\Source\3rdParty\Box2D\Dynamics\Joints\b2MotorJoint.cpp">
      <Filter>3rdParty\Box2D\Dynamics\Joints</Filter>
    </ClCompile>
    <ClCompile Include="..\..\..\Source\3rdParty\Box2D\Dynamics\Joints\b2MouseJoint.cpp">
      <Filter>3rdParty\Box2D\Dynamics\Joints</Filter>
    </ClCompile>
    <ClCompile Include="..\..\..\Source\3rdParty\Box2D\Dynamics\Joints\b2PrismaticJoint.cpp">
      <Filter>3rdParty\Box2D\Dynamics\Joints</Filter>
    </ClCompile>
    <ClCompile Include="..\..\..\Source\3rdParty\Box2D\Dynamics\Joints\b2PulleyJoint.cpp">
      <Filter>3rdParty\Box2D\Dynamics\Joints</Filter>
    </ClCompile>
    <ClCompile Include="..\..\..\Source\3rdParty\Box2D\Dynamics\Joints\b2RevoluteJoint.cpp">
      <Filter>3rdParty\Box2D\Dynamics\Joints</Filter>
    </ClCompile>
    <ClCompile Include="..\..\..\Source\3rdParty\Box2D\Dynamics\Joints\b2RopeJoint.cpp">
      <Filter>3rdParty\Box2D\Dynamics\Joints</Filter>
    </ClCompile>
    <ClCompile Include="..\..\..\Source\3rdParty\Box2D\Dynamics\Joints\b2WeldJoint.cpp">
      <Filter>3rdParty\Box2D\Dynamics\Joints</Filter>
    </ClCompile>
    <ClCompile Include="..\..\..\Source\3rdParty\Box2D\Dynamics\Joints\b2WheelJoint.cpp">
      <Filter>3rdParty\Box2D\Dynamics\Joints</Filter>
    </ClCompile>
    <ClCompile Include="..\..\..\Source\3rdParty\Box2D\Collision\b2BroadPhase.cpp">
      <Filter>3rdParty\Box2D\Collision</Filter>
    </ClCompile>
    <ClCompile Include="..\..\..\Source\3rdParty\Box2D\Collision\b2CollideCircle.cpp">
      <Filter>3rdParty\Box2D\Collision</Filter>
    </ClCompile>
    <ClCompile Include="..\..\..\Source\3rdParty\Box2D\Collision\b2CollideEdge.cpp">
      <Filter>3rdParty\Box2D\Collision</Filter>
    </ClCompile>
    <ClCompile Include="..\..\..\Source\3rdParty\Box2D\Collision\b2CollidePolygon.cpp">
      <Filter>3rdParty\Box2D\Collision</Filter>
    </ClCompile>
    <ClCompile Include="..\..\..\Source\3rdParty\Box2D\Collision\b2Collision.cpp">
      <Filter>3rdParty\Box2D\Collision</Filter>
    </ClCompile>
    <ClCompile Include="..\..\..\Source\3rdParty\Box2D\Collision\b2Distance.cpp">
      <Filter>3rdParty\Box2D\Collision</Filter>
    </ClCompile>
    <ClCompile Include="..\..\..\Source\3rdParty\Box2D\Collision\b2DynamicTree.cpp">
      <Filter>3rdParty\Box2D\Collision</Filter>
    </ClCompile>
    <ClCompile Include="..\..\..\Source\3rdParty\Box2D\Collision\b2TimeOfImpact.cpp">
      <Filter>3rdParty\Box2D\Collision</Filter>
    </ClCompile>
    <ClCompile Include="..\..\..\Source\3rdParty\Box2D\Collision\Shapes\b2ChainShape.cpp">
      <Filter>3rdParty\Box2D\Collision\Shapes</Filter>
    </ClCompile>
    <ClCompile Include="..\..\..\Source\3rdParty\Box2D\Collision\Shapes\b2CircleShape.cpp">
      <Filter>3rdParty\Box2D\Collision\Shapes</Filter>
    </ClCompile>
    <ClCompile Include="..\..\..\Source\3rdParty\Box2D\Collision\Shapes\b2EdgeShape.cpp">
      <Filter>3rdParty\Box2D\Collision\Shapes</Filter>
    </ClCompile>
    <ClCompile Include="..\..\..\Source\3rdParty\Box2D\Collision\Shapes\b2PolygonShape.cpp">
      <Filter>3rdParty\Box2D\Collision\Shapes</Filter>
    </ClCompile>
    <ClCompile Include="..\..\..\Source\3rdParty\Box2D\Common\b2BlockAllocator.cpp">
      <Filter>3rdParty\Box2D\Common</Filter>
    </ClCompile>
    <ClCompile Include="..\..\..\Source\3rdParty\Box2D\Common\b2Draw.cpp">
      <Filter>3rdParty\Box2D\Common</Filter>
    </ClCompile>
    <ClCompile Include="..\..\..\Source\3rdParty\Box2D\Common\b2Math.cpp">
      <Filter>3rdParty\Box2D\Common</Filter>
    </ClCompile>
    <ClCompile Include="..\..\..\Source\3rdParty\Box2D\Common\b2Settings.cpp">
      <Filter>3rdParty\Box2D\Common</Filter>
    </ClCompile>
    <ClCompile Include="..\..\..\Source\3rdParty\Box2D\Common\b2StackAllocator.cpp">
      <Filter>3rdParty\Box2D\Common</Filter>
    </ClCompile>
    <ClCompile Include="..\..\..\Source\3rdParty\Box2D\Common\b2Timer.cpp">
      <Filter>3rdParty\Box2D\Common</Filter>
    </ClCompile>
    <ClCompile Include="..\..\..\Source\3rdParty\Box2D\Rope\b2Rope.cpp">
      <Filter>3rdParty\Box2D\Rope</Filter>
    </ClCompile>
    <ClCompile Include="..\..\..\Source\Physics\Body.cpp">
      <Filter>Physics</Filter>
    </ClCompile>
    <ClCompile Include="..\..\..\Source\Physics\BodyDef.cpp">
      <Filter>Physics</Filter>
    </ClCompile>
    <ClCompile Include="..\..\..\Source\Physics\DebugDraw.cpp">
      <Filter>Physics</Filter>
    </ClCompile>
    <ClCompile Include="..\..\..\Source\Physics\Joint.cpp">
      <Filter>Physics</Filter>
    </ClCompile>
    <ClCompile Include="..\..\..\Source\Physics\JointDef.cpp">
      <Filter>Physics</Filter>
    </ClCompile>
    <ClCompile Include="..\..\..\Source\Physics\Sensor.cpp">
      <Filter>Physics</Filter>
    </ClCompile>
    <ClCompile Include="..\..\..\Source\Physics\World.cpp">
      <Filter>Physics</Filter>
    </ClCompile>
    <ClCompile Include="..\..\..\Source\Support\Dictionary.cpp">
      <Filter>Support</Filter>
    </ClCompile>
    <ClCompile Include="..\..\..\Source\3rdParty\lpeg\lpcap.cpp">
      <Filter>3rdParty\lpeg</Filter>
    </ClCompile>
    <ClCompile Include="..\..\..\Source\3rdParty\lpeg\lpcode.cpp">
      <Filter>3rdParty\lpeg</Filter>
    </ClCompile>
    <ClCompile Include="..\..\..\Source\3rdParty\lpeg\lpprint.cpp">
      <Filter>3rdParty\lpeg</Filter>
    </ClCompile>
    <ClCompile Include="..\..\..\Source\3rdParty\lpeg\lptree.cpp">
      <Filter>3rdParty\lpeg</Filter>
    </ClCompile>
    <ClCompile Include="..\..\..\Source\3rdParty\lpeg\lpvm.cpp">
      <Filter>3rdParty\lpeg</Filter>
    </ClCompile>
    <ClCompile Include="..\..\..\Source\Cache\ParticleCache.cpp">
      <Filter>Cache</Filter>
    </ClCompile>
    <ClCompile Include="..\..\..\Source\Audio\Sound.cpp">
      <Filter>Audio</Filter>
    </ClCompile>
    <ClCompile Include="..\..\..\Source\Cache\SoundCache.cpp">
      <Filter>Cache</Filter>
    </ClCompile>
    <ClCompile Include="..\..\..\Source\Node\Model.cpp">
      <Filter>Node</Filter>
    </ClCompile>
    <ClCompile Include="..\..\..\Source\Lua\LuaFromXml.cpp">
      <Filter>Lua</Filter>
    </ClCompile>
    <ClCompile Include="..\..\..\Source\3rdParty\tinyxml2\SAXParser.cpp">
      <Filter>3rdParty\tinyxml2</Filter>
    </ClCompile>
    <ClCompile Include="..\..\..\Source\3rdParty\tinyxml2\tinyxml2.cpp">
      <Filter>3rdParty\tinyxml2</Filter>
    </ClCompile>
    <ClCompile Include="..\..\..\Source\Node\Menu.cpp">
      <Filter>Node</Filter>
    </ClCompile>
    <ClCompile Include="..\..\..\Source\Input\Keyboard.cpp">
      <Filter>Input</Filter>
    </ClCompile>
    <ClCompile Include="..\..\..\Source\GUI\ImGuiDora.cpp">
      <Filter>GUI</Filter>
    </ClCompile>
    <ClCompile Include="..\..\..\Source\Entity\Entity.cpp">
      <Filter>Entity</Filter>
    </ClCompile>
    <ClCompile Include="..\..\..\Source\3rdParty\fmt\format.cpp">
      <Filter>3rdParty\fmt</Filter>
    </ClCompile>
    <ClCompile Include="..\..\..\Source\3rdParty\fmt\posix.cpp">
      <Filter>3rdParty\fmt</Filter>
    </ClCompile>
    <ClCompile Include="..\..\..\Source\3rdParty\stb\stb.cpp">
      <Filter>3rdParty\stb</Filter>
    </ClCompile>
    <ClCompile Include="..\..\..\Source\Shader\Builtin.cpp">
      <Filter>Shader</Filter>
    </ClCompile>
  </ItemGroup>
  <ItemGroup>
    <ClInclude Include="..\..\..\Source\3rdParty\FileSystem\mkdir.h">
      <Filter>3rdParty\FileSystem</Filter>
    </ClInclude>
    <ClInclude Include="..\..\..\Source\3rdParty\FileSystem\tinydir.h">
      <Filter>3rdParty\FileSystem</Filter>
    </ClInclude>
    <ClInclude Include="..\..\..\Source\3rdParty\Zip\Support\crypt.h">
      <Filter>3rdParty\Zip\Support</Filter>
    </ClInclude>
    <ClInclude Include="..\..\..\Source\3rdParty\Zip\Support\ioapi.h">
      <Filter>3rdParty\Zip\Support</Filter>
    </ClInclude>
    <ClInclude Include="..\..\..\Source\3rdParty\Zip\Support\unzip.h">
      <Filter>3rdParty\Zip\Support</Filter>
    </ClInclude>
    <ClInclude Include="..\..\..\Source\3rdParty\Zip\Support\zip.h">
      <Filter>3rdParty\Zip\Support</Filter>
    </ClInclude>
    <ClInclude Include="..\..\..\Source\3rdParty\Zip\Support\ZipUtils.h">
      <Filter>3rdParty\Zip\Support</Filter>
    </ClInclude>
    <ClInclude Include="..\..\..\Source\3rdParty\silly\Slice.h">
      <Filter>3rdParty\silly</Filter>
    </ClInclude>
    <ClInclude Include="..\..\..\Source\3rdParty\Lua\Header\lauxlib.h">
      <Filter>3rdParty\Lua</Filter>
    </ClInclude>
    <ClInclude Include="..\..\..\Source\3rdParty\Lua\Header\lua.h">
      <Filter>3rdParty\Lua</Filter>
    </ClInclude>
    <ClInclude Include="..\..\..\Source\3rdParty\Lua\Header\lua.hpp">
      <Filter>3rdParty\Lua</Filter>
    </ClInclude>
    <ClInclude Include="..\..\..\Source\3rdParty\Lua\Header\luaconf.h">
      <Filter>3rdParty\Lua</Filter>
    </ClInclude>
    <ClInclude Include="..\..\..\Source\3rdParty\Lua\Header\lualib.h">
      <Filter>3rdParty\Lua</Filter>
    </ClInclude>
    <ClInclude Include="..\..\..\Source\Basic\Application.h">
      <Filter>Basic</Filter>
    </ClInclude>
    <ClInclude Include="..\..\..\Source\Basic\AutoreleasePool.h">
      <Filter>Basic</Filter>
    </ClInclude>
    <ClInclude Include="..\..\..\Source\Basic\Content.h">
      <Filter>Basic</Filter>
    </ClInclude>
    <ClInclude Include="..\..\..\Source\Basic\Director.h">
      <Filter>Basic</Filter>
    </ClInclude>
    <ClInclude Include="..\..\..\Source\Basic\Object.h">
      <Filter>Basic</Filter>
    </ClInclude>
    <ClInclude Include="..\..\..\Source\Common\Debug.h">
      <Filter>Common</Filter>
    </ClInclude>
    <ClInclude Include="..\..\..\Source\Common\MemoryPool.h">
      <Filter>Common</Filter>
    </ClInclude>
    <ClInclude Include="..\..\..\Source\Common\Own.h">
      <Filter>Common</Filter>
    </ClInclude>
    <ClInclude Include="..\..\..\Source\Common\Ref.h">
      <Filter>Common</Filter>
    </ClInclude>
    <ClInclude Include="..\..\..\Source\Common\WRef.h">
      <Filter>Common</Filter>
    </ClInclude>
    <ClInclude Include="..\..\..\Source\Const\Header.h">
      <Filter>Const</Filter>
    </ClInclude>
    <ClInclude Include="..\..\..\Source\Event\Event.h">
      <Filter>Event</Filter>
    </ClInclude>
    <ClInclude Include="..\..\..\Source\Event\EventQueue.h">
      <Filter>Event</Filter>
    </ClInclude>
    <ClInclude Include="..\..\..\Source\Event\EventType.h">
      <Filter>Event</Filter>
    </ClInclude>
    <ClInclude Include="..\..\..\Source\Event\Listener.h">
      <Filter>Event</Filter>
    </ClInclude>
    <ClInclude Include="..\..\..\Source\Lua\LuaBinding.h">
      <Filter>Lua</Filter>
    </ClInclude>
    <ClInclude Include="..\..\..\Source\Lua\LuaEngine.h">
      <Filter>Lua</Filter>
    </ClInclude>
    <ClInclude Include="..\..\..\Source\Lua\LuaManual.h">
      <Filter>Lua</Filter>
    </ClInclude>
    <ClInclude Include="..\..\..\Source\Basic\Scheduler.h">
      <Filter>Basic</Filter>
    </ClInclude>
    <ClInclude Include="..\..\..\Source\Common\Async.h">
      <Filter>Common</Filter>
    </ClInclude>
    <ClInclude Include="..\..\..\Source\Common\Utils.h">
      <Filter>Common</Filter>
    </ClInclude>
    <ClInclude Include="..\..\..\Source\Lua\ToLua\tolua_event.h">
      <Filter>Lua\ToLua</Filter>
    </ClInclude>
    <ClInclude Include="..\..\..\Source\Lua\ToLua\tolua++.h">
      <Filter>Lua\ToLua</Filter>
    </ClInclude>
    <ClInclude Include="..\..\..\Source\Node\Node.h">
      <Filter>Node</Filter>
    </ClInclude>
    <ClInclude Include="..\..\..\Source\Lua\LuaHandler.h">
      <Filter>Lua</Filter>
    </ClInclude>
    <ClInclude Include="..\..\..\Source\Support\Array.h">
      <Filter>Support</Filter>
    </ClInclude>
    <ClInclude Include="..\..\..\Source\Support\Geometry.h">
      <Filter>Support</Filter>
    </ClInclude>
    <ClInclude Include="..\..\..\Source\Node\Sprite.h">
      <Filter>Node</Filter>
    </ClInclude>
    <ClInclude Include="..\..\..\Source\Basic\View.h">
      <Filter>Basic</Filter>
    </ClInclude>
    <ClInclude Include="..\..\..\Source\Cache\TextureCache.h">
      <Filter>Cache</Filter>
    </ClInclude>
    <ClInclude Include="..\..\..\Source\3rdParty\lodepng\lodepng.h">
      <Filter>3rdParty\lodepng</Filter>
    </ClInclude>
    <ClInclude Include="..\..\..\Source\Basic\Camera.h">
      <Filter>Basic</Filter>
    </ClInclude>
    <ClInclude Include="..\..\..\Source\Cache\ShaderCache.h">
      <Filter>Cache</Filter>
    </ClInclude>
    <ClInclude Include="..\..\..\Source\Support\Common.h">
      <Filter>Support</Filter>
    </ClInclude>
    <ClInclude Include="..\..\..\Source\Effect\Effect.h">
      <Filter>Effect</Filter>
    </ClInclude>
    <ClInclude Include="..\..\..\Source\Input\TouchDispather.h">
      <Filter>Input</Filter>
    </ClInclude>
    <ClInclude Include="..\..\..\Source\3rdParty\imgui\imconfig.h">
      <Filter>3rdParty\imgui</Filter>
    </ClInclude>
    <ClInclude Include="..\..\..\Source\3rdParty\imgui\imgui.h">
      <Filter>3rdParty\imgui</Filter>
    </ClInclude>
    <ClInclude Include="..\..\..\Source\3rdParty\imgui\imgui_internal.h">
      <Filter>3rdParty\imgui</Filter>
    </ClInclude>
    <ClInclude Include="..\..\..\Source\3rdParty\imgui\stb_rect_pack.h">
      <Filter>3rdParty\imgui</Filter>
    </ClInclude>
    <ClInclude Include="..\..\..\Source\3rdParty\imgui\stb_textedit.h">
      <Filter>3rdParty\imgui</Filter>
    </ClInclude>
    <ClInclude Include="..\..\..\Source\3rdParty\imgui\stb_truetype.h">
      <Filter>3rdParty\imgui</Filter>
    </ClInclude>
    <ClInclude Include="..\..\..\Source\3rdParty\Other\AcfDelegate.h">
      <Filter>3rdParty\Other</Filter>
    </ClInclude>
    <ClInclude Include="..\..\..\Source\3rdParty\Other\utf8.h">
      <Filter>3rdParty\Other</Filter>
    </ClInclude>
    <ClInclude Include="..\..\..\Source\3rdParty\font\font_manager.h">
      <Filter>3rdParty\font</Filter>
    </ClInclude>
    <ClInclude Include="..\..\..\Source\3rdParty\Other\atlas.h">
      <Filter>3rdParty\Other</Filter>
    </ClInclude>
    <ClInclude Include="..\..\..\Source\Node\Label.h">
      <Filter>Node</Filter>
    </ClInclude>
    <ClInclude Include="..\..\..\Source\Common\Singleton.h">
      <Filter>Common</Filter>
    </ClInclude>
    <ClInclude Include="..\..\..\Source\Dorothy.h" />
    <ClInclude Include="..\..\..\Source\Node\Particle.h">
      <Filter>Node</Filter>
    </ClInclude>
    <ClInclude Include="..\..\..\Source\Basic\Renderer.h">
      <Filter>Basic</Filter>
    </ClInclude>
    <ClInclude Include="..\..\..\Source\Node\RenderTarget.h">
      <Filter>Node</Filter>
    </ClInclude>
    <ClInclude Include="..\..\..\Source\Node\ClipNode.h">
      <Filter>Node</Filter>
    </ClInclude>
    <ClInclude Include="..\..\..\Source\Node\DrawNode.h">
      <Filter>Node</Filter>
    </ClInclude>
    <ClInclude Include="..\..\..\Source\Support\Value.h">
      <Filter>Support</Filter>
    </ClInclude>
    <ClInclude Include="..\..\..\Source\Animation\Action.h">
      <Filter>Animation</Filter>
    </ClInclude>
    <ClInclude Include="..\..\..\Source\Animation\Animation.h">
      <Filter>Animation</Filter>
    </ClInclude>
    <ClInclude Include="..\..\..\Source\Animation\ModelDef.h">
      <Filter>Animation</Filter>
    </ClInclude>
    <ClInclude Include="..\..\..\Source\Cache\ClipCache.h">
      <Filter>Cache</Filter>
    </ClInclude>
    <ClInclude Include="..\..\..\Source\Cache\FrameCache.h">
      <Filter>Cache</Filter>
    </ClInclude>
    <ClInclude Include="..\..\..\Source\Cache\ModelCache.h">
      <Filter>Cache</Filter>
    </ClInclude>
    <ClInclude Include="..\..\..\Source\Cache\XmlItemCache.h">
      <Filter>Cache</Filter>
    </ClInclude>
    <ClInclude Include="..\..\..\Source\3rdParty\Other\rapidxml_sax3.hpp">
      <Filter>3rdParty\Other</Filter>
    </ClInclude>
    <ClInclude Include="..\..\..\Source\3rdParty\Box2D\Dynamics\b2Body.h">
      <Filter>3rdParty\Box2D\Dynamics</Filter>
    </ClInclude>
    <ClInclude Include="..\..\..\Source\3rdParty\Box2D\Dynamics\b2ContactManager.h">
      <Filter>3rdParty\Box2D\Dynamics</Filter>
    </ClInclude>
    <ClInclude Include="..\..\..\Source\3rdParty\Box2D\Dynamics\b2Fixture.h">
      <Filter>3rdParty\Box2D\Dynamics</Filter>
    </ClInclude>
    <ClInclude Include="..\..\..\Source\3rdParty\Box2D\Dynamics\b2Island.h">
      <Filter>3rdParty\Box2D\Dynamics</Filter>
    </ClInclude>
    <ClInclude Include="..\..\..\Source\3rdParty\Box2D\Dynamics\b2TimeStep.h">
      <Filter>3rdParty\Box2D\Dynamics</Filter>
    </ClInclude>
    <ClInclude Include="..\..\..\Source\3rdParty\Box2D\Dynamics\b2World.h">
      <Filter>3rdParty\Box2D\Dynamics</Filter>
    </ClInclude>
    <ClInclude Include="..\..\..\Source\3rdParty\Box2D\Dynamics\b2WorldCallbacks.h">
      <Filter>3rdParty\Box2D\Dynamics</Filter>
    </ClInclude>
    <ClInclude Include="..\..\..\Source\3rdParty\Box2D\Dynamics\Contacts\b2ChainAndCircleContact.h">
      <Filter>3rdParty\Box2D\Dynamics\Contacts</Filter>
    </ClInclude>
    <ClInclude Include="..\..\..\Source\3rdParty\Box2D\Dynamics\Contacts\b2ChainAndPolygonContact.h">
      <Filter>3rdParty\Box2D\Dynamics\Contacts</Filter>
    </ClInclude>
    <ClInclude Include="..\..\..\Source\3rdParty\Box2D\Dynamics\Contacts\b2CircleContact.h">
      <Filter>3rdParty\Box2D\Dynamics\Contacts</Filter>
    </ClInclude>
    <ClInclude Include="..\..\..\Source\3rdParty\Box2D\Dynamics\Contacts\b2Contact.h">
      <Filter>3rdParty\Box2D\Dynamics\Contacts</Filter>
    </ClInclude>
    <ClInclude Include="..\..\..\Source\3rdParty\Box2D\Dynamics\Contacts\b2ContactSolver.h">
      <Filter>3rdParty\Box2D\Dynamics\Contacts</Filter>
    </ClInclude>
    <ClInclude Include="..\..\..\Source\3rdParty\Box2D\Dynamics\Contacts\b2EdgeAndCircleContact.h">
      <Filter>3rdParty\Box2D\Dynamics\Contacts</Filter>
    </ClInclude>
    <ClInclude Include="..\..\..\Source\3rdParty\Box2D\Dynamics\Contacts\b2EdgeAndPolygonContact.h">
      <Filter>3rdParty\Box2D\Dynamics\Contacts</Filter>
    </ClInclude>
    <ClInclude Include="..\..\..\Source\3rdParty\Box2D\Dynamics\Contacts\b2PolygonAndCircleContact.h">
      <Filter>3rdParty\Box2D\Dynamics\Contacts</Filter>
    </ClInclude>
    <ClInclude Include="..\..\..\Source\3rdParty\Box2D\Dynamics\Contacts\b2PolygonContact.h">
      <Filter>3rdParty\Box2D\Dynamics\Contacts</Filter>
    </ClInclude>
    <ClInclude Include="..\..\..\Source\3rdParty\Box2D\Dynamics\Joints\b2DistanceJoint.h">
      <Filter>3rdParty\Box2D\Dynamics\Joints</Filter>
    </ClInclude>
    <ClInclude Include="..\..\..\Source\3rdParty\Box2D\Dynamics\Joints\b2FrictionJoint.h">
      <Filter>3rdParty\Box2D\Dynamics\Joints</Filter>
    </ClInclude>
    <ClInclude Include="..\..\..\Source\3rdParty\Box2D\Dynamics\Joints\b2GearJoint.h">
      <Filter>3rdParty\Box2D\Dynamics\Joints</Filter>
    </ClInclude>
    <ClInclude Include="..\..\..\Source\3rdParty\Box2D\Dynamics\Joints\b2Joint.h">
      <Filter>3rdParty\Box2D\Dynamics\Joints</Filter>
    </ClInclude>
    <ClInclude Include="..\..\..\Source\3rdParty\Box2D\Dynamics\Joints\b2MotorJoint.h">
      <Filter>3rdParty\Box2D\Dynamics\Joints</Filter>
    </ClInclude>
    <ClInclude Include="..\..\..\Source\3rdParty\Box2D\Dynamics\Joints\b2MouseJoint.h">
      <Filter>3rdParty\Box2D\Dynamics\Joints</Filter>
    </ClInclude>
    <ClInclude Include="..\..\..\Source\3rdParty\Box2D\Dynamics\Joints\b2PrismaticJoint.h">
      <Filter>3rdParty\Box2D\Dynamics\Joints</Filter>
    </ClInclude>
    <ClInclude Include="..\..\..\Source\3rdParty\Box2D\Dynamics\Joints\b2PulleyJoint.h">
      <Filter>3rdParty\Box2D\Dynamics\Joints</Filter>
    </ClInclude>
    <ClInclude Include="..\..\..\Source\3rdParty\Box2D\Dynamics\Joints\b2RevoluteJoint.h">
      <Filter>3rdParty\Box2D\Dynamics\Joints</Filter>
    </ClInclude>
    <ClInclude Include="..\..\..\Source\3rdParty\Box2D\Dynamics\Joints\b2RopeJoint.h">
      <Filter>3rdParty\Box2D\Dynamics\Joints</Filter>
    </ClInclude>
    <ClInclude Include="..\..\..\Source\3rdParty\Box2D\Dynamics\Joints\b2WeldJoint.h">
      <Filter>3rdParty\Box2D\Dynamics\Joints</Filter>
    </ClInclude>
    <ClInclude Include="..\..\..\Source\3rdParty\Box2D\Dynamics\Joints\b2WheelJoint.h">
      <Filter>3rdParty\Box2D\Dynamics\Joints</Filter>
    </ClInclude>
    <ClInclude Include="..\..\..\Source\3rdParty\Box2D\Collision\b2TimeOfImpact.h">
      <Filter>3rdParty\Box2D\Collision</Filter>
    </ClInclude>
    <ClInclude Include="..\..\..\Source\3rdParty\Box2D\Collision\b2BroadPhase.h">
      <Filter>3rdParty\Box2D\Collision</Filter>
    </ClInclude>
    <ClInclude Include="..\..\..\Source\3rdParty\Box2D\Collision\b2Collision.h">
      <Filter>3rdParty\Box2D\Collision</Filter>
    </ClInclude>
    <ClInclude Include="..\..\..\Source\3rdParty\Box2D\Collision\b2Distance.h">
      <Filter>3rdParty\Box2D\Collision</Filter>
    </ClInclude>
    <ClInclude Include="..\..\..\Source\3rdParty\Box2D\Collision\b2DynamicTree.h">
      <Filter>3rdParty\Box2D\Collision</Filter>
    </ClInclude>
    <ClInclude Include="..\..\..\Source\3rdParty\Box2D\Collision\Shapes\b2ChainShape.h">
      <Filter>3rdParty\Box2D\Collision\Shapes</Filter>
    </ClInclude>
    <ClInclude Include="..\..\..\Source\3rdParty\Box2D\Collision\Shapes\b2CircleShape.h">
      <Filter>3rdParty\Box2D\Collision\Shapes</Filter>
    </ClInclude>
    <ClInclude Include="..\..\..\Source\3rdParty\Box2D\Collision\Shapes\b2EdgeShape.h">
      <Filter>3rdParty\Box2D\Collision\Shapes</Filter>
    </ClInclude>
    <ClInclude Include="..\..\..\Source\3rdParty\Box2D\Collision\Shapes\b2PolygonShape.h">
      <Filter>3rdParty\Box2D\Collision\Shapes</Filter>
    </ClInclude>
    <ClInclude Include="..\..\..\Source\3rdParty\Box2D\Collision\Shapes\b2Shape.h">
      <Filter>3rdParty\Box2D\Collision\Shapes</Filter>
    </ClInclude>
    <ClInclude Include="..\..\..\Source\3rdParty\Box2D\Common\b2BlockAllocator.h">
      <Filter>3rdParty\Box2D\Common</Filter>
    </ClInclude>
    <ClInclude Include="..\..\..\Source\3rdParty\Box2D\Common\b2Draw.h">
      <Filter>3rdParty\Box2D\Common</Filter>
    </ClInclude>
    <ClInclude Include="..\..\..\Source\3rdParty\Box2D\Common\b2GrowableStack.h">
      <Filter>3rdParty\Box2D\Common</Filter>
    </ClInclude>
    <ClInclude Include="..\..\..\Source\3rdParty\Box2D\Common\b2Math.h">
      <Filter>3rdParty\Box2D\Common</Filter>
    </ClInclude>
    <ClInclude Include="..\..\..\Source\3rdParty\Box2D\Common\b2Settings.h">
      <Filter>3rdParty\Box2D\Common</Filter>
    </ClInclude>
    <ClInclude Include="..\..\..\Source\3rdParty\Box2D\Common\b2StackAllocator.h">
      <Filter>3rdParty\Box2D\Common</Filter>
    </ClInclude>
    <ClInclude Include="..\..\..\Source\3rdParty\Box2D\Common\b2Timer.h">
      <Filter>3rdParty\Box2D\Common</Filter>
    </ClInclude>
    <ClInclude Include="..\..\..\Source\3rdParty\Box2D\Rope\b2Rope.h">
      <Filter>3rdParty\Box2D\Rope</Filter>
    </ClInclude>
    <ClInclude Include="..\..\..\Source\Physics\Body.h">
      <Filter>Physics</Filter>
    </ClInclude>
    <ClInclude Include="..\..\..\Source\Physics\BodyDef.h">
      <Filter>Physics</Filter>
    </ClInclude>
    <ClInclude Include="..\..\..\Source\Physics\DebugDraw.h">
      <Filter>Physics</Filter>
    </ClInclude>
    <ClInclude Include="..\..\..\Source\Physics\Joint.h">
      <Filter>Physics</Filter>
    </ClInclude>
    <ClInclude Include="..\..\..\Source\Physics\JointDef.h">
      <Filter>Physics</Filter>
    </ClInclude>
    <ClInclude Include="..\..\..\Source\Physics\Sensor.h">
      <Filter>Physics</Filter>
    </ClInclude>
    <ClInclude Include="..\..\..\Source\Physics\World.h">
      <Filter>Physics</Filter>
    </ClInclude>
    <ClInclude Include="..\..\..\Source\Support\Dictionary.h">
      <Filter>Support</Filter>
    </ClInclude>
    <ClInclude Include="..\..\..\Source\3rdParty\lpeg\lpcap.h">
      <Filter>3rdParty\lpeg</Filter>
    </ClInclude>
    <ClInclude Include="..\..\..\Source\3rdParty\lpeg\lpcode.h">
      <Filter>3rdParty\lpeg</Filter>
    </ClInclude>
    <ClInclude Include="..\..\..\Source\3rdParty\lpeg\lpprint.h">
      <Filter>3rdParty\lpeg</Filter>
    </ClInclude>
    <ClInclude Include="..\..\..\Source\3rdParty\lpeg\lptree.h">
      <Filter>3rdParty\lpeg</Filter>
    </ClInclude>
    <ClInclude Include="..\..\..\Source\3rdParty\lpeg\lptypes.h">
      <Filter>3rdParty\lpeg</Filter>
    </ClInclude>
    <ClInclude Include="..\..\..\Source\3rdParty\lpeg\lpvm.h">
      <Filter>3rdParty\lpeg</Filter>
    </ClInclude>
    <ClInclude Include="..\..\..\Source\Cache\ParticleCache.h">
      <Filter>Cache</Filter>
    </ClInclude>
    <ClInclude Include="..\..\..\Source\Audio\Sound.h">
      <Filter>Audio</Filter>
    </ClInclude>
    <ClInclude Include="..\..\..\Source\Cache\SoundCache.h">
      <Filter>Cache</Filter>
    </ClInclude>
    <ClInclude Include="..\..\..\Source\Node\Model.h">
      <Filter>Node</Filter>
    </ClInclude>
    <ClInclude Include="..\..\..\Source\Lua\LuaFromXml.h">
      <Filter>Lua</Filter>
    </ClInclude>
    <ClInclude Include="..\..\..\Source\3rdParty\tinyxml2\SAXParser.h">
      <Filter>3rdParty\tinyxml2</Filter>
    </ClInclude>
    <ClInclude Include="..\..\..\Source\3rdParty\tinyxml2\tinyxml2.h">
      <Filter>3rdParty\tinyxml2</Filter>
    </ClInclude>
    <ClInclude Include="..\..\..\Source\Node\Menu.h">
      <Filter>Node</Filter>
    </ClInclude>
    <ClInclude Include="..\..\..\Source\Input\Keyboard.h">
      <Filter>Input</Filter>
    </ClInclude>
    <ClInclude Include="..\..\..\Source\Const\Config.h">
      <Filter>Const</Filter>
    </ClInclude>
    <ClInclude Include="..\..\..\Source\Const\XmlTag.h">
      <Filter>Const</Filter>
    </ClInclude>
    <ClInclude Include="..\..\..\Source\GUI\ImGuiDora.h">
      <Filter>GUI</Filter>
    </ClInclude>
    <ClInclude Include="..\..\..\Source\Entity\Entity.h">
      <Filter>Entity</Filter>
    </ClInclude>
    <ClInclude Include="..\..\..\Source\3rdParty\fmt\core.h">
      <Filter>3rdParty\fmt</Filter>
    </ClInclude>
    <ClInclude Include="..\..\..\Source\3rdParty\fmt\format.h">
      <Filter>3rdParty\fmt</Filter>
    </ClInclude>
    <ClInclude Include="..\..\..\Source\3rdParty\fmt\format-inl.h">
      <Filter>3rdParty\fmt</Filter>
    </ClInclude>
    <ClInclude Include="..\..\..\Source\3rdParty\fmt\ostream.h">
      <Filter>3rdParty\fmt</Filter>
    </ClInclude>
    <ClInclude Include="..\..\..\Source\3rdParty\fmt\posix.h">
      <Filter>3rdParty\fmt</Filter>
    </ClInclude>
    <ClInclude Include="..\..\..\Source\3rdParty\fmt\printf.h">
      <Filter>3rdParty\fmt</Filter>
    </ClInclude>
    <ClInclude Include="..\..\..\Source\3rdParty\fmt\ranges.h">
      <Filter>3rdParty\fmt</Filter>
    </ClInclude>
    <ClInclude Include="..\..\..\Source\3rdParty\fmt\time.h">
      <Filter>3rdParty\fmt</Filter>
    </ClInclude>
    <ClInclude Include="..\..\..\Source\3rdParty\stb\stb_rect_pack.h">
      <Filter>3rdParty\stb</Filter>
    </ClInclude>
    <ClInclude Include="..\..\..\Source\3rdParty\stb\stb_truetype.h">
      <Filter>3rdParty\stb</Filter>
    </ClInclude>
    <ClInclude Include="..\..\..\Source\Shader\Builtin.h">
      <Filter>Shader</Filter>
    </ClInclude>
    <ClInclude Include="..\..\..\Source\Entity\Component.h">
      <Filter>Entity</Filter>
    </ClInclude>
  </ItemGroup>
</Project>