<?xml version="1.0" encoding="utf-8"?>
<Project ToolsVersion="4.0" xmlns="http://schemas.microsoft.com/developer/msbuild/2003">
  <ItemGroup>
    <Filter Include="Basic">
      <UniqueIdentifier>{7e412dfc-d970-4102-8df1-ea9c1fcc4564}</UniqueIdentifier>
    </Filter>
    <Filter Include="Common">
      <UniqueIdentifier>{a66627dd-27c0-4d88-9074-aa9314579f62}</UniqueIdentifier>
    </Filter>
    <Filter Include="Const">
      <UniqueIdentifier>{bf255db1-a6de-41a1-9658-306936ac8c55}</UniqueIdentifier>
    </Filter>
    <Filter Include="Lua">
      <UniqueIdentifier>{5ea049b6-5bb0-4a28-a7e1-bcc3705b7ad0}</UniqueIdentifier>
    </Filter>
    <Filter Include="3rdParty">
      <UniqueIdentifier>{164271c1-5a03-4f56-ab29-4b899af981af}</UniqueIdentifier>
    </Filter>
    <Filter Include="3rdParty\silly">
      <UniqueIdentifier>{d3d5ca95-9734-4684-8f81-8cd17fbdb6dd}</UniqueIdentifier>
    </Filter>
    <Filter Include="3rdParty\FileSystem">
      <UniqueIdentifier>{d6cfce9a-f6d0-44ec-9576-0b9ff9c321d2}</UniqueIdentifier>
    </Filter>
    <Filter Include="3rdParty\Zip">
      <UniqueIdentifier>{c5c729d4-c12c-4299-bc2f-ad1309722d81}</UniqueIdentifier>
    </Filter>
    <Filter Include="3rdParty\Zip\Support">
      <UniqueIdentifier>{d1511dd1-faf5-49b1-b057-d66d058bb6e2}</UniqueIdentifier>
    </Filter>
    <Filter Include="3rdParty\Lua">
      <UniqueIdentifier>{b778508f-d7cd-45bd-9891-0fe5c526fa3a}</UniqueIdentifier>
    </Filter>
    <Filter Include="Event">
      <UniqueIdentifier>{7f70ed61-7367-4bcf-9c84-fe0283bce4be}</UniqueIdentifier>
    </Filter>
    <Filter Include="Lua\ToLua">
      <UniqueIdentifier>{ec6d2c9a-2629-49b5-ab13-61aeebe8eaa5}</UniqueIdentifier>
    </Filter>
    <Filter Include="Node">
      <UniqueIdentifier>{1c47b2cc-37f8-4db4-9351-ffef75ba037a}</UniqueIdentifier>
    </Filter>
    <Filter Include="Support">
      <UniqueIdentifier>{da89bd03-e4d8-4c9e-aa63-f0e5e41cb1f7}</UniqueIdentifier>
    </Filter>
    <Filter Include="Cache">
      <UniqueIdentifier>{e0778c45-31d9-491a-8d4c-1be11101a327}</UniqueIdentifier>
    </Filter>
    <Filter Include="3rdParty\lodepng">
      <UniqueIdentifier>{e02d705b-c0ec-468c-bae9-b4f62a446794}</UniqueIdentifier>
    </Filter>
    <Filter Include="Effect">
      <UniqueIdentifier>{d10b80ca-8eae-4068-8d2a-14ee1d2dbbd9}</UniqueIdentifier>
    </Filter>
    <Filter Include="Input">
      <UniqueIdentifier>{0d438360-861d-4264-b4b1-0f9051f65f34}</UniqueIdentifier>
    </Filter>
    <Filter Include="3rdParty\imgui">
      <UniqueIdentifier>{1bb3a45b-b849-4232-bf4f-37cbdcd84363}</UniqueIdentifier>
    </Filter>
    <Filter Include="GUI">
      <UniqueIdentifier>{daee0542-3318-43b6-97cf-7e4ec67f625e}</UniqueIdentifier>
    </Filter>
    <Filter Include="3rdParty\Other">
      <UniqueIdentifier>{35572a68-51e5-44af-bd7d-cf56c3a5c2cf}</UniqueIdentifier>
    </Filter>
    <Filter Include="3rdParty\font">
      <UniqueIdentifier>{ec689630-09a4-4fac-9508-7a5f2c8b6772}</UniqueIdentifier>
    </Filter>
    <Filter Include="3rdParty\fmt">
      <UniqueIdentifier>{f188fd82-326e-413e-9cd2-2efc7d44bd9e}</UniqueIdentifier>
    </Filter>
    <Filter Include="Animation">
      <UniqueIdentifier>{1dba13c2-e330-4933-a1af-6aebd198edda}</UniqueIdentifier>
    </Filter>
    <Filter Include="Physics">
      <UniqueIdentifier>{a5a17125-74ff-474d-8c30-58f487461740}</UniqueIdentifier>
    </Filter>
    <Filter Include="3rdParty\lpeg">
      <UniqueIdentifier>{39517c25-9ae2-444e-a178-2174c1d955fa}</UniqueIdentifier>
    </Filter>
    <Filter Include="Audio">
      <UniqueIdentifier>{770ca085-abd0-4bd9-82c8-9b9d24a2a975}</UniqueIdentifier>
    </Filter>
    <Filter Include="3rdParty\tinyxml2">
      <UniqueIdentifier>{ef6899f5-5974-4507-a964-d9b6857bd509}</UniqueIdentifier>
    </Filter>
    <Filter Include="Entity">
      <UniqueIdentifier>{3339519c-7d32-4a52-a6be-f331261d6beb}</UniqueIdentifier>
    </Filter>
    <Filter Include="3rdParty\stb">
      <UniqueIdentifier>{3df686e8-d734-4651-bf64-d476c784c6b4}</UniqueIdentifier>
    </Filter>
    <Filter Include="Shader">
      <UniqueIdentifier>{f8799809-de75-4622-bdcb-2387ebc5ee83}</UniqueIdentifier>
    </Filter>
    <Filter Include="Platformer">
      <UniqueIdentifier>{45f95e66-5643-4ac5-92c1-8660357c90ff}</UniqueIdentifier>
    </Filter>
    <Filter Include="3rdParty\nanovg">
      <UniqueIdentifier>{38bba46f-dca1-4617-920b-0cda88bafb73}</UniqueIdentifier>
    </Filter>
    <Filter Include="Resources">
      <UniqueIdentifier>{6d34a666-c22c-4090-a10e-821d941bfb1d}</UniqueIdentifier>
    </Filter>
    <Filter Include="3rdParty\PlayRho">
      <UniqueIdentifier>{d0108809-939f-4a42-b9fe-e13370bf4917}</UniqueIdentifier>
    </Filter>
    <Filter Include="3rdParty\PlayRho\Common">
      <UniqueIdentifier>{5e3597bd-fb5c-4c01-b25e-831a4592d36c}</UniqueIdentifier>
    </Filter>
    <Filter Include="3rdParty\PlayRho\Collision">
      <UniqueIdentifier>{ce210869-ed42-44b5-8ef8-ed20df75a729}</UniqueIdentifier>
    </Filter>
    <Filter Include="3rdParty\PlayRho\Dynamics">
      <UniqueIdentifier>{3d14d0c9-5a48-4dfc-9204-064ce15ce765}</UniqueIdentifier>
    </Filter>
    <Filter Include="3rdParty\PlayRho\Dynamics\Contacts">
      <UniqueIdentifier>{fb0e1cef-c7e3-4172-b823-f0a4ca9b82bc}</UniqueIdentifier>
    </Filter>
    <Filter Include="3rdParty\PlayRho\Dynamics\Joints">
      <UniqueIdentifier>{d9400a69-371d-4510-a9ed-8976132e8733}</UniqueIdentifier>
    </Filter>
    <Filter Include="3rdParty\PlayRho\Collision\Shapes">
      <UniqueIdentifier>{49b83829-6370-4f2c-8e36-9333b8ffd875}</UniqueIdentifier>
    </Filter>
  </ItemGroup>
  <ItemGroup>
    <ClCompile Include="..\..\..\Source\3rdParty\Zip\Support\ioapi.cpp">
      <Filter>3rdParty\Zip\Support</Filter>
    </ClCompile>
    <ClCompile Include="..\..\..\Source\3rdParty\Zip\Support\unzip.cpp">
      <Filter>3rdParty\Zip\Support</Filter>
    </ClCompile>
    <ClCompile Include="..\..\..\Source\3rdParty\Zip\Support\zip.cpp">
      <Filter>3rdParty\Zip\Support</Filter>
    </ClCompile>
    <ClCompile Include="..\..\..\Source\3rdParty\Zip\Support\ZipUtils.cpp">
      <Filter>3rdParty\Zip\Support</Filter>
    </ClCompile>
    <ClCompile Include="..\..\..\Source\3rdParty\silly\Slice.cpp">
      <Filter>3rdParty\silly</Filter>
    </ClCompile>
    <ClCompile Include="..\..\..\Source\Basic\Application.cpp">
      <Filter>Basic</Filter>
    </ClCompile>
    <ClCompile Include="..\..\..\Source\Basic\AutoreleasePool.cpp">
      <Filter>Basic</Filter>
    </ClCompile>
    <ClCompile Include="..\..\..\Source\Basic\Content.cpp">
      <Filter>Basic</Filter>
    </ClCompile>
    <ClCompile Include="..\..\..\Source\Basic\Director.cpp">
      <Filter>Basic</Filter>
    </ClCompile>
    <ClCompile Include="..\..\..\Source\Basic\Object.cpp">
      <Filter>Basic</Filter>
    </ClCompile>
    <ClCompile Include="..\..\..\Source\Event\Event.cpp">
      <Filter>Event</Filter>
    </ClCompile>
    <ClCompile Include="..\..\..\Source\Event\EventQueue.cpp">
      <Filter>Event</Filter>
    </ClCompile>
    <ClCompile Include="..\..\..\Source\Event\EventType.cpp">
      <Filter>Event</Filter>
    </ClCompile>
    <ClCompile Include="..\..\..\Source\Event\Listener.cpp">
      <Filter>Event</Filter>
    </ClCompile>
    <ClCompile Include="..\..\..\Source\Lua\LuaBinding.cpp">
      <Filter>Lua</Filter>
    </ClCompile>
    <ClCompile Include="..\..\..\Source\Lua\LuaCode.cpp">
      <Filter>Lua</Filter>
    </ClCompile>
    <ClCompile Include="..\..\..\Source\Lua\LuaEngine.cpp">
      <Filter>Lua</Filter>
    </ClCompile>
    <ClCompile Include="..\..\..\Source\Lua\LuaManual.cpp">
      <Filter>Lua</Filter>
    </ClCompile>
    <ClCompile Include="..\..\..\Source\Basic\Scheduler.cpp">
      <Filter>Basic</Filter>
    </ClCompile>
    <ClCompile Include="..\..\..\Source\Common\Async.cpp">
      <Filter>Common</Filter>
    </ClCompile>
    <ClCompile Include="..\..\..\Source\Lua\ToLua\tolua_event.cpp">
      <Filter>Lua\ToLua</Filter>
    </ClCompile>
    <ClCompile Include="..\..\..\Source\Lua\ToLua\tolua_fix.cpp">
      <Filter>Lua\ToLua</Filter>
    </ClCompile>
    <ClCompile Include="..\..\..\Source\Lua\ToLua\tolua_is.cpp">
      <Filter>Lua\ToLua</Filter>
    </ClCompile>
    <ClCompile Include="..\..\..\Source\Lua\ToLua\tolua_map.cpp">
      <Filter>Lua\ToLua</Filter>
    </ClCompile>
    <ClCompile Include="..\..\..\Source\Lua\ToLua\tolua_push.cpp">
      <Filter>Lua\ToLua</Filter>
    </ClCompile>
    <ClCompile Include="..\..\..\Source\Lua\ToLua\tolua_to.cpp">
      <Filter>Lua\ToLua</Filter>
    </ClCompile>
    <ClCompile Include="..\..\..\Source\Node\Node.cpp">
      <Filter>Node</Filter>
    </ClCompile>
    <ClCompile Include="..\..\..\Source\Lua\LuaHandler.cpp">
      <Filter>Lua</Filter>
    </ClCompile>
    <ClCompile Include="..\..\..\Source\Support\Array.cpp">
      <Filter>Support</Filter>
    </ClCompile>
    <ClCompile Include="..\..\..\Source\Support\Geometry.cpp">
      <Filter>Support</Filter>
    </ClCompile>
    <ClCompile Include="..\..\..\Source\Common\Utils.cpp">
      <Filter>Common</Filter>
    </ClCompile>
    <ClCompile Include="..\..\..\Source\Node\Sprite.cpp">
      <Filter>Node</Filter>
    </ClCompile>
    <ClCompile Include="..\..\..\Source\Basic\View.cpp">
      <Filter>Basic</Filter>
    </ClCompile>
    <ClCompile Include="..\..\..\Source\Cache\TextureCache.cpp">
      <Filter>Cache</Filter>
    </ClCompile>
    <ClCompile Include="..\..\..\Source\3rdParty\lodepng\lodepng.cpp">
      <Filter>3rdParty\lodepng</Filter>
    </ClCompile>
    <ClCompile Include="..\..\..\Source\Basic\Camera.cpp">
      <Filter>Basic</Filter>
    </ClCompile>
    <ClCompile Include="..\..\..\Source\Cache\ShaderCache.cpp">
      <Filter>Cache</Filter>
    </ClCompile>
    <ClCompile Include="..\..\..\Source\Support\Common.cpp">
      <Filter>Support</Filter>
    </ClCompile>
    <ClCompile Include="..\..\..\Source\Effect\Effect.cpp">
      <Filter>Effect</Filter>
    </ClCompile>
    <ClCompile Include="..\..\..\Source\Input\TouchDispather.cpp">
      <Filter>Input</Filter>
    </ClCompile>
    <ClCompile Include="..\..\..\Source\3rdParty\Other\utf8.cpp">
      <Filter>3rdParty\Other</Filter>
    </ClCompile>
    <ClCompile Include="..\..\..\Source\3rdParty\font\font_manager.cpp">
      <Filter>3rdParty\font</Filter>
    </ClCompile>
    <ClCompile Include="..\..\..\Source\3rdParty\Other\atlas.cpp">
      <Filter>3rdParty\Other</Filter>
    </ClCompile>
    <ClCompile Include="..\..\..\Source\Node\Label.cpp">
      <Filter>Node</Filter>
    </ClCompile>
    <ClCompile Include="..\..\..\Source\Common\Singleton.cpp">
      <Filter>Common</Filter>
    </ClCompile>
    <ClCompile Include="..\..\..\Source\Common\Debug.cpp">
      <Filter>Common</Filter>
    </ClCompile>
    <ClCompile Include="..\..\..\Source\Const\Header.cpp">
      <Filter>Const</Filter>
    </ClCompile>
    <ClCompile Include="..\..\..\Source\Node\Particle.cpp">
      <Filter>Node</Filter>
    </ClCompile>
    <ClCompile Include="..\..\..\Source\Basic\Renderer.cpp">
      <Filter>Basic</Filter>
    </ClCompile>
    <ClCompile Include="..\..\..\Source\Node\RenderTarget.cpp">
      <Filter>Node</Filter>
    </ClCompile>
    <ClCompile Include="..\..\..\Source\Node\ClipNode.cpp">
      <Filter>Node</Filter>
    </ClCompile>
    <ClCompile Include="..\..\..\Source\Node\DrawNode.cpp">
      <Filter>Node</Filter>
    </ClCompile>
    <ClCompile Include="..\..\..\Source\Support\Value.cpp">
      <Filter>Support</Filter>
    </ClCompile>
    <ClCompile Include="..\..\..\Source\Animation\Action.cpp">
      <Filter>Animation</Filter>
    </ClCompile>
    <ClCompile Include="..\..\..\Source\Animation\Animation.cpp">
      <Filter>Animation</Filter>
    </ClCompile>
    <ClCompile Include="..\..\..\Source\Animation\ModelDef.cpp">
      <Filter>Animation</Filter>
    </ClCompile>
    <ClCompile Include="..\..\..\Source\Cache\ClipCache.cpp">
      <Filter>Cache</Filter>
    </ClCompile>
    <ClCompile Include="..\..\..\Source\Cache\FrameCache.cpp">
      <Filter>Cache</Filter>
    </ClCompile>
    <ClCompile Include="..\..\..\Source\Cache\ModelCache.cpp">
      <Filter>Cache</Filter>
    </ClCompile>
    <ClCompile Include="..\..\..\Source\Physics\Body.cpp">
      <Filter>Physics</Filter>
    </ClCompile>
    <ClCompile Include="..\..\..\Source\Physics\BodyDef.cpp">
      <Filter>Physics</Filter>
    </ClCompile>
    <ClCompile Include="..\..\..\Source\Physics\DebugDraw.cpp">
      <Filter>Physics</Filter>
    </ClCompile>
    <ClCompile Include="..\..\..\Source\Physics\Joint.cpp">
      <Filter>Physics</Filter>
    </ClCompile>
    <ClCompile Include="..\..\..\Source\Physics\JointDef.cpp">
      <Filter>Physics</Filter>
    </ClCompile>
    <ClCompile Include="..\..\..\Source\Physics\Sensor.cpp">
      <Filter>Physics</Filter>
    </ClCompile>
    <ClCompile Include="..\..\..\Source\Support\Dictionary.cpp">
      <Filter>Support</Filter>
    </ClCompile>
    <ClCompile Include="..\..\..\Source\3rdParty\lpeg\lpcap.cpp">
      <Filter>3rdParty\lpeg</Filter>
    </ClCompile>
    <ClCompile Include="..\..\..\Source\3rdParty\lpeg\lpcode.cpp">
      <Filter>3rdParty\lpeg</Filter>
    </ClCompile>
    <ClCompile Include="..\..\..\Source\3rdParty\lpeg\lpprint.cpp">
      <Filter>3rdParty\lpeg</Filter>
    </ClCompile>
    <ClCompile Include="..\..\..\Source\3rdParty\lpeg\lptree.cpp">
      <Filter>3rdParty\lpeg</Filter>
    </ClCompile>
    <ClCompile Include="..\..\..\Source\3rdParty\lpeg\lpvm.cpp">
      <Filter>3rdParty\lpeg</Filter>
    </ClCompile>
    <ClCompile Include="..\..\..\Source\Cache\ParticleCache.cpp">
      <Filter>Cache</Filter>
    </ClCompile>
    <ClCompile Include="..\..\..\Source\Audio\Sound.cpp">
      <Filter>Audio</Filter>
    </ClCompile>
    <ClCompile Include="..\..\..\Source\Cache\SoundCache.cpp">
      <Filter>Cache</Filter>
    </ClCompile>
    <ClCompile Include="..\..\..\Source\Node\Model.cpp">
      <Filter>Node</Filter>
    </ClCompile>
    <ClCompile Include="..\..\..\Source\Lua\LuaFromXml.cpp">
      <Filter>Lua</Filter>
    </ClCompile>
    <ClCompile Include="..\..\..\Source\3rdParty\tinyxml2\SAXParser.cpp">
      <Filter>3rdParty\tinyxml2</Filter>
    </ClCompile>
    <ClCompile Include="..\..\..\Source\3rdParty\tinyxml2\tinyxml2.cpp">
      <Filter>3rdParty\tinyxml2</Filter>
    </ClCompile>
    <ClCompile Include="..\..\..\Source\Node\Menu.cpp">
      <Filter>Node</Filter>
    </ClCompile>
    <ClCompile Include="..\..\..\Source\Input\Keyboard.cpp">
      <Filter>Input</Filter>
    </ClCompile>
    <ClCompile Include="..\..\..\Source\GUI\ImGuiDora.cpp">
      <Filter>GUI</Filter>
    </ClCompile>
    <ClCompile Include="..\..\..\Source\Entity\Entity.cpp">
      <Filter>Entity</Filter>
    </ClCompile>
    <ClCompile Include="..\..\..\Source\3rdParty\fmt\format.cpp">
      <Filter>3rdParty\fmt</Filter>
    </ClCompile>
    <ClCompile Include="..\..\..\Source\3rdParty\fmt\posix.cpp">
      <Filter>3rdParty\fmt</Filter>
    </ClCompile>
    <ClCompile Include="..\..\..\Source\3rdParty\stb\stb.cpp">
      <Filter>3rdParty\stb</Filter>
    </ClCompile>
    <ClCompile Include="..\..\..\Source\Shader\Builtin.cpp">
      <Filter>Shader</Filter>
    </ClCompile>
    <ClCompile Include="..\..\..\Source\Entity\Component.cpp">
      <Filter>Entity</Filter>
    </ClCompile>
    <ClCompile Include="..\..\..\Source\Common\MemoryPool.cpp">
      <Filter>Common</Filter>
    </ClCompile>
    <ClCompile Include="..\..\..\Source\Platformer\AI.cpp">
      <Filter>Platformer</Filter>
    </ClCompile>
    <ClCompile Include="..\..\..\Source\Platformer\AINode.cpp">
      <Filter>Platformer</Filter>
    </ClCompile>
    <ClCompile Include="..\..\..\Source\Platformer\Bullet.cpp">
      <Filter>Platformer</Filter>
    </ClCompile>
    <ClCompile Include="..\..\..\Source\Platformer\BulletDef.cpp">
      <Filter>Platformer</Filter>
    </ClCompile>
    <ClCompile Include="..\..\..\Source\Platformer\Data.cpp">
      <Filter>Platformer</Filter>
    </ClCompile>
    <ClCompile Include="..\..\..\Source\Platformer\Define.cpp">
      <Filter>Platformer</Filter>
    </ClCompile>
    <ClCompile Include="..\..\..\Source\Platformer\Face.cpp">
      <Filter>Platformer</Filter>
    </ClCompile>
    <ClCompile Include="..\..\..\Source\Platformer\PlatformCamera.cpp">
      <Filter>Platformer</Filter>
    </ClCompile>
    <ClCompile Include="..\..\..\Source\Platformer\PlatformWorld.cpp">
      <Filter>Platformer</Filter>
    </ClCompile>
    <ClCompile Include="..\..\..\Source\Platformer\Unit.cpp">
      <Filter>Platformer</Filter>
    </ClCompile>
    <ClCompile Include="..\..\..\Source\Platformer\UnitAction.cpp">
      <Filter>Platformer</Filter>
    </ClCompile>
    <ClCompile Include="..\..\..\Source\Platformer\UnitDef.cpp">
      <Filter>Platformer</Filter>
    </ClCompile>
    <ClCompile Include="..\..\..\Source\Platformer\VisualCache.cpp">
      <Filter>Platformer</Filter>
    </ClCompile>
    <ClCompile Include="..\..\..\Source\Physics\PhysicsWorld.cpp">
      <Filter>Physics</Filter>
    </ClCompile>
    <ClCompile Include="..\..\..\Source\3rdParty\nanovg\nanovg.cpp">
      <Filter>3rdParty\nanovg</Filter>
    </ClCompile>
    <ClCompile Include="..\..\..\Source\3rdParty\nanovg\nanovg_bgfx.cpp">
      <Filter>3rdParty\nanovg</Filter>
    </ClCompile>
    <ClCompile Include="..\..\..\Source\3rdParty\imgui\imgui.cpp">
      <Filter>3rdParty\imgui</Filter>
    </ClCompile>
    <ClCompile Include="..\..\..\Source\3rdParty\imgui\imgui_demo.cpp">
      <Filter>3rdParty\imgui</Filter>
    </ClCompile>
    <ClCompile Include="..\..\..\Source\3rdParty\imgui\imgui_draw.cpp">
      <Filter>3rdParty\imgui</Filter>
    </ClCompile>
    <ClCompile Include="..\..\..\Source\3rdParty\imgui\imgui_widgets.cpp">
      <Filter>3rdParty\imgui</Filter>
    </ClCompile>
    <ClCompile Include="..\..\..\Source\Basic\VGRender.cpp">
      <Filter>Basic</Filter>
    </ClCompile>
    <ClCompile Include="..\..\..\Source\Node\VGNode.cpp">
      <Filter>Node</Filter>
    </ClCompile>
    <ClCompile Include="..\..\..\Source\3rdParty\PlayRho\Common\BlockAllocator.cpp">
      <Filter>3rdParty\PlayRho\Common</Filter>
    </ClCompile>
    <ClCompile Include="..\..\..\Source\3rdParty\PlayRho\Common\CodeDumper.cpp">
      <Filter>3rdParty\PlayRho\Common</Filter>
    </ClCompile>
    <ClCompile Include="..\..\..\Source\3rdParty\PlayRho\Common\DynamicMemory.cpp">
      <Filter>3rdParty\PlayRho\Common</Filter>
    </ClCompile>
    <ClCompile Include="..\..\..\Source\3rdParty\PlayRho\Common\Math.cpp">
      <Filter>3rdParty\PlayRho\Common</Filter>
    </ClCompile>
    <ClCompile Include="..\..\..\Source\3rdParty\PlayRho\Common\StackAllocator.cpp">
      <Filter>3rdParty\PlayRho\Common</Filter>
    </ClCompile>
    <ClCompile Include="..\..\..\Source\3rdParty\PlayRho\Common\UnitVec.cpp">
      <Filter>3rdParty\PlayRho\Common</Filter>
    </ClCompile>
    <ClCompile Include="..\..\..\Source\3rdParty\PlayRho\Common\Velocity.cpp">
      <Filter>3rdParty\PlayRho\Common</Filter>
    </ClCompile>
    <ClCompile Include="..\..\..\Source\3rdParty\PlayRho\Common\Version.cpp">
      <Filter>3rdParty\PlayRho\Common</Filter>
    </ClCompile>
    <ClCompile Include="..\..\..\Source\3rdParty\PlayRho\Dynamics\Body.cpp">
      <Filter>3rdParty\PlayRho\Dynamics</Filter>
    </ClCompile>
    <ClCompile Include="..\..\..\Source\3rdParty\PlayRho\Dynamics\BodyConf.cpp">
      <Filter>3rdParty\PlayRho\Dynamics</Filter>
    </ClCompile>
    <ClCompile Include="..\..\..\Source\3rdParty\PlayRho\Dynamics\ContactImpulsesList.cpp">
      <Filter>3rdParty\PlayRho\Dynamics</Filter>
    </ClCompile>
    <ClCompile Include="..\..\..\Source\3rdParty\PlayRho\Dynamics\Fixture.cpp">
      <Filter>3rdParty\PlayRho\Dynamics</Filter>
    </ClCompile>
    <ClCompile Include="..\..\..\Source\3rdParty\PlayRho\Dynamics\FixtureConf.cpp">
      <Filter>3rdParty\PlayRho\Dynamics</Filter>
    </ClCompile>
    <ClCompile Include="..\..\..\Source\3rdParty\PlayRho\Dynamics\Island.cpp">
      <Filter>3rdParty\PlayRho\Dynamics</Filter>
    </ClCompile>
    <ClCompile Include="..\..\..\Source\3rdParty\PlayRho\Dynamics\MovementConf.cpp">
      <Filter>3rdParty\PlayRho\Dynamics</Filter>
    </ClCompile>
    <ClCompile Include="..\..\..\Source\3rdParty\PlayRho\Dynamics\StepConf.cpp">
      <Filter>3rdParty\PlayRho\Dynamics</Filter>
    </ClCompile>
    <ClCompile Include="..\..\..\Source\3rdParty\PlayRho\Dynamics\World.cpp">
      <Filter>3rdParty\PlayRho\Dynamics</Filter>
    </ClCompile>
    <ClCompile Include="..\..\..\Source\3rdParty\PlayRho\Dynamics\WorldCallbacks.cpp">
      <Filter>3rdParty\PlayRho\Dynamics</Filter>
    </ClCompile>
    <ClCompile Include="..\..\..\Source\3rdParty\PlayRho\Dynamics\Contacts\Contact.cpp">
      <Filter>3rdParty\PlayRho\Dynamics\Contacts</Filter>
    </ClCompile>
    <ClCompile Include="..\..\..\Source\3rdParty\PlayRho\Dynamics\Contacts\ContactKey.cpp">
      <Filter>3rdParty\PlayRho\Dynamics\Contacts</Filter>
    </ClCompile>
    <ClCompile Include="..\..\..\Source\3rdParty\PlayRho\Dynamics\Contacts\ContactSolver.cpp">
      <Filter>3rdParty\PlayRho\Dynamics\Contacts</Filter>
    </ClCompile>
    <ClCompile Include="..\..\..\Source\3rdParty\PlayRho\Dynamics\Contacts\PositionSolverManifold.cpp">
      <Filter>3rdParty\PlayRho\Dynamics\Contacts</Filter>
    </ClCompile>
    <ClCompile Include="..\..\..\Source\3rdParty\PlayRho\Dynamics\Contacts\VelocityConstraint.cpp">
      <Filter>3rdParty\PlayRho\Dynamics\Contacts</Filter>
    </ClCompile>
    <ClCompile Include="..\..\..\Source\3rdParty\PlayRho\Dynamics\Joints\DistanceJoint.cpp">
      <Filter>3rdParty\PlayRho\Dynamics\Joints</Filter>
    </ClCompile>
    <ClCompile Include="..\..\..\Source\3rdParty\PlayRho\Dynamics\Joints\DistanceJointConf.cpp">
      <Filter>3rdParty\PlayRho\Dynamics\Joints</Filter>
    </ClCompile>
    <ClCompile Include="..\..\..\Source\3rdParty\PlayRho\Dynamics\Joints\FrictionJoint.cpp">
      <Filter>3rdParty\PlayRho\Dynamics\Joints</Filter>
    </ClCompile>
    <ClCompile Include="..\..\..\Source\3rdParty\PlayRho\Dynamics\Joints\FrictionJointConf.cpp">
      <Filter>3rdParty\PlayRho\Dynamics\Joints</Filter>
    </ClCompile>
    <ClCompile Include="..\..\..\Source\3rdParty\PlayRho\Dynamics\Joints\GearJoint.cpp">
      <Filter>3rdParty\PlayRho\Dynamics\Joints</Filter>
    </ClCompile>
    <ClCompile Include="..\..\..\Source\3rdParty\PlayRho\Dynamics\Joints\GearJointConf.cpp">
      <Filter>3rdParty\PlayRho\Dynamics\Joints</Filter>
    </ClCompile>
    <ClCompile Include="..\..\..\Source\3rdParty\PlayRho\Dynamics\Joints\Joint.cpp">
      <Filter>3rdParty\PlayRho\Dynamics\Joints</Filter>
    </ClCompile>
    <ClCompile Include="..\..\..\Source\3rdParty\PlayRho\Dynamics\Joints\JointConf.cpp">
      <Filter>3rdParty\PlayRho\Dynamics\Joints</Filter>
    </ClCompile>
    <ClCompile Include="..\..\..\Source\3rdParty\PlayRho\Dynamics\Joints\JointKey.cpp">
      <Filter>3rdParty\PlayRho\Dynamics\Joints</Filter>
    </ClCompile>
    <ClCompile Include="..\..\..\Source\3rdParty\PlayRho\Dynamics\Joints\JointType.cpp">
      <Filter>3rdParty\PlayRho\Dynamics\Joints</Filter>
    </ClCompile>
    <ClCompile Include="..\..\..\Source\3rdParty\PlayRho\Dynamics\Joints\MotorJoint.cpp">
      <Filter>3rdParty\PlayRho\Dynamics\Joints</Filter>
    </ClCompile>
    <ClCompile Include="..\..\..\Source\3rdParty\PlayRho\Dynamics\Joints\MotorJointConf.cpp">
      <Filter>3rdParty\PlayRho\Dynamics\Joints</Filter>
    </ClCompile>
    <ClCompile Include="..\..\..\Source\3rdParty\PlayRho\Dynamics\Joints\PrismaticJoint.cpp">
      <Filter>3rdParty\PlayRho\Dynamics\Joints</Filter>
    </ClCompile>
    <ClCompile Include="..\..\..\Source\3rdParty\PlayRho\Dynamics\Joints\PrismaticJointConf.cpp">
      <Filter>3rdParty\PlayRho\Dynamics\Joints</Filter>
    </ClCompile>
    <ClCompile Include="..\..\..\Source\3rdParty\PlayRho\Dynamics\Joints\PulleyJoint.cpp">
      <Filter>3rdParty\PlayRho\Dynamics\Joints</Filter>
    </ClCompile>
    <ClCompile Include="..\..\..\Source\3rdParty\PlayRho\Dynamics\Joints\PulleyJointConf.cpp">
      <Filter>3rdParty\PlayRho\Dynamics\Joints</Filter>
    </ClCompile>
    <ClCompile Include="..\..\..\Source\3rdParty\PlayRho\Dynamics\Joints\RevoluteJoint.cpp">
      <Filter>3rdParty\PlayRho\Dynamics\Joints</Filter>
    </ClCompile>
    <ClCompile Include="..\..\..\Source\3rdParty\PlayRho\Dynamics\Joints\RevoluteJointConf.cpp">
      <Filter>3rdParty\PlayRho\Dynamics\Joints</Filter>
    </ClCompile>
    <ClCompile Include="..\..\..\Source\3rdParty\PlayRho\Dynamics\Joints\RopeJoint.cpp">
      <Filter>3rdParty\PlayRho\Dynamics\Joints</Filter>
    </ClCompile>
    <ClCompile Include="..\..\..\Source\3rdParty\PlayRho\Dynamics\Joints\RopeJointConf.cpp">
      <Filter>3rdParty\PlayRho\Dynamics\Joints</Filter>
    </ClCompile>
    <ClCompile Include="..\..\..\Source\3rdParty\PlayRho\Dynamics\Joints\TargetJoint.cpp">
      <Filter>3rdParty\PlayRho\Dynamics\Joints</Filter>
    </ClCompile>
    <ClCompile Include="..\..\..\Source\3rdParty\PlayRho\Dynamics\Joints\TargetJointConf.cpp">
      <Filter>3rdParty\PlayRho\Dynamics\Joints</Filter>
    </ClCompile>
    <ClCompile Include="..\..\..\Source\3rdParty\PlayRho\Dynamics\Joints\WeldJoint.cpp">
      <Filter>3rdParty\PlayRho\Dynamics\Joints</Filter>
    </ClCompile>
    <ClCompile Include="..\..\..\Source\3rdParty\PlayRho\Dynamics\Joints\WeldJointConf.cpp">
      <Filter>3rdParty\PlayRho\Dynamics\Joints</Filter>
    </ClCompile>
    <ClCompile Include="..\..\..\Source\3rdParty\PlayRho\Dynamics\Joints\WheelJoint.cpp">
      <Filter>3rdParty\PlayRho\Dynamics\Joints</Filter>
    </ClCompile>
    <ClCompile Include="..\..\..\Source\3rdParty\PlayRho\Dynamics\Joints\WheelJointConf.cpp">
      <Filter>3rdParty\PlayRho\Dynamics\Joints</Filter>
    </ClCompile>
    <ClCompile Include="..\..\..\Source\3rdParty\PlayRho\Collision\AABB.cpp">
      <Filter>3rdParty\PlayRho\Collision</Filter>
    </ClCompile>
    <ClCompile Include="..\..\..\Source\3rdParty\PlayRho\Collision\Collision.cpp">
      <Filter>3rdParty\PlayRho\Collision</Filter>
    </ClCompile>
    <ClCompile Include="..\..\..\Source\3rdParty\PlayRho\Collision\Distance.cpp">
      <Filter>3rdParty\PlayRho\Collision</Filter>
    </ClCompile>
    <ClCompile Include="..\..\..\Source\3rdParty\PlayRho\Collision\DistanceProxy.cpp">
      <Filter>3rdParty\PlayRho\Collision</Filter>
    </ClCompile>
    <ClCompile Include="..\..\..\Source\3rdParty\PlayRho\Collision\DynamicTree.cpp">
      <Filter>3rdParty\PlayRho\Collision</Filter>
    </ClCompile>
    <ClCompile Include="..\..\..\Source\3rdParty\PlayRho\Collision\Manifold.cpp">
      <Filter>3rdParty\PlayRho\Collision</Filter>
    </ClCompile>
    <ClCompile Include="..\..\..\Source\3rdParty\PlayRho\Collision\MassData.cpp">
      <Filter>3rdParty\PlayRho\Collision</Filter>
    </ClCompile>
    <ClCompile Include="..\..\..\Source\3rdParty\PlayRho\Collision\RayCastOutput.cpp">
      <Filter>3rdParty\PlayRho\Collision</Filter>
    </ClCompile>
    <ClCompile Include="..\..\..\Source\3rdParty\PlayRho\Collision\SeparationScenario.cpp">
      <Filter>3rdParty\PlayRho\Collision</Filter>
    </ClCompile>
    <ClCompile Include="..\..\..\Source\3rdParty\PlayRho\Collision\ShapeSeparation.cpp">
      <Filter>3rdParty\PlayRho\Collision</Filter>
    </ClCompile>
    <ClCompile Include="..\..\..\Source\3rdParty\PlayRho\Collision\Simplex.cpp">
      <Filter>3rdParty\PlayRho\Collision</Filter>
    </ClCompile>
    <ClCompile Include="..\..\..\Source\3rdParty\PlayRho\Collision\TimeOfImpact.cpp">
      <Filter>3rdParty\PlayRho\Collision</Filter>
    </ClCompile>
    <ClCompile Include="..\..\..\Source\3rdParty\PlayRho\Collision\WorldManifold.cpp">
      <Filter>3rdParty\PlayRho\Collision</Filter>
    </ClCompile>
    <ClCompile Include="..\..\..\Source\3rdParty\PlayRho\Collision\Shapes\ChainShapeConf.cpp">
      <Filter>3rdParty\PlayRho\Collision\Shapes</Filter>
    </ClCompile>
    <ClCompile Include="..\..\..\Source\3rdParty\PlayRho\Collision\Shapes\DiskShapeConf.cpp">
      <Filter>3rdParty\PlayRho\Collision\Shapes</Filter>
    </ClCompile>
    <ClCompile Include="..\..\..\Source\3rdParty\PlayRho\Collision\Shapes\EdgeShapeConf.cpp">
      <Filter>3rdParty\PlayRho\Collision\Shapes</Filter>
    </ClCompile>
    <ClCompile Include="..\..\..\Source\3rdParty\PlayRho\Collision\Shapes\MultiShapeConf.cpp">
      <Filter>3rdParty\PlayRho\Collision\Shapes</Filter>
    </ClCompile>
    <ClCompile Include="..\..\..\Source\3rdParty\PlayRho\Collision\Shapes\PolygonShapeConf.cpp">
      <Filter>3rdParty\PlayRho\Collision\Shapes</Filter>
    </ClCompile>
    <ClCompile Include="..\..\..\Source\3rdParty\PlayRho\Collision\Shapes\Shape.cpp">
      <Filter>3rdParty\PlayRho\Collision\Shapes</Filter>
    </ClCompile>
  </ItemGroup>
  <ItemGroup>
    <ClInclude Include="..\..\..\Source\3rdParty\FileSystem\mkdir.h">
      <Filter>3rdParty\FileSystem</Filter>
    </ClInclude>
    <ClInclude Include="..\..\..\Source\3rdParty\FileSystem\tinydir.h">
      <Filter>3rdParty\FileSystem</Filter>
    </ClInclude>
    <ClInclude Include="..\..\..\Source\3rdParty\Zip\Support\crypt.h">
      <Filter>3rdParty\Zip\Support</Filter>
    </ClInclude>
    <ClInclude Include="..\..\..\Source\3rdParty\Zip\Support\ioapi.h">
      <Filter>3rdParty\Zip\Support</Filter>
    </ClInclude>
    <ClInclude Include="..\..\..\Source\3rdParty\Zip\Support\unzip.h">
      <Filter>3rdParty\Zip\Support</Filter>
    </ClInclude>
    <ClInclude Include="..\..\..\Source\3rdParty\Zip\Support\zip.h">
      <Filter>3rdParty\Zip\Support</Filter>
    </ClInclude>
    <ClInclude Include="..\..\..\Source\3rdParty\Zip\Support\ZipUtils.h">
      <Filter>3rdParty\Zip\Support</Filter>
    </ClInclude>
    <ClInclude Include="..\..\..\Source\3rdParty\silly\Slice.h">
      <Filter>3rdParty\silly</Filter>
    </ClInclude>
    <ClInclude Include="..\..\..\Source\3rdParty\Lua\Header\lauxlib.h">
      <Filter>3rdParty\Lua</Filter>
    </ClInclude>
    <ClInclude Include="..\..\..\Source\3rdParty\Lua\Header\lua.h">
      <Filter>3rdParty\Lua</Filter>
    </ClInclude>
    <ClInclude Include="..\..\..\Source\3rdParty\Lua\Header\lua.hpp">
      <Filter>3rdParty\Lua</Filter>
    </ClInclude>
    <ClInclude Include="..\..\..\Source\3rdParty\Lua\Header\luaconf.h">
      <Filter>3rdParty\Lua</Filter>
    </ClInclude>
    <ClInclude Include="..\..\..\Source\3rdParty\Lua\Header\lualib.h">
      <Filter>3rdParty\Lua</Filter>
    </ClInclude>
    <ClInclude Include="..\..\..\Source\Basic\Application.h">
      <Filter>Basic</Filter>
    </ClInclude>
    <ClInclude Include="..\..\..\Source\Basic\AutoreleasePool.h">
      <Filter>Basic</Filter>
    </ClInclude>
    <ClInclude Include="..\..\..\Source\Basic\Content.h">
      <Filter>Basic</Filter>
    </ClInclude>
    <ClInclude Include="..\..\..\Source\Basic\Director.h">
      <Filter>Basic</Filter>
    </ClInclude>
    <ClInclude Include="..\..\..\Source\Basic\Object.h">
      <Filter>Basic</Filter>
    </ClInclude>
    <ClInclude Include="..\..\..\Source\Common\Debug.h">
      <Filter>Common</Filter>
    </ClInclude>
    <ClInclude Include="..\..\..\Source\Common\MemoryPool.h">
      <Filter>Common</Filter>
    </ClInclude>
    <ClInclude Include="..\..\..\Source\Common\Own.h">
      <Filter>Common</Filter>
    </ClInclude>
    <ClInclude Include="..\..\..\Source\Common\Ref.h">
      <Filter>Common</Filter>
    </ClInclude>
    <ClInclude Include="..\..\..\Source\Common\WRef.h">
      <Filter>Common</Filter>
    </ClInclude>
    <ClInclude Include="..\..\..\Source\Const\Header.h">
      <Filter>Const</Filter>
    </ClInclude>
    <ClInclude Include="..\..\..\Source\Event\Event.h">
      <Filter>Event</Filter>
    </ClInclude>
    <ClInclude Include="..\..\..\Source\Event\EventQueue.h">
      <Filter>Event</Filter>
    </ClInclude>
    <ClInclude Include="..\..\..\Source\Event\EventType.h">
      <Filter>Event</Filter>
    </ClInclude>
    <ClInclude Include="..\..\..\Source\Event\Listener.h">
      <Filter>Event</Filter>
    </ClInclude>
    <ClInclude Include="..\..\..\Source\Lua\LuaBinding.h">
      <Filter>Lua</Filter>
    </ClInclude>
    <ClInclude Include="..\..\..\Source\Lua\LuaEngine.h">
      <Filter>Lua</Filter>
    </ClInclude>
    <ClInclude Include="..\..\..\Source\Lua\LuaManual.h">
      <Filter>Lua</Filter>
    </ClInclude>
    <ClInclude Include="..\..\..\Source\Basic\Scheduler.h">
      <Filter>Basic</Filter>
    </ClInclude>
    <ClInclude Include="..\..\..\Source\Common\Async.h">
      <Filter>Common</Filter>
    </ClInclude>
    <ClInclude Include="..\..\..\Source\Common\Utils.h">
      <Filter>Common</Filter>
    </ClInclude>
    <ClInclude Include="..\..\..\Source\Lua\ToLua\tolua_event.h">
      <Filter>Lua\ToLua</Filter>
    </ClInclude>
    <ClInclude Include="..\..\..\Source\Lua\ToLua\tolua++.h">
      <Filter>Lua\ToLua</Filter>
    </ClInclude>
    <ClInclude Include="..\..\..\Source\Node\Node.h">
      <Filter>Node</Filter>
    </ClInclude>
    <ClInclude Include="..\..\..\Source\Lua\LuaHandler.h">
      <Filter>Lua</Filter>
    </ClInclude>
    <ClInclude Include="..\..\..\Source\Support\Array.h">
      <Filter>Support</Filter>
    </ClInclude>
    <ClInclude Include="..\..\..\Source\Support\Geometry.h">
      <Filter>Support</Filter>
    </ClInclude>
    <ClInclude Include="..\..\..\Source\Node\Sprite.h">
      <Filter>Node</Filter>
    </ClInclude>
    <ClInclude Include="..\..\..\Source\Basic\View.h">
      <Filter>Basic</Filter>
    </ClInclude>
    <ClInclude Include="..\..\..\Source\Cache\TextureCache.h">
      <Filter>Cache</Filter>
    </ClInclude>
    <ClInclude Include="..\..\..\Source\3rdParty\lodepng\lodepng.h">
      <Filter>3rdParty\lodepng</Filter>
    </ClInclude>
    <ClInclude Include="..\..\..\Source\Basic\Camera.h">
      <Filter>Basic</Filter>
    </ClInclude>
    <ClInclude Include="..\..\..\Source\Cache\ShaderCache.h">
      <Filter>Cache</Filter>
    </ClInclude>
    <ClInclude Include="..\..\..\Source\Support\Common.h">
      <Filter>Support</Filter>
    </ClInclude>
    <ClInclude Include="..\..\..\Source\Effect\Effect.h">
      <Filter>Effect</Filter>
    </ClInclude>
    <ClInclude Include="..\..\..\Source\Input\TouchDispather.h">
      <Filter>Input</Filter>
    </ClInclude>
    <ClInclude Include="..\..\..\Source\3rdParty\Other\AcfDelegate.h">
      <Filter>3rdParty\Other</Filter>
    </ClInclude>
    <ClInclude Include="..\..\..\Source\3rdParty\Other\utf8.h">
      <Filter>3rdParty\Other</Filter>
    </ClInclude>
    <ClInclude Include="..\..\..\Source\3rdParty\font\font_manager.h">
      <Filter>3rdParty\font</Filter>
    </ClInclude>
    <ClInclude Include="..\..\..\Source\3rdParty\Other\atlas.h">
      <Filter>3rdParty\Other</Filter>
    </ClInclude>
    <ClInclude Include="..\..\..\Source\Node\Label.h">
      <Filter>Node</Filter>
    </ClInclude>
    <ClInclude Include="..\..\..\Source\Common\Singleton.h">
      <Filter>Common</Filter>
    </ClInclude>
    <ClInclude Include="..\..\..\Source\Dorothy.h" />
    <ClInclude Include="..\..\..\Source\Node\Particle.h">
      <Filter>Node</Filter>
    </ClInclude>
    <ClInclude Include="..\..\..\Source\Basic\Renderer.h">
      <Filter>Basic</Filter>
    </ClInclude>
    <ClInclude Include="..\..\..\Source\Node\RenderTarget.h">
      <Filter>Node</Filter>
    </ClInclude>
    <ClInclude Include="..\..\..\Source\Node\ClipNode.h">
      <Filter>Node</Filter>
    </ClInclude>
    <ClInclude Include="..\..\..\Source\Node\DrawNode.h">
      <Filter>Node</Filter>
    </ClInclude>
    <ClInclude Include="..\..\..\Source\Support\Value.h">
      <Filter>Support</Filter>
    </ClInclude>
    <ClInclude Include="..\..\..\Source\Animation\Action.h">
      <Filter>Animation</Filter>
    </ClInclude>
    <ClInclude Include="..\..\..\Source\Animation\Animation.h">
      <Filter>Animation</Filter>
    </ClInclude>
    <ClInclude Include="..\..\..\Source\Animation\ModelDef.h">
      <Filter>Animation</Filter>
    </ClInclude>
    <ClInclude Include="..\..\..\Source\Cache\ClipCache.h">
      <Filter>Cache</Filter>
    </ClInclude>
    <ClInclude Include="..\..\..\Source\Cache\FrameCache.h">
      <Filter>Cache</Filter>
    </ClInclude>
    <ClInclude Include="..\..\..\Source\Cache\ModelCache.h">
      <Filter>Cache</Filter>
    </ClInclude>
    <ClInclude Include="..\..\..\Source\Cache\XmlItemCache.h">
      <Filter>Cache</Filter>
    </ClInclude>
    <ClInclude Include="..\..\..\Source\3rdParty\Other\rapidxml_sax3.hpp">
      <Filter>3rdParty\Other</Filter>
    </ClInclude>
    <ClInclude Include="..\..\..\Source\Physics\Body.h">
      <Filter>Physics</Filter>
    </ClInclude>
    <ClInclude Include="..\..\..\Source\Physics\BodyDef.h">
      <Filter>Physics</Filter>
    </ClInclude>
    <ClInclude Include="..\..\..\Source\Physics\DebugDraw.h">
      <Filter>Physics</Filter>
    </ClInclude>
    <ClInclude Include="..\..\..\Source\Physics\Joint.h">
      <Filter>Physics</Filter>
    </ClInclude>
    <ClInclude Include="..\..\..\Source\Physics\JointDef.h">
      <Filter>Physics</Filter>
    </ClInclude>
    <ClInclude Include="..\..\..\Source\Physics\Sensor.h">
      <Filter>Physics</Filter>
    </ClInclude>
    <ClInclude Include="..\..\..\Source\Support\Dictionary.h">
      <Filter>Support</Filter>
    </ClInclude>
    <ClInclude Include="..\..\..\Source\3rdParty\lpeg\lpcap.h">
      <Filter>3rdParty\lpeg</Filter>
    </ClInclude>
    <ClInclude Include="..\..\..\Source\3rdParty\lpeg\lpcode.h">
      <Filter>3rdParty\lpeg</Filter>
    </ClInclude>
    <ClInclude Include="..\..\..\Source\3rdParty\lpeg\lpprint.h">
      <Filter>3rdParty\lpeg</Filter>
    </ClInclude>
    <ClInclude Include="..\..\..\Source\3rdParty\lpeg\lptree.h">
      <Filter>3rdParty\lpeg</Filter>
    </ClInclude>
    <ClInclude Include="..\..\..\Source\3rdParty\lpeg\lptypes.h">
      <Filter>3rdParty\lpeg</Filter>
    </ClInclude>
    <ClInclude Include="..\..\..\Source\3rdParty\lpeg\lpvm.h">
      <Filter>3rdParty\lpeg</Filter>
    </ClInclude>
    <ClInclude Include="..\..\..\Source\Cache\ParticleCache.h">
      <Filter>Cache</Filter>
    </ClInclude>
    <ClInclude Include="..\..\..\Source\Audio\Sound.h">
      <Filter>Audio</Filter>
    </ClInclude>
    <ClInclude Include="..\..\..\Source\Cache\SoundCache.h">
      <Filter>Cache</Filter>
    </ClInclude>
    <ClInclude Include="..\..\..\Source\Node\Model.h">
      <Filter>Node</Filter>
    </ClInclude>
    <ClInclude Include="..\..\..\Source\Lua\LuaFromXml.h">
      <Filter>Lua</Filter>
    </ClInclude>
    <ClInclude Include="..\..\..\Source\3rdParty\tinyxml2\SAXParser.h">
      <Filter>3rdParty\tinyxml2</Filter>
    </ClInclude>
    <ClInclude Include="..\..\..\Source\3rdParty\tinyxml2\tinyxml2.h">
      <Filter>3rdParty\tinyxml2</Filter>
    </ClInclude>
    <ClInclude Include="..\..\..\Source\Node\Menu.h">
      <Filter>Node</Filter>
    </ClInclude>
    <ClInclude Include="..\..\..\Source\Input\Keyboard.h">
      <Filter>Input</Filter>
    </ClInclude>
    <ClInclude Include="..\..\..\Source\Const\Config.h">
      <Filter>Const</Filter>
    </ClInclude>
    <ClInclude Include="..\..\..\Source\Const\XmlTag.h">
      <Filter>Const</Filter>
    </ClInclude>
    <ClInclude Include="..\..\..\Source\GUI\ImGuiDora.h">
      <Filter>GUI</Filter>
    </ClInclude>
    <ClInclude Include="..\..\..\Source\Entity\Entity.h">
      <Filter>Entity</Filter>
    </ClInclude>
    <ClInclude Include="..\..\..\Source\3rdParty\fmt\core.h">
      <Filter>3rdParty\fmt</Filter>
    </ClInclude>
    <ClInclude Include="..\..\..\Source\3rdParty\fmt\format.h">
      <Filter>3rdParty\fmt</Filter>
    </ClInclude>
    <ClInclude Include="..\..\..\Source\3rdParty\fmt\format-inl.h">
      <Filter>3rdParty\fmt</Filter>
    </ClInclude>
    <ClInclude Include="..\..\..\Source\3rdParty\fmt\ostream.h">
      <Filter>3rdParty\fmt</Filter>
    </ClInclude>
    <ClInclude Include="..\..\..\Source\3rdParty\fmt\posix.h">
      <Filter>3rdParty\fmt</Filter>
    </ClInclude>
    <ClInclude Include="..\..\..\Source\3rdParty\fmt\printf.h">
      <Filter>3rdParty\fmt</Filter>
    </ClInclude>
    <ClInclude Include="..\..\..\Source\3rdParty\fmt\ranges.h">
      <Filter>3rdParty\fmt</Filter>
    </ClInclude>
    <ClInclude Include="..\..\..\Source\3rdParty\fmt\time.h">
      <Filter>3rdParty\fmt</Filter>
    </ClInclude>
    <ClInclude Include="..\..\..\Source\3rdParty\stb\stb_rect_pack.h">
      <Filter>3rdParty\stb</Filter>
    </ClInclude>
    <ClInclude Include="..\..\..\Source\3rdParty\stb\stb_truetype.h">
      <Filter>3rdParty\stb</Filter>
    </ClInclude>
    <ClInclude Include="..\..\..\Source\Shader\Builtin.h">
      <Filter>Shader</Filter>
    </ClInclude>
    <ClInclude Include="..\..\..\Source\Entity\Component.h">
      <Filter>Entity</Filter>
    </ClInclude>
    <ClInclude Include="..\..\..\Source\Platformer\AI.h">
      <Filter>Platformer</Filter>
    </ClInclude>
    <ClInclude Include="..\..\..\Source\Platformer\AINode.h">
      <Filter>Platformer</Filter>
    </ClInclude>
    <ClInclude Include="..\..\..\Source\Platformer\Bullet.h">
      <Filter>Platformer</Filter>
    </ClInclude>
    <ClInclude Include="..\..\..\Source\Platformer\BulletDef.h">
      <Filter>Platformer</Filter>
    </ClInclude>
    <ClInclude Include="..\..\..\Source\Platformer\Data.h">
      <Filter>Platformer</Filter>
    </ClInclude>
    <ClInclude Include="..\..\..\Source\Platformer\Define.h">
      <Filter>Platformer</Filter>
    </ClInclude>
    <ClInclude Include="..\..\..\Source\Platformer\Face.h">
      <Filter>Platformer</Filter>
    </ClInclude>
    <ClInclude Include="..\..\..\Source\Platformer\PlatformCamera.h">
      <Filter>Platformer</Filter>
    </ClInclude>
    <ClInclude Include="..\..\..\Source\Platformer\PlatformWorld.h">
      <Filter>Platformer</Filter>
    </ClInclude>
    <ClInclude Include="..\..\..\Source\Platformer\Unit.h">
      <Filter>Platformer</Filter>
    </ClInclude>
    <ClInclude Include="..\..\..\Source\Platformer\UnitAction.h">
      <Filter>Platformer</Filter>
    </ClInclude>
    <ClInclude Include="..\..\..\Source\Platformer\UnitDef.h">
      <Filter>Platformer</Filter>
    </ClInclude>
    <ClInclude Include="..\..\..\Source\Platformer\VisualCache.h">
      <Filter>Platformer</Filter>
    </ClInclude>
    <ClInclude Include="..\..\..\Source\Physics\PhysicsWorld.h">
      <Filter>Physics</Filter>
    </ClInclude>
    <ClInclude Include="..\..\..\Source\3rdParty\nanovg\fontstash.h">
      <Filter>3rdParty\nanovg</Filter>
    </ClInclude>
    <ClInclude Include="..\..\..\Source\3rdParty\nanovg\fs_nanovg_fill.bin.h">
      <Filter>3rdParty\nanovg</Filter>
    </ClInclude>
    <ClInclude Include="..\..\..\Source\3rdParty\nanovg\nanovg.h">
      <Filter>3rdParty\nanovg</Filter>
    </ClInclude>
    <ClInclude Include="..\..\..\Source\3rdParty\nanovg\nanovg_bgfx.h">
      <Filter>3rdParty\nanovg</Filter>
    </ClInclude>
    <ClInclude Include="..\..\..\Source\3rdParty\nanovg\vs_nanovg_fill.bin.h">
      <Filter>3rdParty\nanovg</Filter>
    </ClInclude>
    <ClInclude Include="..\..\..\Source\3rdParty\imgui\imconfig.h">
      <Filter>3rdParty\imgui</Filter>
    </ClInclude>
    <ClInclude Include="..\..\..\Source\3rdParty\imgui\imgui.h">
      <Filter>3rdParty\imgui</Filter>
    </ClInclude>
    <ClInclude Include="..\..\..\Source\3rdParty\imgui\imgui_internal.h">
      <Filter>3rdParty\imgui</Filter>
    </ClInclude>
    <ClInclude Include="..\..\..\Source\3rdParty\imgui\imstb_textedit.h">
      <Filter>3rdParty\imgui</Filter>
    </ClInclude>
    <ClInclude Include="..\..\..\Source\3rdParty\fmt\chrono.h">
      <Filter>3rdParty\fmt</Filter>
    </ClInclude>
    <ClInclude Include="..\..\..\Source\3rdParty\fmt\color.h">
      <Filter>3rdParty\fmt</Filter>
    </ClInclude>
    <ClInclude Include="..\..\..\Source\3rdParty\fmt\locale.h">
      <Filter>3rdParty\fmt</Filter>
    </ClInclude>
    <ClInclude Include="..\..\..\Source\Basic\VGRender.h">
      <Filter>Basic</Filter>
    </ClInclude>
    <ClInclude Include="..\..\..\Source\Node\VGNode.h">
      <Filter>Node</Filter>
    </ClInclude>
    <ClInclude Include="resource.h">
      <Filter>Resources</Filter>
    </ClInclude>
    <ClInclude Include="..\..\..\Source\3rdParty\PlayRho\Defines.hpp">
      <Filter>3rdParty\PlayRho</Filter>
    </ClInclude>
    <ClInclude Include="..\..\..\Source\3rdParty\PlayRho\PlayRho.hpp">
      <Filter>3rdParty\PlayRho</Filter>
    </ClInclude>
    <ClInclude Include="..\..\..\Source\3rdParty\PlayRho\Common\Acceleration.hpp">
      <Filter>3rdParty\PlayRho\Common</Filter>
    </ClInclude>
    <ClInclude Include="..\..\..\Source\3rdParty\PlayRho\Common\AllocatedArray.hpp">
      <Filter>3rdParty\PlayRho\Common</Filter>
    </ClInclude>
    <ClInclude Include="..\..\..\Source\3rdParty\PlayRho\Common\ArrayList.hpp">
      <Filter>3rdParty\PlayRho\Common</Filter>
    </ClInclude>
    <ClInclude Include="..\..\..\Source\3rdParty\PlayRho\Common\BlockAllocator.hpp">
      <Filter>3rdParty\PlayRho\Common</Filter>
    </ClInclude>
    <ClInclude Include="..\..\..\Source\3rdParty\PlayRho\Common\BoundedValue.hpp">
      <Filter>3rdParty\PlayRho\Common</Filter>
    </ClInclude>
    <ClInclude Include="..\..\..\Source\3rdParty\PlayRho\Common\CodeDumper.hpp">
      <Filter>3rdParty\PlayRho\Common</Filter>
    </ClInclude>
    <ClInclude Include="..\..\..\Source\3rdParty\PlayRho\Common\DynamicMemory.hpp">
      <Filter>3rdParty\PlayRho\Common</Filter>
    </ClInclude>
    <ClInclude Include="..\..\..\Source\3rdParty\PlayRho\Common\Fixed.hpp">
      <Filter>3rdParty\PlayRho\Common</Filter>
    </ClInclude>
    <ClInclude Include="..\..\..\Source\3rdParty\PlayRho\Common\FixedLimits.hpp">
      <Filter>3rdParty\PlayRho\Common</Filter>
    </ClInclude>
    <ClInclude Include="..\..\..\Source\3rdParty\PlayRho\Common\FixedMath.hpp">
      <Filter>3rdParty\PlayRho\Common</Filter>
    </ClInclude>
    <ClInclude Include="..\..\..\Source\3rdParty\PlayRho\Common\FlagGuard.hpp">
      <Filter>3rdParty\PlayRho\Common</Filter>
    </ClInclude>
    <ClInclude Include="..\..\..\Source\3rdParty\PlayRho\Common\GrowableStack.hpp">
      <Filter>3rdParty\PlayRho\Common</Filter>
    </ClInclude>
    <ClInclude Include="..\..\..\Source\3rdParty\PlayRho\Common\Interval.hpp">
      <Filter>3rdParty\PlayRho\Common</Filter>
    </ClInclude>
    <ClInclude Include="..\..\..\Source\3rdParty\PlayRho\Common\Intervals.hpp">
      <Filter>3rdParty\PlayRho\Common</Filter>
    </ClInclude>
    <ClInclude Include="..\..\..\Source\3rdParty\PlayRho\Common\InvalidArgument.hpp">
      <Filter>3rdParty\PlayRho\Common</Filter>
    </ClInclude>
    <ClInclude Include="..\..\..\Source\3rdParty\PlayRho\Common\LengthError.hpp">
      <Filter>3rdParty\PlayRho\Common</Filter>
    </ClInclude>
    <ClInclude Include="..\..\..\Source\3rdParty\PlayRho\Common\Math.hpp">
      <Filter>3rdParty\PlayRho\Common</Filter>
    </ClInclude>
    <ClInclude Include="..\..\..\Source\3rdParty\PlayRho\Common\Matrix.hpp">
      <Filter>3rdParty\PlayRho\Common</Filter>
    </ClInclude>
    <ClInclude Include="..\..\..\Source\3rdParty\PlayRho\Common\OptionalValue.hpp">
      <Filter>3rdParty\PlayRho\Common</Filter>
    </ClInclude>
    <ClInclude Include="..\..\..\Source\3rdParty\PlayRho\Common\Position.hpp">
      <Filter>3rdParty\PlayRho\Common</Filter>
    </ClInclude>
    <ClInclude Include="..\..\..\Source\3rdParty\PlayRho\Common\Range.hpp">
      <Filter>3rdParty\PlayRho\Common</Filter>
    </ClInclude>
    <ClInclude Include="..\..\..\Source\3rdParty\PlayRho\Common\Real.hpp">
      <Filter>3rdParty\PlayRho\Common</Filter>
    </ClInclude>
    <ClInclude Include="..\..\..\Source\3rdParty\PlayRho\Common\RealConstants.hpp">
      <Filter>3rdParty\PlayRho\Common</Filter>
    </ClInclude>
    <ClInclude Include="..\..\..\Source\3rdParty\PlayRho\Common\Settings.hpp">
      <Filter>3rdParty\PlayRho\Common</Filter>
    </ClInclude>
    <ClInclude Include="..\..\..\Source\3rdParty\PlayRho\Common\Span.hpp">
      <Filter>3rdParty\PlayRho\Common</Filter>
    </ClInclude>
    <ClInclude Include="..\..\..\Source\3rdParty\PlayRho\Common\StackAllocator.hpp">
      <Filter>3rdParty\PlayRho\Common</Filter>
    </ClInclude>
    <ClInclude Include="..\..\..\Source\3rdParty\PlayRho\Common\Sweep.hpp">
      <Filter>3rdParty\PlayRho\Common</Filter>
    </ClInclude>
    <ClInclude Include="..\..\..\Source\3rdParty\PlayRho\Common\Templates.hpp">
      <Filter>3rdParty\PlayRho\Common</Filter>
    </ClInclude>
    <ClInclude Include="..\..\..\Source\3rdParty\PlayRho\Common\Transformation.hpp">
      <Filter>3rdParty\PlayRho\Common</Filter>
    </ClInclude>
    <ClInclude Include="..\..\..\Source\3rdParty\PlayRho\Common\Units.hpp">
      <Filter>3rdParty\PlayRho\Common</Filter>
    </ClInclude>
    <ClInclude Include="..\..\..\Source\3rdParty\PlayRho\Common\UnitVec.hpp">
      <Filter>3rdParty\PlayRho\Common</Filter>
    </ClInclude>
    <ClInclude Include="..\..\..\Source\3rdParty\PlayRho\Common\Vector.hpp">
      <Filter>3rdParty\PlayRho\Common</Filter>
    </ClInclude>
    <ClInclude Include="..\..\..\Source\3rdParty\PlayRho\Common\Vector2.hpp">
      <Filter>3rdParty\PlayRho\Common</Filter>
    </ClInclude>
    <ClInclude Include="..\..\..\Source\3rdParty\PlayRho\Common\Vector3.hpp">
      <Filter>3rdParty\PlayRho\Common</Filter>
    </ClInclude>
    <ClInclude Include="..\..\..\Source\3rdParty\PlayRho\Common\Velocity.hpp">
      <Filter>3rdParty\PlayRho\Common</Filter>
    </ClInclude>
    <ClInclude Include="..\..\..\Source\3rdParty\PlayRho\Common\Version.hpp">
      <Filter>3rdParty\PlayRho\Common</Filter>
    </ClInclude>
    <ClInclude Include="..\..\..\Source\3rdParty\PlayRho\Common\VertexSet.hpp">
      <Filter>3rdParty\PlayRho\Common</Filter>
    </ClInclude>
    <ClInclude Include="..\..\..\Source\3rdParty\PlayRho\Common\Wider.hpp">
      <Filter>3rdParty\PlayRho\Common</Filter>
    </ClInclude>
    <ClInclude Include="..\..\..\Source\3rdParty\PlayRho\Common\WrongState.hpp">
      <Filter>3rdParty\PlayRho\Common</Filter>
    </ClInclude>
    <ClInclude Include="..\..\..\Source\3rdParty\PlayRho\Dynamics\Body.hpp">
      <Filter>3rdParty\PlayRho\Dynamics</Filter>
    </ClInclude>
    <ClInclude Include="..\..\..\Source\3rdParty\PlayRho\Dynamics\BodyAtty.hpp">
      <Filter>3rdParty\PlayRho\Dynamics</Filter>
    </ClInclude>
    <ClInclude Include="..\..\..\Source\3rdParty\PlayRho\Dynamics\BodyConf.hpp">
      <Filter>3rdParty\PlayRho\Dynamics</Filter>
    </ClInclude>
    <ClInclude Include="..\..\..\Source\3rdParty\PlayRho\Dynamics\BodyType.hpp">
      <Filter>3rdParty\PlayRho\Dynamics</Filter>
    </ClInclude>
    <ClInclude Include="..\..\..\Source\3rdParty\PlayRho\Dynamics\ContactAtty.hpp">
      <Filter>3rdParty\PlayRho\Dynamics</Filter>
    </ClInclude>
    <ClInclude Include="..\..\..\Source\3rdParty\PlayRho\Dynamics\ContactImpulsesList.hpp">
      <Filter>3rdParty\PlayRho\Dynamics</Filter>
    </ClInclude>
    <ClInclude Include="..\..\..\Source\3rdParty\PlayRho\Dynamics\Filter.hpp">
      <Filter>3rdParty\PlayRho\Dynamics</Filter>
    </ClInclude>
    <ClInclude Include="..\..\..\Source\3rdParty\PlayRho\Dynamics\Fixture.hpp">
      <Filter>3rdParty\PlayRho\Dynamics</Filter>
    </ClInclude>
    <ClInclude Include="..\..\..\Source\3rdParty\PlayRho\Dynamics\FixtureAtty.hpp">
      <Filter>3rdParty\PlayRho\Dynamics</Filter>
    </ClInclude>
    <ClInclude Include="..\..\..\Source\3rdParty\PlayRho\Dynamics\FixtureConf.hpp">
      <Filter>3rdParty\PlayRho\Dynamics</Filter>
    </ClInclude>
    <ClInclude Include="..\..\..\Source\3rdParty\PlayRho\Dynamics\FixtureProxy.hpp">
      <Filter>3rdParty\PlayRho\Dynamics</Filter>
    </ClInclude>
    <ClInclude Include="..\..\..\Source\3rdParty\PlayRho\Dynamics\Island.hpp">
      <Filter>3rdParty\PlayRho\Dynamics</Filter>
    </ClInclude>
    <ClInclude Include="..\..\..\Source\3rdParty\PlayRho\Dynamics\IslandStats.hpp">
      <Filter>3rdParty\PlayRho\Dynamics</Filter>
    </ClInclude>
    <ClInclude Include="..\..\..\Source\3rdParty\PlayRho\Dynamics\JointAtty.hpp">
      <Filter>3rdParty\PlayRho\Dynamics</Filter>
    </ClInclude>
    <ClInclude Include="..\..\..\Source\3rdParty\PlayRho\Dynamics\MovementConf.hpp">
      <Filter>3rdParty\PlayRho\Dynamics</Filter>
    </ClInclude>
    <ClInclude Include="..\..\..\Source\3rdParty\PlayRho\Dynamics\StepConf.hpp">
      <Filter>3rdParty\PlayRho\Dynamics</Filter>
    </ClInclude>
    <ClInclude Include="..\..\..\Source\3rdParty\PlayRho\Dynamics\StepStats.hpp">
      <Filter>3rdParty\PlayRho\Dynamics</Filter>
    </ClInclude>
    <ClInclude Include="..\..\..\Source\3rdParty\PlayRho\Dynamics\World.hpp">
      <Filter>3rdParty\PlayRho\Dynamics</Filter>
    </ClInclude>
    <ClInclude Include="..\..\..\Source\3rdParty\PlayRho\Dynamics\WorldAtty.hpp">
      <Filter>3rdParty\PlayRho\Dynamics</Filter>
    </ClInclude>
    <ClInclude Include="..\..\..\Source\3rdParty\PlayRho\Dynamics\WorldCallbacks.hpp">
      <Filter>3rdParty\PlayRho\Dynamics</Filter>
    </ClInclude>
    <ClInclude Include="..\..\..\Source\3rdParty\PlayRho\Dynamics\WorldConf.hpp">
      <Filter>3rdParty\PlayRho\Dynamics</Filter>
    </ClInclude>
    <ClInclude Include="..\..\..\Source\3rdParty\PlayRho\Dynamics\Contacts\BodyConstraint.hpp">
      <Filter>3rdParty\PlayRho\Dynamics\Contacts</Filter>
    </ClInclude>
    <ClInclude Include="..\..\..\Source\3rdParty\PlayRho\Dynamics\Contacts\Contact.hpp">
      <Filter>3rdParty\PlayRho\Dynamics\Contacts</Filter>
    </ClInclude>
    <ClInclude Include="..\..\..\Source\3rdParty\PlayRho\Dynamics\Contacts\ContactKey.hpp">
      <Filter>3rdParty\PlayRho\Dynamics\Contacts</Filter>
    </ClInclude>
    <ClInclude Include="..\..\..\Source\3rdParty\PlayRho\Dynamics\Contacts\ContactSolver.hpp">
      <Filter>3rdParty\PlayRho\Dynamics\Contacts</Filter>
    </ClInclude>
    <ClInclude Include="..\..\..\Source\3rdParty\PlayRho\Dynamics\Contacts\PositionConstraint.hpp">
      <Filter>3rdParty\PlayRho\Dynamics\Contacts</Filter>
    </ClInclude>
    <ClInclude Include="..\..\..\Source\3rdParty\PlayRho\Dynamics\Contacts\PositionSolverManifold.hpp">
      <Filter>3rdParty\PlayRho\Dynamics\Contacts</Filter>
    </ClInclude>
    <ClInclude Include="..\..\..\Source\3rdParty\PlayRho\Dynamics\Contacts\VelocityConstraint.hpp">
      <Filter>3rdParty\PlayRho\Dynamics\Contacts</Filter>
    </ClInclude>
    <ClInclude Include="..\..\..\Source\3rdParty\PlayRho\Dynamics\Joints\DistanceJoint.hpp">
      <Filter>3rdParty\PlayRho\Dynamics\Joints</Filter>
    </ClInclude>
    <ClInclude Include="..\..\..\Source\3rdParty\PlayRho\Dynamics\Joints\DistanceJointConf.hpp">
      <Filter>3rdParty\PlayRho\Dynamics\Joints</Filter>
    </ClInclude>
    <ClInclude Include="..\..\..\Source\3rdParty\PlayRho\Dynamics\Joints\FrictionJoint.hpp">
      <Filter>3rdParty\PlayRho\Dynamics\Joints</Filter>
    </ClInclude>
    <ClInclude Include="..\..\..\Source\3rdParty\PlayRho\Dynamics\Joints\FrictionJointConf.hpp">
      <Filter>3rdParty\PlayRho\Dynamics\Joints</Filter>
    </ClInclude>
    <ClInclude Include="..\..\..\Source\3rdParty\PlayRho\Dynamics\Joints\FunctionalJointVisitor.hpp">
      <Filter>3rdParty\PlayRho\Dynamics\Joints</Filter>
    </ClInclude>
    <ClInclude Include="..\..\..\Source\3rdParty\PlayRho\Dynamics\Joints\GearJoint.hpp">
      <Filter>3rdParty\PlayRho\Dynamics\Joints</Filter>
    </ClInclude>
    <ClInclude Include="..\..\..\Source\3rdParty\PlayRho\Dynamics\Joints\GearJointConf.hpp">
      <Filter>3rdParty\PlayRho\Dynamics\Joints</Filter>
    </ClInclude>
    <ClInclude Include="..\..\..\Source\3rdParty\PlayRho\Dynamics\Joints\Joint.hpp">
      <Filter>3rdParty\PlayRho\Dynamics\Joints</Filter>
    </ClInclude>
    <ClInclude Include="..\..\..\Source\3rdParty\PlayRho\Dynamics\Joints\JointConf.hpp">
      <Filter>3rdParty\PlayRho\Dynamics\Joints</Filter>
    </ClInclude>
    <ClInclude Include="..\..\..\Source\3rdParty\PlayRho\Dynamics\Joints\JointKey.hpp">
      <Filter>3rdParty\PlayRho\Dynamics\Joints</Filter>
    </ClInclude>
    <ClInclude Include="..\..\..\Source\3rdParty\PlayRho\Dynamics\Joints\JointType.hpp">
      <Filter>3rdParty\PlayRho\Dynamics\Joints</Filter>
    </ClInclude>
    <ClInclude Include="..\..\..\Source\3rdParty\PlayRho\Dynamics\Joints\JointVisitor.hpp">
      <Filter>3rdParty\PlayRho\Dynamics\Joints</Filter>
    </ClInclude>
    <ClInclude Include="..\..\..\Source\3rdParty\PlayRho\Dynamics\Joints\MotorJoint.hpp">
      <Filter>3rdParty\PlayRho\Dynamics\Joints</Filter>
    </ClInclude>
    <ClInclude Include="..\..\..\Source\3rdParty\PlayRho\Dynamics\Joints\MotorJointConf.hpp">
      <Filter>3rdParty\PlayRho\Dynamics\Joints</Filter>
    </ClInclude>
    <ClInclude Include="..\..\..\Source\3rdParty\PlayRho\Dynamics\Joints\PrismaticJoint.hpp">
      <Filter>3rdParty\PlayRho\Dynamics\Joints</Filter>
    </ClInclude>
    <ClInclude Include="..\..\..\Source\3rdParty\PlayRho\Dynamics\Joints\PrismaticJointConf.hpp">
      <Filter>3rdParty\PlayRho\Dynamics\Joints</Filter>
    </ClInclude>
    <ClInclude Include="..\..\..\Source\3rdParty\PlayRho\Dynamics\Joints\PulleyJoint.hpp">
      <Filter>3rdParty\PlayRho\Dynamics\Joints</Filter>
    </ClInclude>
    <ClInclude Include="..\..\..\Source\3rdParty\PlayRho\Dynamics\Joints\PulleyJointConf.hpp">
      <Filter>3rdParty\PlayRho\Dynamics\Joints</Filter>
    </ClInclude>
    <ClInclude Include="..\..\..\Source\3rdParty\PlayRho\Dynamics\Joints\RevoluteJoint.hpp">
      <Filter>3rdParty\PlayRho\Dynamics\Joints</Filter>
    </ClInclude>
    <ClInclude Include="..\..\..\Source\3rdParty\PlayRho\Dynamics\Joints\RevoluteJointConf.hpp">
      <Filter>3rdParty\PlayRho\Dynamics\Joints</Filter>
    </ClInclude>
    <ClInclude Include="..\..\..\Source\3rdParty\PlayRho\Dynamics\Joints\RopeJoint.hpp">
      <Filter>3rdParty\PlayRho\Dynamics\Joints</Filter>
    </ClInclude>
    <ClInclude Include="..\..\..\Source\3rdParty\PlayRho\Dynamics\Joints\RopeJointConf.hpp">
      <Filter>3rdParty\PlayRho\Dynamics\Joints</Filter>
    </ClInclude>
    <ClInclude Include="..\..\..\Source\3rdParty\PlayRho\Dynamics\Joints\TargetJoint.hpp">
      <Filter>3rdParty\PlayRho\Dynamics\Joints</Filter>
    </ClInclude>
    <ClInclude Include="..\..\..\Source\3rdParty\PlayRho\Dynamics\Joints\TargetJointConf.hpp">
      <Filter>3rdParty\PlayRho\Dynamics\Joints</Filter>
    </ClInclude>
    <ClInclude Include="..\..\..\Source\3rdParty\PlayRho\Dynamics\Joints\TypeJointVisitor.hpp">
      <Filter>3rdParty\PlayRho\Dynamics\Joints</Filter>
    </ClInclude>
    <ClInclude Include="..\..\..\Source\3rdParty\PlayRho\Dynamics\Joints\WeldJoint.hpp">
      <Filter>3rdParty\PlayRho\Dynamics\Joints</Filter>
    </ClInclude>
    <ClInclude Include="..\..\..\Source\3rdParty\PlayRho\Dynamics\Joints\WeldJointConf.hpp">
      <Filter>3rdParty\PlayRho\Dynamics\Joints</Filter>
    </ClInclude>
    <ClInclude Include="..\..\..\Source\3rdParty\PlayRho\Dynamics\Joints\WheelJoint.hpp">
      <Filter>3rdParty\PlayRho\Dynamics\Joints</Filter>
    </ClInclude>
    <ClInclude Include="..\..\..\Source\3rdParty\PlayRho\Dynamics\Joints\WheelJointConf.hpp">
      <Filter>3rdParty\PlayRho\Dynamics\Joints</Filter>
    </ClInclude>
    <ClInclude Include="..\..\..\Source\3rdParty\PlayRho\Collision\AABB.hpp">
      <Filter>3rdParty\PlayRho\Collision</Filter>
    </ClInclude>
    <ClInclude Include="..\..\..\Source\3rdParty\PlayRho\Collision\Collision.hpp">
      <Filter>3rdParty\PlayRho\Collision</Filter>
    </ClInclude>
    <ClInclude Include="..\..\..\Source\3rdParty\PlayRho\Collision\ContactFeature.hpp">
      <Filter>3rdParty\PlayRho\Collision</Filter>
    </ClInclude>
    <ClInclude Include="..\..\..\Source\3rdParty\PlayRho\Collision\Distance.hpp">
      <Filter>3rdParty\PlayRho\Collision</Filter>
    </ClInclude>
    <ClInclude Include="..\..\..\Source\3rdParty\PlayRho\Collision\DistanceProxy.hpp">
      <Filter>3rdParty\PlayRho\Collision</Filter>
    </ClInclude>
    <ClInclude Include="..\..\..\Source\3rdParty\PlayRho\Collision\DynamicTree.hpp">
      <Filter>3rdParty\PlayRho\Collision</Filter>
    </ClInclude>
    <ClInclude Include="..\..\..\Source\3rdParty\PlayRho\Collision\IndexPair.hpp">
      <Filter>3rdParty\PlayRho\Collision</Filter>
    </ClInclude>
    <ClInclude Include="..\..\..\Source\3rdParty\PlayRho\Collision\Manifold.hpp">
      <Filter>3rdParty\PlayRho\Collision</Filter>
    </ClInclude>
    <ClInclude Include="..\..\..\Source\3rdParty\PlayRho\Collision\MassData.hpp">
      <Filter>3rdParty\PlayRho\Collision</Filter>
    </ClInclude>
    <ClInclude Include="..\..\..\Source\3rdParty\PlayRho\Collision\RayCastInput.hpp">
      <Filter>3rdParty\PlayRho\Collision</Filter>
    </ClInclude>
    <ClInclude Include="..\..\..\Source\3rdParty\PlayRho\Collision\RayCastOutput.hpp">
      <Filter>3rdParty\PlayRho\Collision</Filter>
    </ClInclude>
    <ClInclude Include="..\..\..\Source\3rdParty\PlayRho\Collision\SeparationScenario.hpp">
      <Filter>3rdParty\PlayRho\Collision</Filter>
    </ClInclude>
    <ClInclude Include="..\..\..\Source\3rdParty\PlayRho\Collision\ShapeSeparation.hpp">
      <Filter>3rdParty\PlayRho\Collision</Filter>
    </ClInclude>
    <ClInclude Include="..\..\..\Source\3rdParty\PlayRho\Collision\Simplex.hpp">
      <Filter>3rdParty\PlayRho\Collision</Filter>
    </ClInclude>
    <ClInclude Include="..\..\..\Source\3rdParty\PlayRho\Collision\SimplexEdge.hpp">
      <Filter>3rdParty\PlayRho\Collision</Filter>
    </ClInclude>
    <ClInclude Include="..\..\..\Source\3rdParty\PlayRho\Collision\TimeOfImpact.hpp">
      <Filter>3rdParty\PlayRho\Collision</Filter>
    </ClInclude>
    <ClInclude Include="..\..\..\Source\3rdParty\PlayRho\Collision\WorldManifold.hpp">
      <Filter>3rdParty\PlayRho\Collision</Filter>
    </ClInclude>
    <ClInclude Include="..\..\..\Source\3rdParty\PlayRho\Collision\Shapes\ChainShapeConf.hpp">
      <Filter>3rdParty\PlayRho\Collision\Shapes</Filter>
    </ClInclude>
    <ClInclude Include="..\..\..\Source\3rdParty\PlayRho\Collision\Shapes\DiskShapeConf.hpp">
      <Filter>3rdParty\PlayRho\Collision\Shapes</Filter>
    </ClInclude>
    <ClInclude Include="..\..\..\Source\3rdParty\PlayRho\Collision\Shapes\EdgeShapeConf.hpp">
      <Filter>3rdParty\PlayRho\Collision\Shapes</Filter>
    </ClInclude>
    <ClInclude Include="..\..\..\Source\3rdParty\PlayRho\Collision\Shapes\MultiShapeConf.hpp">
      <Filter>3rdParty\PlayRho\Collision\Shapes</Filter>
    </ClInclude>
    <ClInclude Include="..\..\..\Source\3rdParty\PlayRho\Collision\Shapes\PolygonShapeConf.hpp">
      <Filter>3rdParty\PlayRho\Collision\Shapes</Filter>
    </ClInclude>
    <ClInclude Include="..\..\..\Source\3rdParty\PlayRho\Collision\Shapes\Shape.hpp">
      <Filter>3rdParty\PlayRho\Collision\Shapes</Filter>
    </ClInclude>
    <ClInclude Include="..\..\..\Source\3rdParty\PlayRho\Collision\Shapes\ShapeConf.hpp">
      <Filter>3rdParty\PlayRho\Collision\Shapes</Filter>
    </ClInclude>
  </ItemGroup>
  <ItemGroup>
    <ResourceCompile Include="Resource.rc">
      <Filter>Resources</Filter>
    </ResourceCompile>
  </ItemGroup>
  <ItemGroup>
    <None Include="..\..\..\Source\3rdParty\PlayRho\Common\Real.hpp.in">
      <Filter>3rdParty\PlayRho\Common</Filter>
    </None>
  </ItemGroup>
  <ItemGroup>
    <Image Include="Dorothy SSR.ico">
      <Filter>Resources</Filter>
    </Image>
  </ItemGroup>
</Project>