<?xml version="1.0" encoding="utf-8"?>
<Project ToolsVersion="4.0" xmlns="http://schemas.microsoft.com/developer/msbuild/2003">
  <ItemGroup>
    <Filter Include="Basic">
      <UniqueIdentifier>{7e412dfc-d970-4102-8df1-ea9c1fcc4564}</UniqueIdentifier>
    </Filter>
    <Filter Include="Common">
      <UniqueIdentifier>{a66627dd-27c0-4d88-9074-aa9314579f62}</UniqueIdentifier>
    </Filter>
    <Filter Include="Const">
      <UniqueIdentifier>{bf255db1-a6de-41a1-9658-306936ac8c55}</UniqueIdentifier>
    </Filter>
    <Filter Include="Lua">
      <UniqueIdentifier>{5ea049b6-5bb0-4a28-a7e1-bcc3705b7ad0}</UniqueIdentifier>
    </Filter>
    <Filter Include="3rdParty">
      <UniqueIdentifier>{164271c1-5a03-4f56-ab29-4b899af981af}</UniqueIdentifier>
    </Filter>
    <Filter Include="3rdParty\silly">
      <UniqueIdentifier>{d3d5ca95-9734-4684-8f81-8cd17fbdb6dd}</UniqueIdentifier>
    </Filter>
    <Filter Include="3rdParty\FileSystem">
      <UniqueIdentifier>{d6cfce9a-f6d0-44ec-9576-0b9ff9c321d2}</UniqueIdentifier>
    </Filter>
    <Filter Include="3rdParty\Zip">
      <UniqueIdentifier>{c5c729d4-c12c-4299-bc2f-ad1309722d81}</UniqueIdentifier>
    </Filter>
    <Filter Include="3rdParty\Zip\Support">
      <UniqueIdentifier>{d1511dd1-faf5-49b1-b057-d66d058bb6e2}</UniqueIdentifier>
    </Filter>
    <Filter Include="3rdParty\Lua">
      <UniqueIdentifier>{b778508f-d7cd-45bd-9891-0fe5c526fa3a}</UniqueIdentifier>
    </Filter>
    <Filter Include="Event">
      <UniqueIdentifier>{7f70ed61-7367-4bcf-9c84-fe0283bce4be}</UniqueIdentifier>
    </Filter>
    <Filter Include="Lua\ToLua">
      <UniqueIdentifier>{ec6d2c9a-2629-49b5-ab13-61aeebe8eaa5}</UniqueIdentifier>
    </Filter>
    <Filter Include="Node">
      <UniqueIdentifier>{1c47b2cc-37f8-4db4-9351-ffef75ba037a}</UniqueIdentifier>
    </Filter>
  </ItemGroup>
  <ItemGroup>
    <ClCompile Include="..\..\..\Source\3rdParty\Zip\Support\ioapi.cpp">
      <Filter>3rdParty\Zip\Support</Filter>
    </ClCompile>
    <ClCompile Include="..\..\..\Source\3rdParty\Zip\Support\unzip.cpp">
      <Filter>3rdParty\Zip\Support</Filter>
    </ClCompile>
    <ClCompile Include="..\..\..\Source\3rdParty\Zip\Support\zip.cpp">
      <Filter>3rdParty\Zip\Support</Filter>
    </ClCompile>
    <ClCompile Include="..\..\..\Source\3rdParty\Zip\Support\ZipUtils.cpp">
      <Filter>3rdParty\Zip\Support</Filter>
    </ClCompile>
    <ClCompile Include="..\..\..\Source\3rdParty\silly\LifeCycledSingleton.cpp">
      <Filter>3rdParty\silly</Filter>
    </ClCompile>
    <ClCompile Include="..\..\..\Source\3rdParty\silly\Slice.cpp">
      <Filter>3rdParty\silly</Filter>
    </ClCompile>
    <ClCompile Include="..\..\..\Source\Basic\Application.cpp">
      <Filter>Basic</Filter>
    </ClCompile>
    <ClCompile Include="..\..\..\Source\Basic\AutoreleasePool.cpp">
      <Filter>Basic</Filter>
    </ClCompile>
    <ClCompile Include="..\..\..\Source\Basic\Content.cpp">
      <Filter>Basic</Filter>
    </ClCompile>
    <ClCompile Include="..\..\..\Source\Basic\Director.cpp">
      <Filter>Basic</Filter>
    </ClCompile>
    <ClCompile Include="..\..\..\Source\Basic\Object.cpp">
      <Filter>Basic</Filter>
    </ClCompile>
    <ClCompile Include="..\..\..\Source\Common\Debug.cpp">
      <Filter>Common</Filter>
    </ClCompile>
    <ClCompile Include="..\..\..\Source\Event\Event.cpp">
      <Filter>Event</Filter>
    </ClCompile>
    <ClCompile Include="..\..\..\Source\Event\EventQueue.cpp">
      <Filter>Event</Filter>
    </ClCompile>
    <ClCompile Include="..\..\..\Source\Event\EventType.cpp">
      <Filter>Event</Filter>
    </ClCompile>
    <ClCompile Include="..\..\..\Source\Event\Listener.cpp">
      <Filter>Event</Filter>
    </ClCompile>
    <ClCompile Include="..\..\..\Source\Lua\LuaBinding.cpp">
      <Filter>Lua</Filter>
    </ClCompile>
    <ClCompile Include="..\..\..\Source\Lua\LuaCode.cpp">
      <Filter>Lua</Filter>
    </ClCompile>
    <ClCompile Include="..\..\..\Source\Lua\LuaEngine.cpp">
      <Filter>Lua</Filter>
    </ClCompile>
    <ClCompile Include="..\..\..\Source\Lua\LuaHelper.cpp">
      <Filter>Lua</Filter>
    </ClCompile>
    <ClCompile Include="..\..\..\Source\Lua\LuaManual.cpp">
      <Filter>Lua</Filter>
    </ClCompile>
    <ClCompile Include="..\..\..\Source\Basic\Scheduler.cpp">
      <Filter>Basic</Filter>
    </ClCompile>
    <ClCompile Include="..\..\..\Source\Common\Async.cpp">
      <Filter>Common</Filter>
    </ClCompile>
    <ClCompile Include="..\..\..\Source\Lua\ToLua\tolua_event.cpp">
      <Filter>Lua\ToLua</Filter>
    </ClCompile>
    <ClCompile Include="..\..\..\Source\Lua\ToLua\tolua_fix.cpp">
      <Filter>Lua\ToLua</Filter>
    </ClCompile>
    <ClCompile Include="..\..\..\Source\Lua\ToLua\tolua_is.cpp">
      <Filter>Lua\ToLua</Filter>
    </ClCompile>
    <ClCompile Include="..\..\..\Source\Lua\ToLua\tolua_map.cpp">
      <Filter>Lua\ToLua</Filter>
    </ClCompile>
    <ClCompile Include="..\..\..\Source\Lua\ToLua\tolua_push.cpp">
      <Filter>Lua\ToLua</Filter>
    </ClCompile>
    <ClCompile Include="..\..\..\Source\Lua\ToLua\tolua_to.cpp">
      <Filter>Lua\ToLua</Filter>
    </ClCompile>
    <ClCompile Include="..\..\..\Source\Node\Node.cpp">
      <Filter>Node</Filter>
    </ClCompile>
    <ClCompile Include="..\..\..\Source\Lua\LuaHandler.cpp">
      <Filter>Lua</Filter>
    </ClCompile>
  </ItemGroup>
  <ItemGroup>
    <ClInclude Include="..\..\..\Source\3rdParty\FileSystem\mkdir.h">
      <Filter>3rdParty\FileSystem</Filter>
    </ClInclude>
    <ClInclude Include="..\..\..\Source\3rdParty\FileSystem\tinydir.h">
      <Filter>3rdParty\FileSystem</Filter>
    </ClInclude>
    <ClInclude Include="..\..\..\Source\3rdParty\Zip\Support\crypt.h">
      <Filter>3rdParty\Zip\Support</Filter>
    </ClInclude>
    <ClInclude Include="..\..\..\Source\3rdParty\Zip\Support\ioapi.h">
      <Filter>3rdParty\Zip\Support</Filter>
    </ClInclude>
    <ClInclude Include="..\..\..\Source\3rdParty\Zip\Support\unzip.h">
      <Filter>3rdParty\Zip\Support</Filter>
    </ClInclude>
    <ClInclude Include="..\..\..\Source\3rdParty\Zip\Support\zip.h">
      <Filter>3rdParty\Zip\Support</Filter>
    </ClInclude>
    <ClInclude Include="..\..\..\Source\3rdParty\Zip\Support\ZipUtils.h">
      <Filter>3rdParty\Zip\Support</Filter>
    </ClInclude>
    <ClInclude Include="..\..\..\Source\3rdParty\silly\LifeCycledSingleton.h">
      <Filter>3rdParty\silly</Filter>
    </ClInclude>
    <ClInclude Include="..\..\..\Source\3rdParty\silly\Slice.h">
      <Filter>3rdParty\silly</Filter>
    </ClInclude>
    <ClInclude Include="..\..\..\Source\3rdParty\Lua\Header\lauxlib.h">
      <Filter>3rdParty\Lua</Filter>
    </ClInclude>
    <ClInclude Include="..\..\..\Source\3rdParty\Lua\Header\lua.h">
      <Filter>3rdParty\Lua</Filter>
    </ClInclude>
    <ClInclude Include="..\..\..\Source\3rdParty\Lua\Header\lua.hpp">
      <Filter>3rdParty\Lua</Filter>
    </ClInclude>
    <ClInclude Include="..\..\..\Source\3rdParty\Lua\Header\luaconf.h">
      <Filter>3rdParty\Lua</Filter>
    </ClInclude>
    <ClInclude Include="..\..\..\Source\3rdParty\Lua\Header\lualib.h">
      <Filter>3rdParty\Lua</Filter>
    </ClInclude>
    <ClInclude Include="..\..\..\Source\Basic\Application.h">
      <Filter>Basic</Filter>
    </ClInclude>
    <ClInclude Include="..\..\..\Source\Basic\AutoreleasePool.h">
      <Filter>Basic</Filter>
    </ClInclude>
    <ClInclude Include="..\..\..\Source\Basic\Content.h">
      <Filter>Basic</Filter>
    </ClInclude>
    <ClInclude Include="..\..\..\Source\Basic\Director.h">
      <Filter>Basic</Filter>
    </ClInclude>
    <ClInclude Include="..\..\..\Source\Basic\Object.h">
      <Filter>Basic</Filter>
    </ClInclude>
    <ClInclude Include="..\..\..\Source\Common\Debug.h">
      <Filter>Common</Filter>
    </ClInclude>
    <ClInclude Include="..\..\..\Source\Common\MemoryPool.h">
      <Filter>Common</Filter>
    </ClInclude>
    <ClInclude Include="..\..\..\Source\Common\Own.h">
      <Filter>Common</Filter>
    </ClInclude>
    <ClInclude Include="..\..\..\Source\Common\OwnVector.h">
      <Filter>Common</Filter>
    </ClInclude>
    <ClInclude Include="..\..\..\Source\Common\Ref.h">
      <Filter>Common</Filter>
    </ClInclude>
    <ClInclude Include="..\..\..\Source\Common\RefVector.h">
      <Filter>Common</Filter>
    </ClInclude>
    <ClInclude Include="..\..\..\Source\Common\WRef.h">
      <Filter>Common</Filter>
    </ClInclude>
    <ClInclude Include="..\..\..\Source\Common\WRefVector.h">
      <Filter>Common</Filter>
    </ClInclude>
    <ClInclude Include="..\..\..\Source\Const\Define.h">
      <Filter>Const</Filter>
    </ClInclude>
    <ClInclude Include="..\..\..\Source\Const\Header.h">
      <Filter>Const</Filter>
    </ClInclude>
    <ClInclude Include="..\..\..\Source\Event\Event.h">
      <Filter>Event</Filter>
    </ClInclude>
    <ClInclude Include="..\..\..\Source\Event\EventQueue.h">
      <Filter>Event</Filter>
    </ClInclude>
    <ClInclude Include="..\..\..\Source\Event\EventType.h">
      <Filter>Event</Filter>
    </ClInclude>
    <ClInclude Include="..\..\..\Source\Event\Listener.h">
      <Filter>Event</Filter>
    </ClInclude>
    <ClInclude Include="..\..\..\Source\Lua\LuaBinding.h">
      <Filter>Lua</Filter>
    </ClInclude>
    <ClInclude Include="..\..\..\Source\Lua\LuaEngine.h">
      <Filter>Lua</Filter>
    </ClInclude>
    <ClInclude Include="..\..\..\Source\Lua\LuaHelper.h">
      <Filter>Lua</Filter>
    </ClInclude>
    <ClInclude Include="..\..\..\Source\Lua\LuaManual.h">
      <Filter>Lua</Filter>
    </ClInclude>
    <ClInclude Include="..\..\..\Source\Basic\Scheduler.h">
      <Filter>Basic</Filter>
    </ClInclude>
    <ClInclude Include="..\..\..\Source\Common\Async.h">
      <Filter>Common</Filter>
    </ClInclude>
    <ClInclude Include="..\..\..\Source\Common\Utils.h">
      <Filter>Common</Filter>
    </ClInclude>
    <ClInclude Include="..\..\..\Source\Lua\ToLua\tolua_event.h">
      <Filter>Lua\ToLua</Filter>
    </ClInclude>
    <ClInclude Include="..\..\..\Source\Lua\ToLua\tolua_fix.h">
      <Filter>Lua\ToLua</Filter>
    </ClInclude>
    <ClInclude Include="..\..\..\Source\Lua\ToLua\tolua++.h">
      <Filter>Lua\ToLua</Filter>
    </ClInclude>
    <ClInclude Include="..\..\..\Source\Node\Node.h">
      <Filter>Node</Filter>
    </ClInclude>
    <ClInclude Include="..\..\..\Source\Lua\LuaHandler.h">
      <Filter>Lua</Filter>
    </ClInclude>
  </ItemGroup>
</Project>