// !$*UTF8*$!
{
	archiveVersion = 1;
	classes = {
	};
	objectVersion = 46;
	objects = {

/* Begin PBXBuildFile section */
		3C0D399D1E1BA603007FEFC3 /* Color.cpp in Sources */ = {isa = PBXBuildFile; fileRef = 3C0D399B1E1BA603007FEFC3 /* Color.cpp */; };
		3C0D39A01E1BA8FB007FEFC3 /* Array.cpp in Sources */ = {isa = PBXBuildFile; fileRef = 3C0D399E1E1BA8FB007FEFC3 /* Array.cpp */; };
		3C291D331E025A980098C860 /* AutoreleasePool.cpp in Sources */ = {isa = PBXBuildFile; fileRef = 3C291D311E025A980098C860 /* AutoreleasePool.cpp */; };
		3C291D361E02644A0098C860 /* LifeCycledSingleton.cpp in Sources */ = {isa = PBXBuildFile; fileRef = 3C291D351E02644A0098C860 /* LifeCycledSingleton.cpp */; };
		3C291D4E1E0279990098C860 /* Content.cpp in Sources */ = {isa = PBXBuildFile; fileRef = 3C291D4C1E0279990098C860 /* Content.cpp */; };
		3C291D581E02932B0098C860 /* Content.mm in Sources */ = {isa = PBXBuildFile; fileRef = 3C291D571E02932B0098C860 /* Content.mm */; };
		3C31CB9E1E02293E00A8079D /* Debug.cpp in Sources */ = {isa = PBXBuildFile; fileRef = 3C31CB9C1E02293E00A8079D /* Debug.cpp */; };
		3C35982D1E12060D00E62C16 /* Scheduler.cpp in Sources */ = {isa = PBXBuildFile; fileRef = 3C35982B1E12060D00E62C16 /* Scheduler.cpp */; };
		3C3598321E1254D600E62C16 /* Async.cpp in Sources */ = {isa = PBXBuildFile; fileRef = 3C3598301E1254D600E62C16 /* Async.cpp */; };
		3C374C571E09241600527752 /* Director.cpp in Sources */ = {isa = PBXBuildFile; fileRef = 3C374C551E09241600527752 /* Director.cpp */; };
		3C38E6AC1E1513E5003E9189 /* Application.mm in Sources */ = {isa = PBXBuildFile; fileRef = 3C38E6AB1E1513E5003E9189 /* Application.mm */; };
		3C57A3A11E0A05AD002141DF /* Event.cpp in Sources */ = {isa = PBXBuildFile; fileRef = 3C57A39B1E0A05AD002141DF /* Event.cpp */; };
		3C57A3A21E0A05AD002141DF /* EventType.cpp in Sources */ = {isa = PBXBuildFile; fileRef = 3C57A39D1E0A05AD002141DF /* EventType.cpp */; };
		3C57A3A31E0A05AD002141DF /* Listener.cpp in Sources */ = {isa = PBXBuildFile; fileRef = 3C57A39F1E0A05AD002141DF /* Listener.cpp */; };
		3C6A1FB11E07F569006DD8C7 /* libluajit.a in Frameworks */ = {isa = PBXBuildFile; fileRef = 3CD029171E07DEB10016E1EC /* libluajit.a */; };
		3C77082E1E08C72900B38C2A /* LuaManual.cpp in Sources */ = {isa = PBXBuildFile; fileRef = 3C77082C1E08C72900B38C2A /* LuaManual.cpp */; };
		3C7708321E08CB4300B38C2A /* LuaBinding.cpp in Sources */ = {isa = PBXBuildFile; fileRef = 3C7708301E08CB4300B38C2A /* LuaBinding.cpp */; };
		3C7708331E08CB4300B38C2A /* LuaCode.cpp in Sources */ = {isa = PBXBuildFile; fileRef = 3C7708311E08CB4300B38C2A /* LuaCode.cpp */; };
		3C78C9401E0CB1A2004D0A3C /* EventQueue.cpp in Sources */ = {isa = PBXBuildFile; fileRef = 3C78C93E1E0CB1A2004D0A3C /* EventQueue.cpp */; };
		3C9ADE4C1E00EFD000D42018 /* Application.cpp in Sources */ = {isa = PBXBuildFile; fileRef = 3C9ADE4A1E00EFD000D42018 /* Application.cpp */; };
		3C9ADE5A1E00F24200D42018 /* Object.cpp in Sources */ = {isa = PBXBuildFile; fileRef = 3C9ADE581E00F24200D42018 /* Object.cpp */; };
		3CB487061E1635A500D51749 /* Node.cpp in Sources */ = {isa = PBXBuildFile; fileRef = 3CB487041E1635A500D51749 /* Node.cpp */; };
		3CB487131E16398700D51749 /* tolua_event.cpp in Sources */ = {isa = PBXBuildFile; fileRef = 3CB4870A1E16398700D51749 /* tolua_event.cpp */; };
		3CB487141E16398700D51749 /* tolua_fix.cpp in Sources */ = {isa = PBXBuildFile; fileRef = 3CB4870C1E16398700D51749 /* tolua_fix.cpp */; };
		3CB487151E16398700D51749 /* tolua_is.cpp in Sources */ = {isa = PBXBuildFile; fileRef = 3CB4870E1E16398700D51749 /* tolua_is.cpp */; };
		3CB487161E16398700D51749 /* tolua_map.cpp in Sources */ = {isa = PBXBuildFile; fileRef = 3CB4870F1E16398700D51749 /* tolua_map.cpp */; };
		3CB487171E16398700D51749 /* tolua_push.cpp in Sources */ = {isa = PBXBuildFile; fileRef = 3CB487101E16398700D51749 /* tolua_push.cpp */; };
		3CB487181E16398700D51749 /* tolua_to.cpp in Sources */ = {isa = PBXBuildFile; fileRef = 3CB487111E16398700D51749 /* tolua_to.cpp */; };
		3CB4871E1E16419800D51749 /* Geometry.cpp in Sources */ = {isa = PBXBuildFile; fileRef = 3CB4871C1E16419800D51749 /* Geometry.cpp */; };
		3CC54E991E03C09F00462FD7 /* ioapi.cpp in Sources */ = {isa = PBXBuildFile; fileRef = 3CC54E911E03C09F00462FD7 /* ioapi.cpp */; };
		3CC54E9A1E03C09F00462FD7 /* unzip.cpp in Sources */ = {isa = PBXBuildFile; fileRef = 3CC54E931E03C09F00462FD7 /* unzip.cpp */; };
		3CC54E9B1E03C09F00462FD7 /* zip.cpp in Sources */ = {isa = PBXBuildFile; fileRef = 3CC54E951E03C09F00462FD7 /* zip.cpp */; };
		3CC54E9C1E03C09F00462FD7 /* ZipUtils.cpp in Sources */ = {isa = PBXBuildFile; fileRef = 3CC54E971E03C09F00462FD7 /* ZipUtils.cpp */; };
		3CC54E9D1E03C0B100462FD7 /* libz.1.2.8.tbd in Frameworks */ = {isa = PBXBuildFile; fileRef = 3CC54E7B1E03B78200462FD7 /* libz.1.2.8.tbd */; };
		3CC54E9F1E03C71100462FD7 /* Script in Resources */ = {isa = PBXBuildFile; fileRef = 3CC54E9E1E03C71100462FD7 /* Script */; };
		3CC54EA21E03CA6C00462FD7 /* Slice.cpp in Sources */ = {isa = PBXBuildFile; fileRef = 3CC54EA01E03CA6C00462FD7 /* Slice.cpp */; };
		3CC81FF61D966770008C8B77 /* Assets.xcassets in Resources */ = {isa = PBXBuildFile; fileRef = 3CC81FF51D966770008C8B77 /* Assets.xcassets */; };
		3CCEDD471E1D55BF00F32295 /* Utils.cpp in Sources */ = {isa = PBXBuildFile; fileRef = 3CCEDD461E1D55BF00F32295 /* Utils.cpp */; };
		3CD029091E07D3C50016E1EC /* LuaEngine.cpp in Sources */ = {isa = PBXBuildFile; fileRef = 3CD028FE1E07D3C50016E1EC /* LuaEngine.cpp */; };
		3CD029141E07DD5F0016E1EC /* libbgfx.a in Frameworks */ = {isa = PBXBuildFile; fileRef = 3CD029131E07DD5F0016E1EC /* libbgfx.a */; };
		3CD029161E07DD720016E1EC /* libSDL2.a in Frameworks */ = {isa = PBXBuildFile; fileRef = 3CD029151E07DD720016E1EC /* libSDL2.a */; };
		3CE331411D96CFF700F9C3F6 /* Cocoa.framework in Frameworks */ = {isa = PBXBuildFile; fileRef = 3CE331401D96CFF700F9C3F6 /* Cocoa.framework */; };
		3CE331431D96D00000F9C3F6 /* CoreVideo.framework in Frameworks */ = {isa = PBXBuildFile; fileRef = 3CE331421D96D00000F9C3F6 /* CoreVideo.framework */; };
		3CE331451D96D01200F9C3F6 /* CoreAudio.framework in Frameworks */ = {isa = PBXBuildFile; fileRef = 3CE331441D96D01200F9C3F6 /* CoreAudio.framework */; };
		3CE331481D96D09300F9C3F6 /* ForceFeedback.framework in Frameworks */ = {isa = PBXBuildFile; fileRef = 3CE331471D96D09300F9C3F6 /* ForceFeedback.framework */; };
		3CE3314A1D96D09A00F9C3F6 /* IOKit.framework in Frameworks */ = {isa = PBXBuildFile; fileRef = 3CE331491D96D09A00F9C3F6 /* IOKit.framework */; };
		3CE3314D1D96D0D400F9C3F6 /* AudioToolbox.framework in Frameworks */ = {isa = PBXBuildFile; fileRef = 3CE3314C1D96D0D400F9C3F6 /* AudioToolbox.framework */; };
		3CE3314F1D96D0E300F9C3F6 /* CoreFoundation.framework in Frameworks */ = {isa = PBXBuildFile; fileRef = 3CE3314E1D96D0E200F9C3F6 /* CoreFoundation.framework */; };
		3CE331511D96D0F000F9C3F6 /* AudioUnit.framework in Frameworks */ = {isa = PBXBuildFile; fileRef = 3CE331501D96D0F000F9C3F6 /* AudioUnit.framework */; };
		3CE331531D96D12200F9C3F6 /* Carbon.framework in Frameworks */ = {isa = PBXBuildFile; fileRef = 3CE331521D96D12200F9C3F6 /* Carbon.framework */; };
		3CE331571D96D30100F9C3F6 /* Metal.framework in Frameworks */ = {isa = PBXBuildFile; fileRef = 3CE331561D96D30100F9C3F6 /* Metal.framework */; };
		3CE331651D96D56C00F9C3F6 /* QuartzCore.framework in Frameworks */ = {isa = PBXBuildFile; fileRef = 3CE331641D96D56C00F9C3F6 /* QuartzCore.framework */; };
		3CE3555F1E1B3F7200268A19 /* LuaHandler.cpp in Sources */ = {isa = PBXBuildFile; fileRef = 3CE3555D1E1B3F7200268A19 /* LuaHandler.cpp */; };
/* End PBXBuildFile section */

/* Begin PBXFileReference section */
		3C0D399B1E1BA603007FEFC3 /* Color.cpp */ = {isa = PBXFileReference; fileEncoding = 4; lastKnownFileType = sourcecode.cpp.cpp; name = Color.cpp; path = ../../../Source/Support/Color.cpp; sourceTree = "<group>"; };
		3C0D399C1E1BA603007FEFC3 /* Color.h */ = {isa = PBXFileReference; fileEncoding = 4; lastKnownFileType = sourcecode.c.h; name = Color.h; path = ../../../Source/Support/Color.h; sourceTree = "<group>"; };
		3C0D399E1E1BA8FB007FEFC3 /* Array.cpp */ = {isa = PBXFileReference; fileEncoding = 4; lastKnownFileType = sourcecode.cpp.cpp; name = Array.cpp; path = ../../../Source/Support/Array.cpp; sourceTree = "<group>"; };
		3C0D399F1E1BA8FB007FEFC3 /* Array.h */ = {isa = PBXFileReference; fileEncoding = 4; lastKnownFileType = sourcecode.c.h; name = Array.h; path = ../../../Source/Support/Array.h; sourceTree = "<group>"; };
		3C291D311E025A980098C860 /* AutoreleasePool.cpp */ = {isa = PBXFileReference; fileEncoding = 4; lastKnownFileType = sourcecode.cpp.cpp; name = AutoreleasePool.cpp; path = ../../../Source/Basic/AutoreleasePool.cpp; sourceTree = "<group>"; };
		3C291D321E025A980098C860 /* AutoreleasePool.h */ = {isa = PBXFileReference; fileEncoding = 4; lastKnownFileType = sourcecode.c.h; name = AutoreleasePool.h; path = ../../../Source/Basic/AutoreleasePool.h; sourceTree = "<group>"; };
		3C291D351E02644A0098C860 /* LifeCycledSingleton.cpp */ = {isa = PBXFileReference; fileEncoding = 4; lastKnownFileType = sourcecode.cpp.cpp; name = LifeCycledSingleton.cpp; path = ../../../Source/3rdParty/silly/LifeCycledSingleton.cpp; sourceTree = "<group>"; };
		3C291D4C1E0279990098C860 /* Content.cpp */ = {isa = PBXFileReference; fileEncoding = 4; lastKnownFileType = sourcecode.cpp.cpp; name = Content.cpp; path = ../../../Source/Basic/Content.cpp; sourceTree = "<group>"; };
		3C291D4D1E0279990098C860 /* Content.h */ = {isa = PBXFileReference; fileEncoding = 4; lastKnownFileType = sourcecode.c.h; name = Content.h; path = ../../../Source/Basic/Content.h; sourceTree = "<group>"; };
		3C291D571E02932B0098C860 /* Content.mm */ = {isa = PBXFileReference; fileEncoding = 4; lastKnownFileType = sourcecode.cpp.objcpp; name = Content.mm; path = ../../../Source/Basic/Content.mm; sourceTree = "<group>"; };
		3C31CB9C1E02293E00A8079D /* Debug.cpp */ = {isa = PBXFileReference; fileEncoding = 4; lastKnownFileType = sourcecode.cpp.cpp; name = Debug.cpp; path = ../../../Source/Common/Debug.cpp; sourceTree = "<group>"; };
		3C31CB9D1E02293E00A8079D /* Debug.h */ = {isa = PBXFileReference; fileEncoding = 4; lastKnownFileType = sourcecode.c.h; name = Debug.h; path = ../../../Source/Common/Debug.h; sourceTree = "<group>"; };
		3C35982B1E12060D00E62C16 /* Scheduler.cpp */ = {isa = PBXFileReference; fileEncoding = 4; lastKnownFileType = sourcecode.cpp.cpp; name = Scheduler.cpp; path = ../../../Source/Basic/Scheduler.cpp; sourceTree = "<group>"; };
		3C35982C1E12060D00E62C16 /* Scheduler.h */ = {isa = PBXFileReference; fileEncoding = 4; lastKnownFileType = sourcecode.c.h; name = Scheduler.h; path = ../../../Source/Basic/Scheduler.h; sourceTree = "<group>"; };
		3C3598301E1254D600E62C16 /* Async.cpp */ = {isa = PBXFileReference; fileEncoding = 4; lastKnownFileType = sourcecode.cpp.cpp; name = Async.cpp; path = ../../../Source/Common/Async.cpp; sourceTree = "<group>"; };
		3C3598311E1254D600E62C16 /* Async.h */ = {isa = PBXFileReference; fileEncoding = 4; lastKnownFileType = sourcecode.c.h; name = Async.h; path = ../../../Source/Common/Async.h; sourceTree = "<group>"; };
		3C374C551E09241600527752 /* Director.cpp */ = {isa = PBXFileReference; fileEncoding = 4; lastKnownFileType = sourcecode.cpp.cpp; name = Director.cpp; path = ../../../Source/Basic/Director.cpp; sourceTree = "<group>"; };
		3C374C561E09241600527752 /* Director.h */ = {isa = PBXFileReference; fileEncoding = 4; lastKnownFileType = sourcecode.c.h; name = Director.h; path = ../../../Source/Basic/Director.h; sourceTree = "<group>"; };
		3C38E6AB1E1513E5003E9189 /* Application.mm */ = {isa = PBXFileReference; fileEncoding = 4; lastKnownFileType = sourcecode.cpp.objcpp; name = Application.mm; path = ../../../Source/Basic/Application.mm; sourceTree = "<group>"; };
		3C57A39B1E0A05AD002141DF /* Event.cpp */ = {isa = PBXFileReference; fileEncoding = 4; lastKnownFileType = sourcecode.cpp.cpp; name = Event.cpp; path = ../../../Source/Event/Event.cpp; sourceTree = "<group>"; };
		3C57A39C1E0A05AD002141DF /* Event.h */ = {isa = PBXFileReference; fileEncoding = 4; lastKnownFileType = sourcecode.c.h; name = Event.h; path = ../../../Source/Event/Event.h; sourceTree = "<group>"; };
		3C57A39D1E0A05AD002141DF /* EventType.cpp */ = {isa = PBXFileReference; fileEncoding = 4; lastKnownFileType = sourcecode.cpp.cpp; name = EventType.cpp; path = ../../../Source/Event/EventType.cpp; sourceTree = "<group>"; };
		3C57A39E1E0A05AD002141DF /* EventType.h */ = {isa = PBXFileReference; fileEncoding = 4; lastKnownFileType = sourcecode.c.h; name = EventType.h; path = ../../../Source/Event/EventType.h; sourceTree = "<group>"; };
		3C57A39F1E0A05AD002141DF /* Listener.cpp */ = {isa = PBXFileReference; fileEncoding = 4; lastKnownFileType = sourcecode.cpp.cpp; name = Listener.cpp; path = ../../../Source/Event/Listener.cpp; sourceTree = "<group>"; };
		3C57A3A01E0A05AD002141DF /* Listener.h */ = {isa = PBXFileReference; fileEncoding = 4; lastKnownFileType = sourcecode.c.h; name = Listener.h; path = ../../../Source/Event/Listener.h; sourceTree = "<group>"; };
		3C77082C1E08C72900B38C2A /* LuaManual.cpp */ = {isa = PBXFileReference; fileEncoding = 4; lastKnownFileType = sourcecode.cpp.cpp; name = LuaManual.cpp; path = ../../../Source/Lua/LuaManual.cpp; sourceTree = "<group>"; };
		3C77082D1E08C72900B38C2A /* LuaManual.h */ = {isa = PBXFileReference; fileEncoding = 4; lastKnownFileType = sourcecode.c.h; name = LuaManual.h; path = ../../../Source/Lua/LuaManual.h; sourceTree = "<group>"; };
		3C77082F1E08CA0900B38C2A /* LuaBinding.h */ = {isa = PBXFileReference; fileEncoding = 4; lastKnownFileType = sourcecode.c.h; name = LuaBinding.h; path = ../../../Source/Lua/LuaBinding.h; sourceTree = "<group>"; };
		3C7708301E08CB4300B38C2A /* LuaBinding.cpp */ = {isa = PBXFileReference; fileEncoding = 4; lastKnownFileType = sourcecode.cpp.cpp; name = LuaBinding.cpp; path = ../../../Source/Lua/LuaBinding.cpp; sourceTree = "<group>"; };
		3C7708311E08CB4300B38C2A /* LuaCode.cpp */ = {isa = PBXFileReference; fileEncoding = 4; lastKnownFileType = sourcecode.cpp.cpp; name = LuaCode.cpp; path = ../../../Source/Lua/LuaCode.cpp; sourceTree = "<group>"; };
		3C78C93E1E0CB1A2004D0A3C /* EventQueue.cpp */ = {isa = PBXFileReference; fileEncoding = 4; lastKnownFileType = sourcecode.cpp.cpp; name = EventQueue.cpp; path = ../../../Source/Event/EventQueue.cpp; sourceTree = "<group>"; };
		3C78C93F1E0CB1A2004D0A3C /* EventQueue.h */ = {isa = PBXFileReference; fileEncoding = 4; lastKnownFileType = sourcecode.c.h; name = EventQueue.h; path = ../../../Source/Event/EventQueue.h; sourceTree = "<group>"; };
		3C9ADE4A1E00EFD000D42018 /* Application.cpp */ = {isa = PBXFileReference; fileEncoding = 4; lastKnownFileType = sourcecode.cpp.cpp; name = Application.cpp; path = ../../../Source/Basic/Application.cpp; sourceTree = "<group>"; };
		3C9ADE4B1E00EFD000D42018 /* Application.h */ = {isa = PBXFileReference; fileEncoding = 4; lastKnownFileType = sourcecode.c.h; name = Application.h; path = ../../../Source/Basic/Application.h; sourceTree = "<group>"; };
		3C9ADE4E1E00F14900D42018 /* Header.h */ = {isa = PBXFileReference; fileEncoding = 4; lastKnownFileType = sourcecode.c.h; name = Header.h; path = ../../../Source/Const/Header.h; sourceTree = "<group>"; };
		3C9ADE501E00F16100D42018 /* Utils.h */ = {isa = PBXFileReference; fileEncoding = 4; lastKnownFileType = sourcecode.c.h; name = Utils.h; path = ../../../Source/Common/Utils.h; sourceTree = "<group>"; };
		3C9ADE511E00F16100D42018 /* MemoryPool.h */ = {isa = PBXFileReference; fileEncoding = 4; lastKnownFileType = sourcecode.c.h; name = MemoryPool.h; path = ../../../Source/Common/MemoryPool.h; sourceTree = "<group>"; };
		3C9ADE521E00F16100D42018 /* Own.h */ = {isa = PBXFileReference; fileEncoding = 4; lastKnownFileType = sourcecode.c.h; name = Own.h; path = ../../../Source/Common/Own.h; sourceTree = "<group>"; };
		3C9ADE541E00F16100D42018 /* Ref.h */ = {isa = PBXFileReference; fileEncoding = 4; lastKnownFileType = sourcecode.c.h; name = Ref.h; path = ../../../Source/Common/Ref.h; sourceTree = "<group>"; };
		3C9ADE561E00F16100D42018 /* WRef.h */ = {isa = PBXFileReference; fileEncoding = 4; lastKnownFileType = sourcecode.c.h; name = WRef.h; path = ../../../Source/Common/WRef.h; sourceTree = "<group>"; };
		3C9ADE581E00F24200D42018 /* Object.cpp */ = {isa = PBXFileReference; fileEncoding = 4; lastKnownFileType = sourcecode.cpp.cpp; name = Object.cpp; path = ../../../Source/Basic/Object.cpp; sourceTree = "<group>"; };
		3C9ADE591E00F24200D42018 /* Object.h */ = {isa = PBXFileReference; fileEncoding = 4; lastKnownFileType = sourcecode.c.h; name = Object.h; path = ../../../Source/Basic/Object.h; sourceTree = "<group>"; };
		3CB487041E1635A500D51749 /* Node.cpp */ = {isa = PBXFileReference; fileEncoding = 4; lastKnownFileType = sourcecode.cpp.cpp; name = Node.cpp; path = ../../../Source/Node/Node.cpp; sourceTree = "<group>"; };
		3CB487051E1635A500D51749 /* Node.h */ = {isa = PBXFileReference; fileEncoding = 4; lastKnownFileType = sourcecode.c.h; name = Node.h; path = ../../../Source/Node/Node.h; sourceTree = "<group>"; };
		3CB4870A1E16398700D51749 /* tolua_event.cpp */ = {isa = PBXFileReference; fileEncoding = 4; lastKnownFileType = sourcecode.cpp.cpp; name = tolua_event.cpp; path = ../../../Source/Lua/ToLua/tolua_event.cpp; sourceTree = "<group>"; };
		3CB4870B1E16398700D51749 /* tolua_event.h */ = {isa = PBXFileReference; fileEncoding = 4; lastKnownFileType = sourcecode.c.h; name = tolua_event.h; path = ../../../Source/Lua/ToLua/tolua_event.h; sourceTree = "<group>"; };
		3CB4870C1E16398700D51749 /* tolua_fix.cpp */ = {isa = PBXFileReference; fileEncoding = 4; lastKnownFileType = sourcecode.cpp.cpp; name = tolua_fix.cpp; path = ../../../Source/Lua/ToLua/tolua_fix.cpp; sourceTree = "<group>"; };
		3CB4870D1E16398700D51749 /* tolua_fix.h */ = {isa = PBXFileReference; fileEncoding = 4; lastKnownFileType = sourcecode.c.h; name = tolua_fix.h; path = ../../../Source/Lua/ToLua/tolua_fix.h; sourceTree = "<group>"; };
		3CB4870E1E16398700D51749 /* tolua_is.cpp */ = {isa = PBXFileReference; fileEncoding = 4; lastKnownFileType = sourcecode.cpp.cpp; name = tolua_is.cpp; path = ../../../Source/Lua/ToLua/tolua_is.cpp; sourceTree = "<group>"; };
		3CB4870F1E16398700D51749 /* tolua_map.cpp */ = {isa = PBXFileReference; fileEncoding = 4; lastKnownFileType = sourcecode.cpp.cpp; name = tolua_map.cpp; path = ../../../Source/Lua/ToLua/tolua_map.cpp; sourceTree = "<group>"; };
		3CB487101E16398700D51749 /* tolua_push.cpp */ = {isa = PBXFileReference; fileEncoding = 4; lastKnownFileType = sourcecode.cpp.cpp; name = tolua_push.cpp; path = ../../../Source/Lua/ToLua/tolua_push.cpp; sourceTree = "<group>"; };
		3CB487111E16398700D51749 /* tolua_to.cpp */ = {isa = PBXFileReference; fileEncoding = 4; lastKnownFileType = sourcecode.cpp.cpp; name = tolua_to.cpp; path = ../../../Source/Lua/ToLua/tolua_to.cpp; sourceTree = "<group>"; };
		3CB487121E16398700D51749 /* tolua++.h */ = {isa = PBXFileReference; fileEncoding = 4; lastKnownFileType = sourcecode.c.h; name = "tolua++.h"; path = "../../../Source/Lua/ToLua/tolua++.h"; sourceTree = "<group>"; };
		3CB4871C1E16419800D51749 /* Geometry.cpp */ = {isa = PBXFileReference; fileEncoding = 4; lastKnownFileType = sourcecode.cpp.cpp; name = Geometry.cpp; path = ../../../Source/Support/Geometry.cpp; sourceTree = "<group>"; };
		3CB4871D1E16419800D51749 /* Geometry.h */ = {isa = PBXFileReference; fileEncoding = 4; lastKnownFileType = sourcecode.c.h; name = Geometry.h; path = ../../../Source/Support/Geometry.h; sourceTree = "<group>"; };
		3CC54E5D1E039E0800462FD7 /* LifeCycledSingleton.h */ = {isa = PBXFileReference; fileEncoding = 4; lastKnownFileType = sourcecode.c.h; name = LifeCycledSingleton.h; path = ../../../Source/3rdParty/silly/LifeCycledSingleton.h; sourceTree = "<group>"; };
		3CC54E5F1E039E2800462FD7 /* AcfDelegate.h */ = {isa = PBXFileReference; fileEncoding = 4; lastKnownFileType = sourcecode.c.h; name = AcfDelegate.h; path = ../../../Source/3rdParty/Other/AcfDelegate.h; sourceTree = "<group>"; };
		3CC54E631E03AA7A00462FD7 /* mkdir.h */ = {isa = PBXFileReference; fileEncoding = 4; lastKnownFileType = sourcecode.c.h; name = mkdir.h; path = ../../../Source/3rdParty/FileSystem/mkdir.h; sourceTree = "<group>"; };
		3CC54E641E03AA7A00462FD7 /* tinydir.h */ = {isa = PBXFileReference; fileEncoding = 4; lastKnownFileType = sourcecode.c.h; name = tinydir.h; path = ../../../Source/3rdParty/FileSystem/tinydir.h; sourceTree = "<group>"; };
		3CC54E7B1E03B78200462FD7 /* libz.1.2.8.tbd */ = {isa = PBXFileReference; lastKnownFileType = "sourcecode.text-based-dylib-definition"; name = libz.1.2.8.tbd; path = usr/lib/libz.1.2.8.tbd; sourceTree = SDKROOT; };
		3CC54E901E03C09F00462FD7 /* crypt.h */ = {isa = PBXFileReference; fileEncoding = 4; lastKnownFileType = sourcecode.c.h; name = crypt.h; path = ../../../Source/3rdParty/Zip/Support/crypt.h; sourceTree = "<group>"; };
		3CC54E911E03C09F00462FD7 /* ioapi.cpp */ = {isa = PBXFileReference; fileEncoding = 4; lastKnownFileType = sourcecode.cpp.cpp; name = ioapi.cpp; path = ../../../Source/3rdParty/Zip/Support/ioapi.cpp; sourceTree = "<group>"; };
		3CC54E921E03C09F00462FD7 /* ioapi.h */ = {isa = PBXFileReference; fileEncoding = 4; lastKnownFileType = sourcecode.c.h; name = ioapi.h; path = ../../../Source/3rdParty/Zip/Support/ioapi.h; sourceTree = "<group>"; };
		3CC54E931E03C09F00462FD7 /* unzip.cpp */ = {isa = PBXFileReference; fileEncoding = 4; lastKnownFileType = sourcecode.cpp.cpp; name = unzip.cpp; path = ../../../Source/3rdParty/Zip/Support/unzip.cpp; sourceTree = "<group>"; };
		3CC54E941E03C09F00462FD7 /* unzip.h */ = {isa = PBXFileReference; fileEncoding = 4; lastKnownFileType = sourcecode.c.h; name = unzip.h; path = ../../../Source/3rdParty/Zip/Support/unzip.h; sourceTree = "<group>"; };
		3CC54E951E03C09F00462FD7 /* zip.cpp */ = {isa = PBXFileReference; fileEncoding = 4; lastKnownFileType = sourcecode.cpp.cpp; name = zip.cpp; path = ../../../Source/3rdParty/Zip/Support/zip.cpp; sourceTree = "<group>"; };
		3CC54E961E03C09F00462FD7 /* zip.h */ = {isa = PBXFileReference; fileEncoding = 4; lastKnownFileType = sourcecode.c.h; name = zip.h; path = ../../../Source/3rdParty/Zip/Support/zip.h; sourceTree = "<group>"; };
		3CC54E971E03C09F00462FD7 /* ZipUtils.cpp */ = {isa = PBXFileReference; fileEncoding = 4; lastKnownFileType = sourcecode.cpp.cpp; name = ZipUtils.cpp; path = ../../../Source/3rdParty/Zip/Support/ZipUtils.cpp; sourceTree = "<group>"; };
		3CC54E981E03C09F00462FD7 /* ZipUtils.h */ = {isa = PBXFileReference; fileEncoding = 4; lastKnownFileType = sourcecode.c.h; name = ZipUtils.h; path = ../../../Source/3rdParty/Zip/Support/ZipUtils.h; sourceTree = "<group>"; };
		3CC54E9E1E03C71100462FD7 /* Script */ = {isa = PBXFileReference; lastKnownFileType = folder; name = Script; path = ../../Assets/Script; sourceTree = "<group>"; };
		3CC54EA01E03CA6C00462FD7 /* Slice.cpp */ = {isa = PBXFileReference; fileEncoding = 4; lastKnownFileType = sourcecode.cpp.cpp; name = Slice.cpp; path = ../../../Source/3rdParty/silly/Slice.cpp; sourceTree = "<group>"; };
		3CC54EA11E03CA6C00462FD7 /* Slice.h */ = {isa = PBXFileReference; fileEncoding = 4; lastKnownFileType = sourcecode.c.h; name = Slice.h; path = ../../../Source/3rdParty/silly/Slice.h; sourceTree = "<group>"; };
		3CC81FE61D966770008C8B77 /* Dorothy.app */ = {isa = PBXFileReference; explicitFileType = wrapper.application; includeInIndex = 0; path = Dorothy.app; sourceTree = BUILT_PRODUCTS_DIR; };
		3CC81FF51D966770008C8B77 /* Assets.xcassets */ = {isa = PBXFileReference; lastKnownFileType = folder.assetcatalog; path = Assets.xcassets; sourceTree = "<group>"; };
		3CC81FFA1D966770008C8B77 /* Info.plist */ = {isa = PBXFileReference; lastKnownFileType = text.plist.xml; path = Info.plist; sourceTree = "<group>"; };
		3CCEDD461E1D55BF00F32295 /* Utils.cpp */ = {isa = PBXFileReference; fileEncoding = 4; lastKnownFileType = sourcecode.cpp.cpp; name = Utils.cpp; path = ../../../Source/Common/Utils.cpp; sourceTree = "<group>"; };
		3CD028FE1E07D3C50016E1EC /* LuaEngine.cpp */ = {isa = PBXFileReference; fileEncoding = 4; lastKnownFileType = sourcecode.cpp.cpp; name = LuaEngine.cpp; path = ../../../Source/Lua/LuaEngine.cpp; sourceTree = "<group>"; };
		3CD028FF1E07D3C50016E1EC /* LuaEngine.h */ = {isa = PBXFileReference; fileEncoding = 4; lastKnownFileType = sourcecode.c.h; name = LuaEngine.h; path = ../../../Source/Lua/LuaEngine.h; sourceTree = "<group>"; };
		3CD029131E07DD5F0016E1EC /* libbgfx.a */ = {isa = PBXFileReference; lastKnownFileType = archive.ar; name = libbgfx.a; path = ../../Source/3rdParty/BGFX/Lib/macOS/libbgfx.a; sourceTree = "<group>"; };
		3CD029151E07DD720016E1EC /* libSDL2.a */ = {isa = PBXFileReference; lastKnownFileType = archive.ar; name = libSDL2.a; path = ../../Source/3rdParty/SDL2/Lib/macOS/libSDL2.a; sourceTree = "<group>"; };
		3CD029171E07DEB10016E1EC /* libluajit.a */ = {isa = PBXFileReference; lastKnownFileType = archive.ar; name = libluajit.a; path = ../../Source/3rdParty/Lua/Lib/macOS/libluajit.a; sourceTree = "<group>"; };
		3CDCB0651E02204300AD73FC /* Define.h */ = {isa = PBXFileReference; fileEncoding = 4; lastKnownFileType = sourcecode.c.h; name = Define.h; path = ../../../Source/Const/Define.h; sourceTree = "<group>"; };
		3CE331401D96CFF700F9C3F6 /* Cocoa.framework */ = {isa = PBXFileReference; lastKnownFileType = wrapper.framework; name = Cocoa.framework; path = System/Library/Frameworks/Cocoa.framework; sourceTree = SDKROOT; };
		3CE331421D96D00000F9C3F6 /* CoreVideo.framework */ = {isa = PBXFileReference; lastKnownFileType = wrapper.framework; name = CoreVideo.framework; path = System/Library/Frameworks/CoreVideo.framework; sourceTree = SDKROOT; };
		3CE331441D96D01200F9C3F6 /* CoreAudio.framework */ = {isa = PBXFileReference; lastKnownFileType = wrapper.framework; name = CoreAudio.framework; path = System/Library/Frameworks/CoreAudio.framework; sourceTree = SDKROOT; };
		3CE331471D96D09300F9C3F6 /* ForceFeedback.framework */ = {isa = PBXFileReference; lastKnownFileType = wrapper.framework; name = ForceFeedback.framework; path = System/Library/Frameworks/ForceFeedback.framework; sourceTree = SDKROOT; };
		3CE331491D96D09A00F9C3F6 /* IOKit.framework */ = {isa = PBXFileReference; lastKnownFileType = wrapper.framework; name = IOKit.framework; path = System/Library/Frameworks/IOKit.framework; sourceTree = SDKROOT; };
		3CE3314C1D96D0D400F9C3F6 /* AudioToolbox.framework */ = {isa = PBXFileReference; lastKnownFileType = wrapper.framework; name = AudioToolbox.framework; path = System/Library/Frameworks/AudioToolbox.framework; sourceTree = SDKROOT; };
		3CE3314E1D96D0E200F9C3F6 /* CoreFoundation.framework */ = {isa = PBXFileReference; lastKnownFileType = wrapper.framework; name = CoreFoundation.framework; path = System/Library/Frameworks/CoreFoundation.framework; sourceTree = SDKROOT; };
		3CE331501D96D0F000F9C3F6 /* AudioUnit.framework */ = {isa = PBXFileReference; lastKnownFileType = wrapper.framework; name = AudioUnit.framework; path = System/Library/Frameworks/AudioUnit.framework; sourceTree = SDKROOT; };
		3CE331521D96D12200F9C3F6 /* Carbon.framework */ = {isa = PBXFileReference; lastKnownFileType = wrapper.framework; name = Carbon.framework; path = System/Library/Frameworks/Carbon.framework; sourceTree = SDKROOT; };
		3CE331561D96D30100F9C3F6 /* Metal.framework */ = {isa = PBXFileReference; lastKnownFileType = wrapper.framework; name = Metal.framework; path = System/Library/Frameworks/Metal.framework; sourceTree = SDKROOT; };
		3CE331641D96D56C00F9C3F6 /* QuartzCore.framework */ = {isa = PBXFileReference; lastKnownFileType = wrapper.framework; name = QuartzCore.framework; path = System/Library/Frameworks/QuartzCore.framework; sourceTree = SDKROOT; };
		3CE3555D1E1B3F7200268A19 /* LuaHandler.cpp */ = {isa = PBXFileReference; fileEncoding = 4; lastKnownFileType = sourcecode.cpp.cpp; name = LuaHandler.cpp; path = ../../../Source/Lua/LuaHandler.cpp; sourceTree = "<group>"; };
		3CE3555E1E1B3F7200268A19 /* LuaHandler.h */ = {isa = PBXFileReference; fileEncoding = 4; lastKnownFileType = sourcecode.c.h; name = LuaHandler.h; path = ../../../Source/Lua/LuaHandler.h; sourceTree = "<group>"; };
/* End PBXFileReference section */

/* Begin PBXFrameworksBuildPhase section */
		3CC81FE31D966770008C8B77 /* Frameworks */ = {
			isa = PBXFrameworksBuildPhase;
			buildActionMask = 2147483647;
			files = (
				3C6A1FB11E07F569006DD8C7 /* libluajit.a in Frameworks */,
				3CD029161E07DD720016E1EC /* libSDL2.a in Frameworks */,
				3CD029141E07DD5F0016E1EC /* libbgfx.a in Frameworks */,
				3CC54E9D1E03C0B100462FD7 /* libz.1.2.8.tbd in Frameworks */,
				3CE331651D96D56C00F9C3F6 /* QuartzCore.framework in Frameworks */,
				3CE331571D96D30100F9C3F6 /* Metal.framework in Frameworks */,
				3CE331531D96D12200F9C3F6 /* Carbon.framework in Frameworks */,
				3CE331511D96D0F000F9C3F6 /* AudioUnit.framework in Frameworks */,
				3CE3314F1D96D0E300F9C3F6 /* CoreFoundation.framework in Frameworks */,
				3CE3314D1D96D0D400F9C3F6 /* AudioToolbox.framework in Frameworks */,
				3CE3314A1D96D09A00F9C3F6 /* IOKit.framework in Frameworks */,
				3CE331481D96D09300F9C3F6 /* ForceFeedback.framework in Frameworks */,
				3CE331451D96D01200F9C3F6 /* CoreAudio.framework in Frameworks */,
				3CE331431D96D00000F9C3F6 /* CoreVideo.framework in Frameworks */,
				3CE331411D96CFF700F9C3F6 /* Cocoa.framework in Frameworks */,
			);
			runOnlyForDeploymentPostprocessing = 0;
		};
/* End PBXFrameworksBuildPhase section */

/* Begin PBXGroup section */
		3C17D58D1D9C401F008758E8 /* Frameworks */ = {
			isa = PBXGroup;
			children = (
				3CD029171E07DEB10016E1EC /* libluajit.a */,
				3CD029151E07DD720016E1EC /* libSDL2.a */,
				3CD029131E07DD5F0016E1EC /* libbgfx.a */,
				3CC54E7B1E03B78200462FD7 /* libz.1.2.8.tbd */,
				3CE331641D96D56C00F9C3F6 /* QuartzCore.framework */,
				3CE331561D96D30100F9C3F6 /* Metal.framework */,
				3CE331521D96D12200F9C3F6 /* Carbon.framework */,
				3CE331501D96D0F000F9C3F6 /* AudioUnit.framework */,
				3CE3314E1D96D0E200F9C3F6 /* CoreFoundation.framework */,
				3CE3314C1D96D0D400F9C3F6 /* AudioToolbox.framework */,
				3CE331491D96D09A00F9C3F6 /* IOKit.framework */,
				3CE331471D96D09300F9C3F6 /* ForceFeedback.framework */,
				3CE331441D96D01200F9C3F6 /* CoreAudio.framework */,
				3CE331421D96D00000F9C3F6 /* CoreVideo.framework */,
				3CE331401D96CFF700F9C3F6 /* Cocoa.framework */,
			);
			name = Frameworks;
			sourceTree = "<group>";
		};
		3C291D341E0264380098C860 /* silly */ = {
			isa = PBXGroup;
			children = (
				3CC54EA01E03CA6C00462FD7 /* Slice.cpp */,
				3CC54EA11E03CA6C00462FD7 /* Slice.h */,
				3C291D351E02644A0098C860 /* LifeCycledSingleton.cpp */,
				3CC54E5D1E039E0800462FD7 /* LifeCycledSingleton.h */,
			);
			name = silly;
			sourceTree = "<group>";
		};
		3C291D371E0264510098C860 /* 3rdParty */ = {
			isa = PBXGroup;
			children = (
				3CC54E8E1E03C08200462FD7 /* Zip */,
				3CC54E621E03AA6800462FD7 /* FileSystem */,
				3CC54E5E1E039E1300462FD7 /* Other */,
				3C291D341E0264380098C860 /* silly */,
			);
			name = 3rdParty;
			sourceTree = "<group>";
		};
		3C57A39A1E0A059A002141DF /* Event */ = {
			isa = PBXGroup;
			children = (
				3C78C93E1E0CB1A2004D0A3C /* EventQueue.cpp */,
				3C78C93F1E0CB1A2004D0A3C /* EventQueue.h */,
				3C57A39B1E0A05AD002141DF /* Event.cpp */,
				3C57A39C1E0A05AD002141DF /* Event.h */,
				3C57A39D1E0A05AD002141DF /* EventType.cpp */,
				3C57A39E1E0A05AD002141DF /* EventType.h */,
				3C57A39F1E0A05AD002141DF /* Listener.cpp */,
				3C57A3A01E0A05AD002141DF /* Listener.h */,
			);
			name = Event;
			sourceTree = "<group>";
		};
		3C7708341E08D98F00B38C2A /* ToLua */ = {
			isa = PBXGroup;
			children = (
				3CB4870A1E16398700D51749 /* tolua_event.cpp */,
				3CB4870B1E16398700D51749 /* tolua_event.h */,
				3CB4870C1E16398700D51749 /* tolua_fix.cpp */,
				3CB4870D1E16398700D51749 /* tolua_fix.h */,
				3CB4870E1E16398700D51749 /* tolua_is.cpp */,
				3CB4870F1E16398700D51749 /* tolua_map.cpp */,
				3CB487101E16398700D51749 /* tolua_push.cpp */,
				3CB487111E16398700D51749 /* tolua_to.cpp */,
				3CB487121E16398700D51749 /* tolua++.h */,
			);
			name = ToLua;
			sourceTree = "<group>";
		};
		3C9ADE491E00EFB200D42018 /* Basic */ = {
			isa = PBXGroup;
			children = (
				3C35982B1E12060D00E62C16 /* Scheduler.cpp */,
				3C35982C1E12060D00E62C16 /* Scheduler.h */,
				3C374C551E09241600527752 /* Director.cpp */,
				3C374C561E09241600527752 /* Director.h */,
				3C291D571E02932B0098C860 /* Content.mm */,
				3C291D4C1E0279990098C860 /* Content.cpp */,
				3C291D4D1E0279990098C860 /* Content.h */,
				3C291D311E025A980098C860 /* AutoreleasePool.cpp */,
				3C291D321E025A980098C860 /* AutoreleasePool.h */,
				3C9ADE581E00F24200D42018 /* Object.cpp */,
				3C9ADE591E00F24200D42018 /* Object.h */,
				3C38E6AB1E1513E5003E9189 /* Application.mm */,
				3C9ADE4A1E00EFD000D42018 /* Application.cpp */,
				3C9ADE4B1E00EFD000D42018 /* Application.h */,
			);
			name = Basic;
			sourceTree = "<group>";
		};
		3C9ADE4D1E00F13500D42018 /* Const */ = {
			isa = PBXGroup;
			children = (
				3CDCB0651E02204300AD73FC /* Define.h */,
				3C9ADE4E1E00F14900D42018 /* Header.h */,
			);
			name = Const;
			sourceTree = "<group>";
		};
		3C9ADE4F1E00F14E00D42018 /* Common */ = {
			isa = PBXGroup;
			children = (
				3C3598301E1254D600E62C16 /* Async.cpp */,
				3C3598311E1254D600E62C16 /* Async.h */,
				3C9ADE511E00F16100D42018 /* MemoryPool.h */,
				3C9ADE521E00F16100D42018 /* Own.h */,
				3C9ADE541E00F16100D42018 /* Ref.h */,
				3C9ADE561E00F16100D42018 /* WRef.h */,
				3CCEDD461E1D55BF00F32295 /* Utils.cpp */,
				3C9ADE501E00F16100D42018 /* Utils.h */,
				3C31CB9C1E02293E00A8079D /* Debug.cpp */,
				3C31CB9D1E02293E00A8079D /* Debug.h */,
			);
			name = Common;
			sourceTree = "<group>";
		};
		3CB4871A1E163E9400D51749 /* Support */ = {
			isa = PBXGroup;
			children = (
				3C0D399E1E1BA8FB007FEFC3 /* Array.cpp */,
				3C0D399F1E1BA8FB007FEFC3 /* Array.h */,
				3C0D399B1E1BA603007FEFC3 /* Color.cpp */,
				3C0D399C1E1BA603007FEFC3 /* Color.h */,
				3CB4871C1E16419800D51749 /* Geometry.cpp */,
				3CB4871D1E16419800D51749 /* Geometry.h */,
			);
			name = Support;
			sourceTree = "<group>";
		};
		3CC54E5E1E039E1300462FD7 /* Other */ = {
			isa = PBXGroup;
			children = (
				3CC54E5F1E039E2800462FD7 /* AcfDelegate.h */,
			);
			name = Other;
			sourceTree = "<group>";
		};
		3CC54E621E03AA6800462FD7 /* FileSystem */ = {
			isa = PBXGroup;
			children = (
				3CC54E631E03AA7A00462FD7 /* mkdir.h */,
				3CC54E641E03AA7A00462FD7 /* tinydir.h */,
			);
			name = FileSystem;
			sourceTree = "<group>";
		};
		3CC54E8B1E03BC9700462FD7 /* Resources */ = {
			isa = PBXGroup;
			children = (
				3CC54E9E1E03C71100462FD7 /* Script */,
			);
			name = Resources;
			sourceTree = "<group>";
		};
		3CC54E8E1E03C08200462FD7 /* Zip */ = {
			isa = PBXGroup;
			children = (
				3CC54E8F1E03C08700462FD7 /* Support */,
			);
			name = Zip;
			sourceTree = "<group>";
		};
		3CC54E8F1E03C08700462FD7 /* Support */ = {
			isa = PBXGroup;
			children = (
				3CC54E901E03C09F00462FD7 /* crypt.h */,
				3CC54E911E03C09F00462FD7 /* ioapi.cpp */,
				3CC54E921E03C09F00462FD7 /* ioapi.h */,
				3CC54E931E03C09F00462FD7 /* unzip.cpp */,
				3CC54E941E03C09F00462FD7 /* unzip.h */,
				3CC54E951E03C09F00462FD7 /* zip.cpp */,
				3CC54E961E03C09F00462FD7 /* zip.h */,
				3CC54E971E03C09F00462FD7 /* ZipUtils.cpp */,
				3CC54E981E03C09F00462FD7 /* ZipUtils.h */,
			);
			name = Support;
			sourceTree = "<group>";
		};
		3CC81FDD1D966770008C8B77 = {
			isa = PBXGroup;
			children = (
				3CC54E8B1E03BC9700462FD7 /* Resources */,
				3CC81FE81D966770008C8B77 /* Dorothy */,
				3CC81FE71D966770008C8B77 /* Products */,
				3C17D58D1D9C401F008758E8 /* Frameworks */,
			);
			sourceTree = "<group>";
		};
		3CC81FE71D966770008C8B77 /* Products */ = {
			isa = PBXGroup;
			children = (
				3CC81FE61D966770008C8B77 /* Dorothy.app */,
			);
			name = Products;
			sourceTree = "<group>";
		};
		3CC81FE81D966770008C8B77 /* Dorothy */ = {
			isa = PBXGroup;
			children = (
				3C291D371E0264510098C860 /* 3rdParty */,
				3C9ADE491E00EFB200D42018 /* Basic */,
				3C9ADE4F1E00F14E00D42018 /* Common */,
				3C9ADE4D1E00F13500D42018 /* Const */,
				3CCBBA391E14B51100C0416B /* Dispacher */,
				3C57A39A1E0A059A002141DF /* Event */,
				3CFF5F221E012874004E3CA6 /* Lua */,
				3CCBBA381E14B50B00C0416B /* Node */,
				3CB4871A1E163E9400D51749 /* Support */,
				3CC81FF51D966770008C8B77 /* Assets.xcassets */,
				3CC81FFA1D966770008C8B77 /* Info.plist */,
			);
			path = Dorothy;
			sourceTree = "<group>";
		};
		3CCBBA381E14B50B00C0416B /* Node */ = {
			isa = PBXGroup;
			children = (
				3CB487041E1635A500D51749 /* Node.cpp */,
				3CB487051E1635A500D51749 /* Node.h */,
			);
			name = Node;
			sourceTree = "<group>";
		};
		3CCBBA391E14B51100C0416B /* Dispacher */ = {
			isa = PBXGroup;
			children = (
			);
			name = Dispacher;
			sourceTree = "<group>";
		};
		3CFF5F221E012874004E3CA6 /* Lua */ = {
			isa = PBXGroup;
			children = (
				3C7708341E08D98F00B38C2A /* ToLua */,
				3C7708301E08CB4300B38C2A /* LuaBinding.cpp */,
				3C77082F1E08CA0900B38C2A /* LuaBinding.h */,
				3C7708311E08CB4300B38C2A /* LuaCode.cpp */,
				3C77082C1E08C72900B38C2A /* LuaManual.cpp */,
				3C77082D1E08C72900B38C2A /* LuaManual.h */,
				3CD028FE1E07D3C50016E1EC /* LuaEngine.cpp */,
				3CD028FF1E07D3C50016E1EC /* LuaEngine.h */,
				3CE3555D1E1B3F7200268A19 /* LuaHandler.cpp */,
				3CE3555E1E1B3F7200268A19 /* LuaHandler.h */,
			);
			name = Lua;
			sourceTree = "<group>";
		};
/* End PBXGroup section */

/* Begin PBXNativeTarget section */
		3CC81FE51D966770008C8B77 /* Dorothy */ = {
			isa = PBXNativeTarget;
			buildConfigurationList = 3CC81FFD1D966770008C8B77 /* Build configuration list for PBXNativeTarget "Dorothy" */;
			buildPhases = (
				3CC81FE21D966770008C8B77 /* Sources */,
				3CC81FE31D966770008C8B77 /* Frameworks */,
				3CC81FE41D966770008C8B77 /* Resources */,
			);
			buildRules = (
			);
			dependencies = (
			);
			name = Dorothy;
			productName = Dorothy;
			productReference = 3CC81FE61D966770008C8B77 /* Dorothy.app */;
			productType = "com.apple.product-type.application";
		};
/* End PBXNativeTarget section */

/* Begin PBXProject section */
		3CC81FDE1D966770008C8B77 /* Project object */ = {
			isa = PBXProject;
			attributes = {
				LastUpgradeCheck = 0800;
				ORGANIZATIONNAME = Dorothy;
				TargetAttributes = {
					3CC81FE51D966770008C8B77 = {
						CreatedOnToolsVersion = 7.3.1;
					};
				};
			};
			buildConfigurationList = 3CC81FE11D966770008C8B77 /* Build configuration list for PBXProject "Dorothy" */;
			compatibilityVersion = "Xcode 3.2";
			developmentRegion = English;
			hasScannedForEncodings = 0;
			knownRegions = (
				en,
				Base,
			);
			mainGroup = 3CC81FDD1D966770008C8B77;
			productRefGroup = 3CC81FE71D966770008C8B77 /* Products */;
			projectDirPath = "";
			projectRoot = "";
			targets = (
				3CC81FE51D966770008C8B77 /* Dorothy */,
			);
		};
/* End PBXProject section */

/* Begin PBXResourcesBuildPhase section */
		3CC81FE41D966770008C8B77 /* Resources */ = {
			isa = PBXResourcesBuildPhase;
			buildActionMask = 2147483647;
			files = (
				3CC81FF61D966770008C8B77 /* Assets.xcassets in Resources */,
				3CC54E9F1E03C71100462FD7 /* Script in Resources */,
			);
			runOnlyForDeploymentPostprocessing = 0;
		};
/* End PBXResourcesBuildPhase section */

/* Begin PBXSourcesBuildPhase section */
		3CC81FE21D966770008C8B77 /* Sources */ = {
			isa = PBXSourcesBuildPhase;
			buildActionMask = 2147483647;
			files = (
				3C7708331E08CB4300B38C2A /* LuaCode.cpp in Sources */,
				3CB487141E16398700D51749 /* tolua_fix.cpp in Sources */,
				3C7708321E08CB4300B38C2A /* LuaBinding.cpp in Sources */,
				3C38E6AC1E1513E5003E9189 /* Application.mm in Sources */,
				3CB487181E16398700D51749 /* tolua_to.cpp in Sources */,
				3C57A3A11E0A05AD002141DF /* Event.cpp in Sources */,
				3C0D399D1E1BA603007FEFC3 /* Color.cpp in Sources */,
				3CB487151E16398700D51749 /* tolua_is.cpp in Sources */,
				3C291D331E025A980098C860 /* AutoreleasePool.cpp in Sources */,
				3C57A3A31E0A05AD002141DF /* Listener.cpp in Sources */,
				3C3598321E1254D600E62C16 /* Async.cpp in Sources */,
				3CC54E9B1E03C09F00462FD7 /* zip.cpp in Sources */,
				3CC54E9A1E03C09F00462FD7 /* unzip.cpp in Sources */,
				3CB487171E16398700D51749 /* tolua_push.cpp in Sources */,
				3CB487161E16398700D51749 /* tolua_map.cpp in Sources */,
				3CB4871E1E16419800D51749 /* Geometry.cpp in Sources */,
				3C9ADE5A1E00F24200D42018 /* Object.cpp in Sources */,
				3CCEDD471E1D55BF00F32295 /* Utils.cpp in Sources */,
				3CE3555F1E1B3F7200268A19 /* LuaHandler.cpp in Sources */,
				3C374C571E09241600527752 /* Director.cpp in Sources */,
				3CB487131E16398700D51749 /* tolua_event.cpp in Sources */,
				3C35982D1E12060D00E62C16 /* Scheduler.cpp in Sources */,
				3C31CB9E1E02293E00A8079D /* Debug.cpp in Sources */,
				3C9ADE4C1E00EFD000D42018 /* Application.cpp in Sources */,
				3C291D4E1E0279990098C860 /* Content.cpp in Sources */,
				3C57A3A21E0A05AD002141DF /* EventType.cpp in Sources */,
				3C291D581E02932B0098C860 /* Content.mm in Sources */,
				3CC54EA21E03CA6C00462FD7 /* Slice.cpp in Sources */,
				3C78C9401E0CB1A2004D0A3C /* EventQueue.cpp in Sources */,
				3C0D39A01E1BA8FB007FEFC3 /* Array.cpp in Sources */,
				3CC54E9C1E03C09F00462FD7 /* ZipUtils.cpp in Sources */,
				3C291D361E02644A0098C860 /* LifeCycledSingleton.cpp in Sources */,
				3C77082E1E08C72900B38C2A /* LuaManual.cpp in Sources */,
				3CD029091E07D3C50016E1EC /* LuaEngine.cpp in Sources */,
				3CC54E991E03C09F00462FD7 /* ioapi.cpp in Sources */,
				3CB487061E1635A500D51749 /* Node.cpp in Sources */,
			);
			runOnlyForDeploymentPostprocessing = 0;
		};
/* End PBXSourcesBuildPhase section */

/* Begin XCBuildConfiguration section */
		3CC81FFB1D966770008C8B77 /* Debug */ = {
			isa = XCBuildConfiguration;
			buildSettings = {
				ALWAYS_SEARCH_USER_PATHS = NO;
				CLANG_ANALYZER_NONNULL = YES;
				CLANG_CXX_LANGUAGE_STANDARD = "gnu++0x";
				CLANG_CXX_LIBRARY = "libc++";
				CLANG_ENABLE_MODULES = YES;
				CLANG_ENABLE_OBJC_ARC = YES;
				CLANG_WARN_BOOL_CONVERSION = YES;
				CLANG_WARN_CONSTANT_CONVERSION = YES;
				CLANG_WARN_DIRECT_OBJC_ISA_USAGE = YES_ERROR;
				CLANG_WARN_EMPTY_BODY = YES;
				CLANG_WARN_ENUM_CONVERSION = YES;
				CLANG_WARN_INFINITE_RECURSION = YES;
				CLANG_WARN_INT_CONVERSION = YES;
				CLANG_WARN_OBJC_ROOT_CLASS = YES_ERROR;
				CLANG_WARN_SUSPICIOUS_MOVE = YES;
				CLANG_WARN_UNREACHABLE_CODE = YES;
				CLANG_WARN__DUPLICATE_METHOD_MATCH = YES;
				CODE_SIGN_IDENTITY = "-";
				COPY_PHASE_STRIP = NO;
				DEBUG_INFORMATION_FORMAT = "dwarf-with-dsym";
				ENABLE_STRICT_OBJC_MSGSEND = YES;
				ENABLE_TESTABILITY = YES;
				GCC_C_LANGUAGE_STANDARD = gnu99;
				GCC_DYNAMIC_NO_PIC = NO;
				GCC_NO_COMMON_BLOCKS = YES;
				GCC_OPTIMIZATION_LEVEL = 0;
				GCC_PREPROCESSOR_DEFINITIONS = (
					"DEBUG=1",
					"$(inherited)",
				);
				GCC_WARN_64_TO_32_BIT_CONVERSION = YES;
				GCC_WARN_ABOUT_RETURN_TYPE = YES_ERROR;
				GCC_WARN_UNDECLARED_SELECTOR = YES;
				GCC_WARN_UNINITIALIZED_AUTOS = YES_AGGRESSIVE;
				GCC_WARN_UNUSED_FUNCTION = YES;
				GCC_WARN_UNUSED_VARIABLE = YES;
				MACOSX_DEPLOYMENT_TARGET = 10.11;
				MTL_ENABLE_DEBUG_INFO = YES;
				ONLY_ACTIVE_ARCH = YES;
				OTHER_LDFLAGS = "";
				SDKROOT = macosx;
			};
			name = Debug;
		};
		3CC81FFC1D966770008C8B77 /* Release */ = {
			isa = XCBuildConfiguration;
			buildSettings = {
				ALWAYS_SEARCH_USER_PATHS = NO;
				CLANG_ANALYZER_NONNULL = YES;
				CLANG_CXX_LANGUAGE_STANDARD = "gnu++0x";
				CLANG_CXX_LIBRARY = "libc++";
				CLANG_ENABLE_MODULES = YES;
				CLANG_ENABLE_OBJC_ARC = YES;
				CLANG_WARN_BOOL_CONVERSION = YES;
				CLANG_WARN_CONSTANT_CONVERSION = YES;
				CLANG_WARN_DIRECT_OBJC_ISA_USAGE = YES_ERROR;
				CLANG_WARN_EMPTY_BODY = YES;
				CLANG_WARN_ENUM_CONVERSION = YES;
				CLANG_WARN_INFINITE_RECURSION = YES;
				CLANG_WARN_INT_CONVERSION = YES;
				CLANG_WARN_OBJC_ROOT_CLASS = YES_ERROR;
				CLANG_WARN_SUSPICIOUS_MOVE = YES;
				CLANG_WARN_UNREACHABLE_CODE = YES;
				CLANG_WARN__DUPLICATE_METHOD_MATCH = YES;
				CODE_SIGN_IDENTITY = "-";
				COPY_PHASE_STRIP = NO;
				DEBUG_INFORMATION_FORMAT = "dwarf-with-dsym";
				ENABLE_NS_ASSERTIONS = NO;
				ENABLE_STRICT_OBJC_MSGSEND = YES;
				GCC_C_LANGUAGE_STANDARD = gnu99;
				GCC_NO_COMMON_BLOCKS = YES;
				GCC_WARN_64_TO_32_BIT_CONVERSION = YES;
				GCC_WARN_ABOUT_RETURN_TYPE = YES_ERROR;
				GCC_WARN_UNDECLARED_SELECTOR = YES;
				GCC_WARN_UNINITIALIZED_AUTOS = YES_AGGRESSIVE;
				GCC_WARN_UNUSED_FUNCTION = YES;
				GCC_WARN_UNUSED_VARIABLE = YES;
				MACOSX_DEPLOYMENT_TARGET = 10.11;
				MTL_ENABLE_DEBUG_INFO = NO;
				OTHER_LDFLAGS = "";
				SDKROOT = macosx;
			};
			name = Release;
		};
		3CC81FFE1D966770008C8B77 /* Debug */ = {
			isa = XCBuildConfiguration;
			buildSettings = {
				ASSETCATALOG_COMPILER_APPICON_NAME = AppIcon;
				COMBINE_HIDPI_IMAGES = YES;
				DEBUG_INFORMATION_FORMAT = dwarf;
				GCC_INLINES_ARE_PRIVATE_EXTERN = NO;
				GCC_SYMBOLS_PRIVATE_EXTERN = YES;
				INFOPLIST_FILE = Dorothy/Info.plist;
				LD_RUNPATH_SEARCH_PATHS = "$(inherited) @executable_path/../Frameworks";
				LIBRARY_SEARCH_PATHS = (
					"$(SRCROOT)/../../Source/3rdParty/SDL2/Lib/macOS",
					"$(SRCROOT)/../../Source/3rdParty/BGFX/Lib/macOS",
					"$(SRCROOT)/../../Source/3rdParty/Lua/Lib/macOS",
				);
				MACOSX_DEPLOYMENT_TARGET = 10.12;
				OTHER_LDFLAGS = (
					"-pagezero_size",
					10000,
					"-image_base",
					100000000,
				);
				OTHER_LIBTOOLFLAGS = "";
				PRODUCT_BUNDLE_IDENTIFIER = Jin.Dorothy;
				PRODUCT_NAME = "$(TARGET_NAME)";
				USER_HEADER_SEARCH_PATHS = "$(SRCROOT)/../../Source $(SRCROOT)/../../Source/3rdParty $(SRCROOT)/../../Source/3rdParty/BGFX/Header $(SRCROOT)/../../Source/3rdParty/BGFX/Header/compat/osx $(SRCROOT)/../../Source/3rdParty/SDL2/Header $(SRCROOT)/../../Source/3rdParty/Lua/Header $(SRCROOT)/../../Source/3rdParty/Zip";
				VALID_ARCHS = "i386 x86_64";
			};
			name = Debug;
		};
		3CC81FFF1D966770008C8B77 /* Release */ = {
			isa = XCBuildConfiguration;
			buildSettings = {
				ASSETCATALOG_COMPILER_APPICON_NAME = AppIcon;
				COMBINE_HIDPI_IMAGES = YES;
				DEBUG_INFORMATION_FORMAT = dwarf;
				GCC_INLINES_ARE_PRIVATE_EXTERN = NO;
				GCC_SYMBOLS_PRIVATE_EXTERN = YES;
				INFOPLIST_FILE = Dorothy/Info.plist;
				LD_RUNPATH_SEARCH_PATHS = "$(inherited) @executable_path/../Frameworks";
				LIBRARY_SEARCH_PATHS = (
					"$(SRCROOT)/../../Source/3rdParty/SDL2/Lib/macOS",
					"$(SRCROOT)/../../Source/3rdParty/BGFX/Lib/macOS",
					"$(SRCROOT)/../../Source/3rdParty/Lua/Lib/macOS",
				);
				MACOSX_DEPLOYMENT_TARGET = 10.12;
				OTHER_LDFLAGS = (
					"-pagezero_size",
					10000,
					"-image_base",
					100000000,
				);
				OTHER_LIBTOOLFLAGS = "";
				PRODUCT_BUNDLE_IDENTIFIER = Jin.Dorothy;
				PRODUCT_NAME = "$(TARGET_NAME)";
				USER_HEADER_SEARCH_PATHS = "$(SRCROOT)/../../Source $(SRCROOT)/../../Source/3rdParty $(SRCROOT)/../../Source/3rdParty/BGFX/Header $(SRCROOT)/../../Source/3rdParty/BGFX/Header/compat/osx $(SRCROOT)/../../Source/3rdParty/SDL2/Header $(SRCROOT)/../../Source/3rdParty/Lua/Header $(SRCROOT)/../../Source/3rdParty/Zip";
				VALID_ARCHS = "i386 x86_64";
			};
			name = Release;
		};
/* End XCBuildConfiguration section */

/* Begin XCConfigurationList section */
		3CC81FE11D966770008C8B77 /* Build configuration list for PBXProject "Dorothy" */ = {
			isa = XCConfigurationList;
			buildConfigurations = (
				3CC81FFB1D966770008C8B77 /* Debug */,
				3CC81FFC1D966770008C8B77 /* Release */,
			);
			defaultConfigurationIsVisible = 0;
			defaultConfigurationName = Release;
		};
		3CC81FFD1D966770008C8B77 /* Build configuration list for PBXNativeTarget "Dorothy" */ = {
			isa = XCConfigurationList;
			buildConfigurations = (
				3CC81FFE1D966770008C8B77 /* Debug */,
				3CC81FFF1D966770008C8B77 /* Release */,
			);
			defaultConfigurationIsVisible = 0;
			defaultConfigurationName = Release;
		};
/* End XCConfigurationList section */
	};
	rootObject = 3CC81FDE1D966770008C8B77 /* Project object */;
}
