// !$*UTF8*$!
{
	archiveVersion = 1;
	classes = {
	};
	objectVersion = 46;
	objects = {

/* Begin PBXBuildFile section */
		3C58D2361A207A410051AADE /* tolua.c in Sources */ = {isa = PBXBuildFile; fileRef = 3C58D2301A207A410051AADE /* tolua.c */; };
		3C58D2381A207A410051AADE /* toluabind.c in Sources */ = {isa = PBXBuildFile; fileRef = 3C58D2341A207A410051AADE /* toluabind.c */; };
		3C58D2411A207F390051AADE /* tolua_event.c in Sources */ = {isa = PBXBuildFile; fileRef = 3C58D23B1A207F390051AADE /* tolua_event.c */; };
		3C58D2421A207F390051AADE /* tolua_is.c in Sources */ = {isa = PBXBuildFile; fileRef = 3C58D23D1A207F390051AADE /* tolua_is.c */; };
		3C58D2431A207F390051AADE /* tolua_map.c in Sources */ = {isa = PBXBuildFile; fileRef = 3C58D23E1A207F390051AADE /* tolua_map.c */; };
		3C58D2441A207F390051AADE /* tolua_push.c in Sources */ = {isa = PBXBuildFile; fileRef = 3C58D23F1A207F390051AADE /* tolua_push.c */; };
		3C58D2451A207F390051AADE /* tolua_to.c in Sources */ = {isa = PBXBuildFile; fileRef = 3C58D2401A207F390051AADE /* tolua_to.c */; };
		3C6411F921D48041000D3968 /* libluajit.a in Frameworks */ = {isa = PBXBuildFile; fileRef = 3C6411F821D48041000D3968 /* libluajit.a */; };
		3C6411FC21D4AA93000D3968 /* lfs.c in Sources */ = {isa = PBXBuildFile; fileRef = 3C6411FA21D4AA93000D3968 /* lfs.c */; };
/* End PBXBuildFile section */

/* Begin PBXCopyFilesBuildPhase section */
		3C58D2201A207A150051AADE /* CopyFiles */ = {
			isa = PBXCopyFilesBuildPhase;
			buildActionMask = 2147483647;
			dstPath = /usr/share/man/man1/;
			dstSubfolderSpec = 0;
			files = (
			);
			runOnlyForDeploymentPostprocessing = 1;
		};
/* End PBXCopyFilesBuildPhase section */

/* Begin PBXFileReference section */
		3C58D2221A207A150051AADE /* tolua++ */ = {isa = PBXFileReference; explicitFileType = "compiled.mach-o.executable"; includeInIndex = 0; path = "tolua++"; sourceTree = BUILT_PRODUCTS_DIR; };
		3C58D22C1A207A410051AADE /* lauxlib.h */ = {isa = PBXFileReference; fileEncoding = 4; lastKnownFileType = sourcecode.c.h; path = lauxlib.h; sourceTree = "<group>"; };
		3C58D22D1A207A410051AADE /* lua.h */ = {isa = PBXFileReference; fileEncoding = 4; lastKnownFileType = sourcecode.c.h; path = lua.h; sourceTree = "<group>"; };
		3C58D22E1A207A410051AADE /* luaconf.h */ = {isa = PBXFileReference; fileEncoding = 4; lastKnownFileType = sourcecode.c.h; path = luaconf.h; sourceTree = "<group>"; };
		3C58D22F1A207A410051AADE /* lualib.h */ = {isa = PBXFileReference; fileEncoding = 4; lastKnownFileType = sourcecode.c.h; path = lualib.h; sourceTree = "<group>"; };
		3C58D2301A207A410051AADE /* tolua.c */ = {isa = PBXFileReference; fileEncoding = 4; lastKnownFileType = sourcecode.c.c; path = tolua.c; sourceTree = "<group>"; };
		3C58D2311A207A410051AADE /* tolua++.h */ = {isa = PBXFileReference; fileEncoding = 4; lastKnownFileType = sourcecode.c.h; path = "tolua++.h"; sourceTree = "<group>"; };
		3C58D2341A207A410051AADE /* toluabind.c */ = {isa = PBXFileReference; fileEncoding = 4; lastKnownFileType = sourcecode.c.c; path = toluabind.c; sourceTree = "<group>"; };
		3C58D23B1A207F390051AADE /* tolua_event.c */ = {isa = PBXFileReference; fileEncoding = 4; lastKnownFileType = sourcecode.c.c; path = tolua_event.c; sourceTree = "<group>"; };
		3C58D23C1A207F390051AADE /* tolua_event.h */ = {isa = PBXFileReference; fileEncoding = 4; lastKnownFileType = sourcecode.c.h; path = tolua_event.h; sourceTree = "<group>"; };
		3C58D23D1A207F390051AADE /* tolua_is.c */ = {isa = PBXFileReference; fileEncoding = 4; lastKnownFileType = sourcecode.c.c; path = tolua_is.c; sourceTree = "<group>"; };
		3C58D23E1A207F390051AADE /* tolua_map.c */ = {isa = PBXFileReference; fileEncoding = 4; lastKnownFileType = sourcecode.c.c; path = tolua_map.c; sourceTree = "<group>"; };
		3C58D23F1A207F390051AADE /* tolua_push.c */ = {isa = PBXFileReference; fileEncoding = 4; lastKnownFileType = sourcecode.c.c; path = tolua_push.c; sourceTree = "<group>"; };
		3C58D2401A207F390051AADE /* tolua_to.c */ = {isa = PBXFileReference; fileEncoding = 4; lastKnownFileType = sourcecode.c.c; path = tolua_to.c; sourceTree = "<group>"; };
		3C6411F821D48041000D3968 /* libluajit.a */ = {isa = PBXFileReference; lastKnownFileType = archive.ar; path = libluajit.a; sourceTree = "<group>"; };
		3C6411FA21D4AA93000D3968 /* lfs.c */ = {isa = PBXFileReference; fileEncoding = 4; lastKnownFileType = sourcecode.c.c; path = lfs.c; sourceTree = "<group>"; };
		3C6411FB21D4AA93000D3968 /* lfs.h */ = {isa = PBXFileReference; fileEncoding = 4; lastKnownFileType = sourcecode.c.h; path = lfs.h; sourceTree = "<group>"; };
/* End PBXFileReference section */

/* Begin PBXFrameworksBuildPhase section */
		3C58D21F1A207A150051AADE /* Frameworks */ = {
			isa = PBXFrameworksBuildPhase;
			buildActionMask = 2147483647;
			files = (
				3C6411F921D48041000D3968 /* libluajit.a in Frameworks */,
			);
			runOnlyForDeploymentPostprocessing = 0;
		};
/* End PBXFrameworksBuildPhase section */

/* Begin PBXGroup section */
		3C58D2191A207A150051AADE = {
			isa = PBXGroup;
			children = (
				3C58D2241A207A150051AADE /* tolua++ */,
				3C58D2231A207A150051AADE /* Products */,
			);
			sourceTree = "<group>";
		};
		3C58D2231A207A150051AADE /* Products */ = {
			isa = PBXGroup;
			children = (
				3C58D2221A207A150051AADE /* tolua++ */,
			);
			name = Products;
			sourceTree = "<group>";
		};
		3C58D2241A207A150051AADE /* tolua++ */ = {
			isa = PBXGroup;
			children = (
				3C6411FA21D4AA93000D3968 /* lfs.c */,
				3C6411FB21D4AA93000D3968 /* lfs.h */,
				3C6411F821D48041000D3968 /* libluajit.a */,
				3C58D23B1A207F390051AADE /* tolua_event.c */,
				3C58D23C1A207F390051AADE /* tolua_event.h */,
				3C58D23D1A207F390051AADE /* tolua_is.c */,
				3C58D23E1A207F390051AADE /* tolua_map.c */,
				3C58D23F1A207F390051AADE /* tolua_push.c */,
				3C58D2401A207F390051AADE /* tolua_to.c */,
				3C58D22C1A207A410051AADE /* lauxlib.h */,
				3C58D22D1A207A410051AADE /* lua.h */,
				3C58D22E1A207A410051AADE /* luaconf.h */,
				3C58D22F1A207A410051AADE /* lualib.h */,
				3C58D2301A207A410051AADE /* tolua.c */,
				3C58D2311A207A410051AADE /* tolua++.h */,
				3C58D2341A207A410051AADE /* toluabind.c */,
			);
			path = "tolua++";
			sourceTree = "<group>";
		};
/* End PBXGroup section */

/* Begin PBXNativeTarget section */
		3C58D2211A207A150051AADE /* tolua++ */ = {
			isa = PBXNativeTarget;
			buildConfigurationList = 3C58D2291A207A150051AADE /* Build configuration list for PBXNativeTarget "tolua++" */;
			buildPhases = (
				3C58D21E1A207A150051AADE /* Sources */,
				3C58D21F1A207A150051AADE /* Frameworks */,
				3C58D2201A207A150051AADE /* CopyFiles */,
			);
			buildRules = (
			);
			dependencies = (
			);
			name = "tolua++";
			productName = "tolua++";
			productReference = 3C58D2221A207A150051AADE /* tolua++ */;
			productType = "com.apple.product-type.tool";
		};
/* End PBXNativeTarget section */

/* Begin PBXProject section */
		3C58D21A1A207A150051AADE /* Project object */ = {
			isa = PBXProject;
			attributes = {
				LastUpgradeCheck = 1010;
				ORGANIZATIONNAME = "Li Jin";
				TargetAttributes = {
					3C58D2211A207A150051AADE = {
						CreatedOnToolsVersion = 6.1;
					};
				};
			};
			buildConfigurationList = 3C58D21D1A207A150051AADE /* Build configuration list for PBXProject "tolua++" */;
			compatibilityVersion = "Xcode 3.2";
			developmentRegion = English;
			hasScannedForEncodings = 0;
			knownRegions = (
				en,
			);
			mainGroup = 3C58D2191A207A150051AADE;
			productRefGroup = 3C58D2231A207A150051AADE /* Products */;
			projectDirPath = "";
			projectRoot = "";
			targets = (
				3C58D2211A207A150051AADE /* tolua++ */,
			);
		};
/* End PBXProject section */

/* Begin PBXSourcesBuildPhase section */
		3C58D21E1A207A150051AADE /* Sources */ = {
			isa = PBXSourcesBuildPhase;
			buildActionMask = 2147483647;
			files = (
				3C58D2411A207F390051AADE /* tolua_event.c in Sources */,
				3C58D2361A207A410051AADE /* tolua.c in Sources */,
				3C58D2381A207A410051AADE /* toluabind.c in Sources */,
				3C6411FC21D4AA93000D3968 /* lfs.c in Sources */,
				3C58D2451A207F390051AADE /* tolua_to.c in Sources */,
				3C58D2441A207F390051AADE /* tolua_push.c in Sources */,
				3C58D2431A207F390051AADE /* tolua_map.c in Sources */,
				3C58D2421A207F390051AADE /* tolua_is.c in Sources */,
			);
			runOnlyForDeploymentPostprocessing = 0;
		};
/* End PBXSourcesBuildPhase section */

/* Begin XCBuildConfiguration section */
		3C58D2271A207A150051AADE /* Debug */ = {
			isa = XCBuildConfiguration;
			buildSettings = {
				ALWAYS_SEARCH_USER_PATHS = NO;
				CLANG_CXX_LANGUAGE_STANDARD = "gnu++0x";
				CLANG_CXX_LIBRARY = "libc++";
				CLANG_ENABLE_MODULES = YES;
				CLANG_ENABLE_OBJC_ARC = YES;
				CLANG_WARN_BLOCK_CAPTURE_AUTORELEASING = YES;
				CLANG_WARN_BOOL_CONVERSION = YES;
				CLANG_WARN_COMMA = YES;
				CLANG_WARN_CONSTANT_CONVERSION = YES;
				CLANG_WARN_DEPRECATED_OBJC_IMPLEMENTATIONS = YES;
				CLANG_WARN_DIRECT_OBJC_ISA_USAGE = YES_ERROR;
				CLANG_WARN_EMPTY_BODY = YES;
				CLANG_WARN_ENUM_CONVERSION = YES;
				CLANG_WARN_INFINITE_RECURSION = YES;
				CLANG_WARN_INT_CONVERSION = YES;
				CLANG_WARN_NON_LITERAL_NULL_CONVERSION = YES;
				CLANG_WARN_OBJC_IMPLICIT_RETAIN_SELF = YES;
				CLANG_WARN_OBJC_LITERAL_CONVERSION = YES;
				CLANG_WARN_OBJC_ROOT_CLASS = YES_ERROR;
				CLANG_WARN_RANGE_LOOP_ANALYSIS = YES;
				CLANG_WARN_STRICT_PROTOTYPES = YES;
				CLANG_WARN_SUSPICIOUS_MOVE = YES;
				CLANG_WARN_UNREACHABLE_CODE = YES;
				CLANG_WARN__DUPLICATE_METHOD_MATCH = YES;
				COPY_PHASE_STRIP = NO;
				ENABLE_STRICT_OBJC_MSGSEND = YES;
				ENABLE_TESTABILITY = YES;
				GCC_C_LANGUAGE_STANDARD = gnu99;
				GCC_DYNAMIC_NO_PIC = NO;
				GCC_NO_COMMON_BLOCKS = YES;
				GCC_OPTIMIZATION_LEVEL = 0;
				GCC_PREPROCESSOR_DEFINITIONS = (
					"DEBUG=1",
					"$(inherited)",
				);
				GCC_SYMBOLS_PRIVATE_EXTERN = NO;
				GCC_WARN_64_TO_32_BIT_CONVERSION = YES;
				GCC_WARN_ABOUT_RETURN_TYPE = YES_ERROR;
				GCC_WARN_UNDECLARED_SELECTOR = YES;
				GCC_WARN_UNINITIALIZED_AUTOS = YES_AGGRESSIVE;
				GCC_WARN_UNUSED_FUNCTION = YES;
				GCC_WARN_UNUSED_VARIABLE = YES;
				MACOSX_DEPLOYMENT_TARGET = 10.10;
				MTL_ENABLE_DEBUG_INFO = YES;
				ONLY_ACTIVE_ARCH = YES;
				SDKROOT = macosx;
			};
			name = Debug;
		};
		3C58D2281A207A150051AADE /* Release */ = {
			isa = XCBuildConfiguration;
			buildSettings = {
				ALWAYS_SEARCH_USER_PATHS = NO;
				CLANG_CXX_LANGUAGE_STANDARD = "gnu++0x";
				CLANG_CXX_LIBRARY = "libc++";
				CLANG_ENABLE_MODULES = YES;
				CLANG_ENABLE_OBJC_ARC = YES;
				CLANG_WARN_BLOCK_CAPTURE_AUTORELEASING = YES;
				CLANG_WARN_BOOL_CONVERSION = YES;
				CLANG_WARN_COMMA = YES;
				CLANG_WARN_CONSTANT_CONVERSION = YES;
				CLANG_WARN_DEPRECATED_OBJC_IMPLEMENTATIONS = YES;
				CLANG_WARN_DIRECT_OBJC_ISA_USAGE = YES_ERROR;
				CLANG_WARN_EMPTY_BODY = YES;
				CLANG_WARN_ENUM_CONVERSION = YES;
				CLANG_WARN_INFINITE_RECURSION = YES;
				CLANG_WARN_INT_CONVERSION = YES;
				CLANG_WARN_NON_LITERAL_NULL_CONVERSION = YES;
				CLANG_WARN_OBJC_IMPLICIT_RETAIN_SELF = YES;
				CLANG_WARN_OBJC_LITERAL_CONVERSION = YES;
				CLANG_WARN_OBJC_ROOT_CLASS = YES_ERROR;
				CLANG_WARN_RANGE_LOOP_ANALYSIS = YES;
				CLANG_WARN_STRICT_PROTOTYPES = YES;
				CLANG_WARN_SUSPICIOUS_MOVE = YES;
				CLANG_WARN_UNREACHABLE_CODE = YES;
				CLANG_WARN__DUPLICATE_METHOD_MATCH = YES;
				COPY_PHASE_STRIP = YES;
				DEBUG_INFORMATION_FORMAT = "dwarf-with-dsym";
				ENABLE_NS_ASSERTIONS = NO;
				ENABLE_STRICT_OBJC_MSGSEND = YES;
				GCC_C_LANGUAGE_STANDARD = gnu99;
				GCC_NO_COMMON_BLOCKS = YES;
				GCC_WARN_64_TO_32_BIT_CONVERSION = YES;
				GCC_WARN_ABOUT_RETURN_TYPE = YES_ERROR;
				GCC_WARN_UNDECLARED_SELECTOR = YES;
				GCC_WARN_UNINITIALIZED_AUTOS = YES_AGGRESSIVE;
				GCC_WARN_UNUSED_FUNCTION = YES;
				GCC_WARN_UNUSED_VARIABLE = YES;
				MACOSX_DEPLOYMENT_TARGET = 10.10;
				MTL_ENABLE_DEBUG_INFO = NO;
				SDKROOT = macosx;
			};
			name = Release;
		};
		3C58D22A1A207A150051AADE /* Debug */ = {
			isa = XCBuildConfiguration;
			buildSettings = {
				LIBRARY_SEARCH_PATHS = (
					"$(inherited)",
					"$(PROJECT_DIR)/tolua++",
				);
				ONLY_ACTIVE_ARCH = YES;
				OTHER_LDFLAGS = (
					"-pagezero_size",
					10000,
					"-image_base",
					100000000,
				);
				PRODUCT_NAME = "$(TARGET_NAME)";
				VALID_ARCHS = x86_64;
			};
			name = Debug;
		};
		3C58D22B1A207A150051AADE /* Release */ = {
			isa = XCBuildConfiguration;
			buildSettings = {
				LIBRARY_SEARCH_PATHS = (
					"$(inherited)",
					"$(PROJECT_DIR)/tolua++",
				);
				ONLY_ACTIVE_ARCH = NO;
				OTHER_LDFLAGS = (
					"-pagezero_size",
					10000,
					"-image_base",
					100000000,
				);
				PRODUCT_NAME = "$(TARGET_NAME)";
				VALID_ARCHS = x86_64;
			};
			name = Release;
		};
/* End XCBuildConfiguration section */

/* Begin XCConfigurationList section */
		3C58D21D1A207A150051AADE /* Build configuration list for PBXProject "tolua++" */ = {
			isa = XCConfigurationList;
			buildConfigurations = (
				3C58D2271A207A150051AADE /* Debug */,
				3C58D2281A207A150051AADE /* Release */,
			);
			defaultConfigurationIsVisible = 0;
			defaultConfigurationName = Release;
		};
		3C58D2291A207A150051AADE /* Build configuration list for PBXNativeTarget "tolua++" */ = {
			isa = XCConfigurationList;
			buildConfigurations = (
				3C58D22A1A207A150051AADE /* Debug */,
				3C58D22B1A207A150051AADE /* Release */,
			);
			defaultConfigurationIsVisible = 0;
			defaultConfigurationName = Release;
		};
/* End XCConfigurationList section */
	};
	rootObject = 3C58D21A1A207A150051AADE /* Project object */;
}
