# This file is automatically @generated by Cargo.
# It is not intended for manual editing.
version = 3

[[package]]
name = "dora"
version = "0.1.0"
dependencies = [
 "once_cell",
 "paste",
]

[[package]]
name = "once_cell"
version = "1.12.0"
source = "registry+https://github.com/rust-lang/crates.io-index"
checksum = "7709cef83f0c1f58f666e746a08b21e0085f7440fa6a29cc194d68aac97a4225"

[[package]]
name = "paste"
version = "1.0.7"
source = "registry+https://github.com/rust-lang/crates.io-index"
checksum = "0c520e05135d6e763148b6426a837e239041653ba7becd2e538c076c738025fc"
